// !$*UTF8*$!
{
	archiveVersion = 1;
	classes = {
	};
	objectVersion = 46;
	objects = {

/* Begin PBXBuildFile section */
		446C359921181F80005BDE71 /* PursuitDayTableViewCell.swift in Sources */ = {isa = PBXBuildFile; fileRef = 446C359821181F80005BDE71 /* PursuitDayTableViewCell.swift */; };
		D7D62EB1644EAE38883D89C8 /* Pods_Inpursuit.framework in Frameworks */ = {isa = PBXBuildFile; fileRef = CC0F52DE2340CAE1A5BAC9DE /* Pods_Inpursuit.framework */; };
		E600427C21AE31D40085D445 /* CaptureResponseView.swift in Sources */ = {isa = PBXBuildFile; fileRef = E600427B21AE31D40085D445 /* CaptureResponseView.swift */; };
		E604732D219F6543006F22AB /* CreateDetail.swift in Sources */ = {isa = PBXBuildFile; fileRef = E604732C219F6543006F22AB /* CreateDetail.swift */; };
		E604733121A0DD62006F22AB /* Feed.swift in Sources */ = {isa = PBXBuildFile; fileRef = E604733021A0DD62006F22AB /* Feed.swift */; };
		E60B0836200513FE003F6B70 /* BioInputTextView.swift in Sources */ = {isa = PBXBuildFile; fileRef = E60B0835200513FE003F6B70 /* BioInputTextView.swift */; };
		E60D52F521E5922200C7BB45 /* StepIndicatorView.swift in Sources */ = {isa = PBXBuildFile; fileRef = E60D52F421E5922200C7BB45 /* StepIndicatorView.swift */; };
		E60EB26720460DB8006E4F1A /* FollowingCells.swift in Sources */ = {isa = PBXBuildFile; fileRef = E60EB26620460DB8006E4F1A /* FollowingCells.swift */; };
		E60EB269204616D8006E4F1A /* FriendsController.swift in Sources */ = {isa = PBXBuildFile; fileRef = E60EB268204616D8006E4F1A /* FriendsController.swift */; };
		E60EB26B204617B5006E4F1A /* FriendsCells.swift in Sources */ = {isa = PBXBuildFile; fileRef = E60EB26A204617B5006E4F1A /* FriendsCells.swift */; };
		E6136EA31F968EAB00E29101 /* PostDetailController.swift in Sources */ = {isa = PBXBuildFile; fileRef = E6136EA21F968EAB00E29101 /* PostDetailController.swift */; };
		E615572421BEDFE10048C392 /* GoogleService-Info.plist in Resources */ = {isa = PBXBuildFile; fileRef = E615572321BEDFE10048C392 /* GoogleService-Info.plist */; };
		E61692441FD64544008BF11D /* ForgotController.swift in Sources */ = {isa = PBXBuildFile; fileRef = E61692431FD64544008BF11D /* ForgotController.swift */; };
		E617BB171FD8874B008B2EA1 /* SwipingController.swift in Sources */ = {isa = PBXBuildFile; fileRef = E617BB161FD8874B008B2EA1 /* SwipingController.swift */; };
		E617BB191FD88775008B2EA1 /* PageCell.swift in Sources */ = {isa = PBXBuildFile; fileRef = E617BB181FD88775008B2EA1 /* PageCell.swift */; };
		E61A41B01F952C0D002F4045 /* PostResponsesCell.swift in Sources */ = {isa = PBXBuildFile; fileRef = E61A41AF1F952C0D002F4045 /* PostResponsesCell.swift */; };
		E61A70E220E182D600EB69D8 /* TeamList.swift in Sources */ = {isa = PBXBuildFile; fileRef = E61A70E120E182D600EB69D8 /* TeamList.swift */; };
		E61A70E420E1832900EB69D8 /* TeamCells.swift in Sources */ = {isa = PBXBuildFile; fileRef = E61A70E320E1832900EB69D8 /* TeamCells.swift */; };
		E622658221CCA3B500DC2C27 /* HomeConflictCell.swift in Sources */ = {isa = PBXBuildFile; fileRef = E622658121CCA3B500DC2C27 /* HomeConflictCell.swift */; };
		E622658421CCA3EB00DC2C27 /* HomeConflict.swift in Sources */ = {isa = PBXBuildFile; fileRef = E622658321CCA3EB00DC2C27 /* HomeConflict.swift */; };
		E622658621CCA90100DC2C27 /* HomeUserCell.swift in Sources */ = {isa = PBXBuildFile; fileRef = E622658521CCA90100DC2C27 /* HomeUserCell.swift */; };
		E622658821CCA92600DC2C27 /* HomeUser.swift in Sources */ = {isa = PBXBuildFile; fileRef = E622658721CCA92600DC2C27 /* HomeUser.swift */; };
		E6234E962044719C00A57A2C /* CustomSettingsView.swift in Sources */ = {isa = PBXBuildFile; fileRef = E6234E952044719C00A57A2C /* CustomSettingsView.swift */; };
		E6234E98204478E700A57A2C /* CustomLogOutView.swift in Sources */ = {isa = PBXBuildFile; fileRef = E6234E97204478E700A57A2C /* CustomLogOutView.swift */; };
		E6234E9C2044F93F00A57A2C /* AVPlayer+isPlaying.swift in Sources */ = {isa = PBXBuildFile; fileRef = E6234E9B2044F93F00A57A2C /* AVPlayer+isPlaying.swift */; };
		E6234E9E2044F96B00A57A2C /* AssetSelectionViewController.swift in Sources */ = {isa = PBXBuildFile; fileRef = E6234E9D2044F96B00A57A2C /* AssetSelectionViewController.swift */; };
		E6235EA81F94208F00BF1FDE /* PostResponses.swift in Sources */ = {isa = PBXBuildFile; fileRef = E6235EA71F94208F00BF1FDE /* PostResponses.swift */; };
		E623DBED2177B531008DDE64 /* CustomTryPopover.swift in Sources */ = {isa = PBXBuildFile; fileRef = E623DBEC2177B531008DDE64 /* CustomTryPopover.swift */; };
		E623DBEF2177B578008DDE64 /* CustomMorePopover.swift in Sources */ = {isa = PBXBuildFile; fileRef = E623DBEE2177B578008DDE64 /* CustomMorePopover.swift */; };
		E623DBF12177F34A008DDE64 /* SavePopoverCells.swift in Sources */ = {isa = PBXBuildFile; fileRef = E623DBF02177F34A008DDE64 /* SavePopoverCells.swift */; };
		E628F2EA2035D978002FE8CF /* SearchUsers.swift in Sources */ = {isa = PBXBuildFile; fileRef = E628F2E92035D978002FE8CF /* SearchUsers.swift */; };
		E628F2EE2035D98A002FE8CF /* SearchPosts.swift in Sources */ = {isa = PBXBuildFile; fileRef = E628F2ED2035D98A002FE8CF /* SearchPosts.swift */; };
		E6299B9F2077139900B59061 /* EmailCell.swift in Sources */ = {isa = PBXBuildFile; fileRef = E6299B9E2077139900B59061 /* EmailCell.swift */; };
		E6299BA1207713EC00B59061 /* NameCell.swift in Sources */ = {isa = PBXBuildFile; fileRef = E6299BA0207713EC00B59061 /* NameCell.swift */; };
		E6299BA32077143500B59061 /* UsernameCell.swift in Sources */ = {isa = PBXBuildFile; fileRef = E6299BA22077143500B59061 /* UsernameCell.swift */; };
		E6299BA52077149100B59061 /* PasswordCell.swift in Sources */ = {isa = PBXBuildFile; fileRef = E6299BA42077149100B59061 /* PasswordCell.swift */; };
		E6299BA72077150400B59061 /* ProfilePictureCell.swift in Sources */ = {isa = PBXBuildFile; fileRef = E6299BA62077150400B59061 /* ProfilePictureCell.swift */; };
		E62AAB171FD0A2D10053EAD7 /* EditProfileController.swift in Sources */ = {isa = PBXBuildFile; fileRef = E62AAB161FD0A2D10053EAD7 /* EditProfileController.swift */; };
		E62AAB1B1FD0A54D0053EAD7 /* TermsController.swift in Sources */ = {isa = PBXBuildFile; fileRef = E62AAB1A1FD0A54D0053EAD7 /* TermsController.swift */; };
		E62AAB1D1FD0A5D30053EAD7 /* PolicyController.swift in Sources */ = {isa = PBXBuildFile; fileRef = E62AAB1C1FD0A5D30053EAD7 /* PolicyController.swift */; };
		E62C1C06205113AA00781FF1 /* Follower.swift in Sources */ = {isa = PBXBuildFile; fileRef = E62C1C05205113AA00781FF1 /* Follower.swift */; };
		E62E29A62152A32B00139483 /* CreateInterests.swift in Sources */ = {isa = PBXBuildFile; fileRef = E62E29A52152A32B00139483 /* CreateInterests.swift */; };
		E62E29A82152BBF500139483 /* CreateTeamCells.swift in Sources */ = {isa = PBXBuildFile; fileRef = E62E29A72152BBF500139483 /* CreateTeamCells.swift */; };
		E62E29B62155DD7900139483 /* KeyPost.swift in Sources */ = {isa = PBXBuildFile; fileRef = E62E29B52155DD7900139483 /* KeyPost.swift */; };
		E62E29BA2156B3C600139483 /* KeyPostCells.swift in Sources */ = {isa = PBXBuildFile; fileRef = E62E29B92156B3C600139483 /* KeyPostCells.swift */; };
		E638791C219395FD0046FF95 /* Added.swift in Sources */ = {isa = PBXBuildFile; fileRef = E638791B219395FD0046FF95 /* Added.swift */; };
		E638791E21939A370046FF95 /* Engagements.swift in Sources */ = {isa = PBXBuildFile; fileRef = E638791D21939A370046FF95 /* Engagements.swift */; };
		E6389A00206C1A7E007055A4 /* Home.swift in Sources */ = {isa = PBXBuildFile; fileRef = E63899FF206C1A7E007055A4 /* Home.swift */; };
		E6389A02206C1AD9007055A4 /* HomePostContent.swift in Sources */ = {isa = PBXBuildFile; fileRef = E6389A01206C1AD9007055A4 /* HomePostContent.swift */; };
		E639806C20490B550049A71B /* InviteController.swift in Sources */ = {isa = PBXBuildFile; fileRef = E639806B20490B550049A71B /* InviteController.swift */; };
		E639806E20490E920049A71B /* Contacts.swift in Sources */ = {isa = PBXBuildFile; fileRef = E639806D20490E920049A71B /* Contacts.swift */; };
		E6398070204911D80049A71B /* InviteCell.swift in Sources */ = {isa = PBXBuildFile; fileRef = E639806F204911D80049A71B /* InviteCell.swift */; };
		E639807F204DD63D0049A71B /* HomeServices.swift in Sources */ = {isa = PBXBuildFile; fileRef = E639807E204DD63D0049A71B /* HomeServices.swift */; };
		E6398081204DD6780049A71B /* ExploreServices.swift in Sources */ = {isa = PBXBuildFile; fileRef = E6398080204DD6780049A71B /* ExploreServices.swift */; };
		E6398083204DD6B60049A71B /* CreateServices.swift in Sources */ = {isa = PBXBuildFile; fileRef = E6398082204DD6B60049A71B /* CreateServices.swift */; };
		E6398085204DD6DF0049A71B /* ProfileServices.swift in Sources */ = {isa = PBXBuildFile; fileRef = E6398084204DD6DF0049A71B /* ProfileServices.swift */; };
		E6398087204DD7240049A71B /* InterestServices.swift in Sources */ = {isa = PBXBuildFile; fileRef = E6398086204DD7240049A71B /* InterestServices.swift */; };
		E639808B204DD9B00049A71B /* EngagementServices.swift in Sources */ = {isa = PBXBuildFile; fileRef = E639808A204DD9B00049A71B /* EngagementServices.swift */; };
		E639808D204DF3D40049A71B /* Notifications.swift in Sources */ = {isa = PBXBuildFile; fileRef = E639808C204DF3D40049A71B /* Notifications.swift */; };
		E63CEB4E20EACAC000FFDEF3 /* PursuitDay.swift in Sources */ = {isa = PBXBuildFile; fileRef = E63CEB4D20EACAC000FFDEF3 /* PursuitDay.swift */; };
		E63CEB5020EACEC100FFDEF3 /* DayLabelCell.swift in Sources */ = {isa = PBXBuildFile; fileRef = E63CEB4F20EACEC100FFDEF3 /* DayLabelCell.swift */; };
		E63CEB6220ED60D500FFDEF3 /* Utility.swift in Sources */ = {isa = PBXBuildFile; fileRef = E63CEB6120ED60D500FFDEF3 /* Utility.swift */; };
		E64324B51F79A47F0090075F /* CardView.swift in Sources */ = {isa = PBXBuildFile; fileRef = E64324B41F79A47F0090075F /* CardView.swift */; };
		E65F1E521FCCBE5000BD850E /* HomeController.swift in Sources */ = {isa = PBXBuildFile; fileRef = E65F1E511FCCBE5000BD850E /* HomeController.swift */; };
		E65F1E561FCCC7BF00BD850E /* ProfileController.swift in Sources */ = {isa = PBXBuildFile; fileRef = E65F1E551FCCC7BF00BD850E /* ProfileController.swift */; };
		E667067720ED6D9B001A8E8E /* Lato-Bold.ttf in Resources */ = {isa = PBXBuildFile; fileRef = E667066C20ED6D9B001A8E8E /* Lato-Bold.ttf */; };
		E667067820ED6D9B001A8E8E /* Lato-Black.ttf in Resources */ = {isa = PBXBuildFile; fileRef = E667066D20ED6D9B001A8E8E /* Lato-Black.ttf */; };
		E667067D20ED6D9B001A8E8E /* OFL.txt in Resources */ = {isa = PBXBuildFile; fileRef = E667067220ED6D9B001A8E8E /* OFL.txt */; };
		E667068120ED6F04001A8E8E /* Lato-Thin.ttf in Resources */ = {isa = PBXBuildFile; fileRef = E667068020ED6EBE001A8E8E /* Lato-Thin.ttf */; };
		E667068620EDA0BA001A8E8E /* Lato-Semibold.ttf in Resources */ = {isa = PBXBuildFile; fileRef = E667068520EDA0A1001A8E8E /* Lato-Semibold.ttf */; };
		E66AEB1920DD6ECC000018B5 /* ProfileHeader.swift in Sources */ = {isa = PBXBuildFile; fileRef = E66AEB1820DD6ECC000018B5 /* ProfileHeader.swift */; };
		E67205F5215AA4DB0085470C /* KeyPostListCells.swift in Sources */ = {isa = PBXBuildFile; fileRef = E67205F4215AA4DB0085470C /* KeyPostListCells.swift */; };
		E67205FC215BE0590085470C /* System.swift in Sources */ = {isa = PBXBuildFile; fileRef = E67205FB215BE0590085470C /* System.swift */; };
		E672C4BA2159A72E0097E342 /* Story.swift in Sources */ = {isa = PBXBuildFile; fileRef = E672C4B92159A72E0097E342 /* Story.swift */; };
		E672C4BC2159E5EB0097E342 /* KeyPostController.swift in Sources */ = {isa = PBXBuildFile; fileRef = E672C4BB2159E5EB0097E342 /* KeyPostController.swift */; };
		E674AB7B214357E300E27867 /* DetailTrying.swift in Sources */ = {isa = PBXBuildFile; fileRef = E674AB7A214357E300E27867 /* DetailTrying.swift */; };
		E675032321E2F9450043CDFA /* SpringboardTabBarController.swift in Sources */ = {isa = PBXBuildFile; fileRef = E675032021E2F9420043CDFA /* SpringboardTabBarController.swift */; };
		E675032421E2F9450043CDFA /* SpringboardTabBar.swift in Sources */ = {isa = PBXBuildFile; fileRef = E675032121E2F9430043CDFA /* SpringboardTabBar.swift */; };
		E675032521E2F9450043CDFA /* SpringboardTabBarTransition.swift in Sources */ = {isa = PBXBuildFile; fileRef = E675032221E2F9440043CDFA /* SpringboardTabBarTransition.swift */; };
		E675032721E3D4D10043CDFA /* TestTabsController.swift in Sources */ = {isa = PBXBuildFile; fileRef = E675032621E3D4D10043CDFA /* TestTabsController.swift */; };
		E6777884212CDC48001820FE /* Reachability.swift in Sources */ = {isa = PBXBuildFile; fileRef = E6777883212CDC48001820FE /* Reachability.swift */; };
		E67FB8C2203117C70008732C /* ImageProcessor.swift in Sources */ = {isa = PBXBuildFile; fileRef = E67FB8C1203117C70008732C /* ImageProcessor.swift */; };
		E67FE162214C9D9E009A6BEF /* SearchPursuits.swift in Sources */ = {isa = PBXBuildFile; fileRef = E67FE161214C9D9E009A6BEF /* SearchPursuits.swift */; };
		E67FE166214D55F8009A6BEF /* SearchPostCells.swift in Sources */ = {isa = PBXBuildFile; fileRef = E67FE165214D55F8009A6BEF /* SearchPostCells.swift */; };
		E680AAB9217969B600DBE9E4 /* CustomFriendPopover.swift in Sources */ = {isa = PBXBuildFile; fileRef = E680AAB8217969B600DBE9E4 /* CustomFriendPopover.swift */; };
		E6812891213606B60006D498 /* HomePostCells.swift in Sources */ = {isa = PBXBuildFile; fileRef = E6812890213606B60006D498 /* HomePostCells.swift */; };
		E683867C219155FD00D502CB /* HomeDetail.swift in Sources */ = {isa = PBXBuildFile; fileRef = E683867B219155FD00D502CB /* HomeDetail.swift */; };
		E686875621BF33D500F8E24C /* SearchPursuitsCells.swift in Sources */ = {isa = PBXBuildFile; fileRef = E686875521BF33D400F8E24C /* SearchPursuitsCells.swift */; };
		E692791921AF1CF400199A30 /* RecommenedPursuitCell.swift in Sources */ = {isa = PBXBuildFile; fileRef = E692791821AF1CF300199A30 /* RecommenedPursuitCell.swift */; };
		E696E91721E13CAF00192DEB /* VBRRollingPit.swift in Sources */ = {isa = PBXBuildFile; fileRef = E696E91621E13CAF00192DEB /* VBRRollingPit.swift */; };
		E696E92121E1A4FD00192DEB /* NewHomeController.swift in Sources */ = {isa = PBXBuildFile; fileRef = E696E92021E1A4FC00192DEB /* NewHomeController.swift */; };
		E696E92321E1A7F200192DEB /* NewHomeCells.swift in Sources */ = {isa = PBXBuildFile; fileRef = E696E92221E1A7F200192DEB /* NewHomeCells.swift */; };
		E697CA3121C354D500D85192 /* CustomFriendSettingsView.swift in Sources */ = {isa = PBXBuildFile; fileRef = E697CA3021C354D500D85192 /* CustomFriendSettingsView.swift */; };
		E6989BF320475CDD0067A55B /* CustomDetailView.swift in Sources */ = {isa = PBXBuildFile; fileRef = E6989BF220475CDD0067A55B /* CustomDetailView.swift */; };
		E6A273F91F68314F00F5B4C8 /* CustomImageView.swift in Sources */ = {isa = PBXBuildFile; fileRef = E6A273F81F68314F00F5B4C8 /* CustomImageView.swift */; };
		E6A273FE1F68325A00F5B4C8 /* Post.swift in Sources */ = {isa = PBXBuildFile; fileRef = E6A273FD1F68325A00F5B4C8 /* Post.swift */; };
		E6A274001F68327F00F5B4C8 /* User.swift in Sources */ = {isa = PBXBuildFile; fileRef = E6A273FF1F68327F00F5B4C8 /* User.swift */; };
		E6A39205217C0AB200ABF10B /* SwiftyCamViewController.swift in Sources */ = {isa = PBXBuildFile; fileRef = E6A39204217C0AB200ABF10B /* SwiftyCamViewController.swift */; };
		E6A39207217C0B0B00ABF10B /* SwiftyCamButton.swift in Sources */ = {isa = PBXBuildFile; fileRef = E6A39206217C0B0B00ABF10B /* SwiftyCamButton.swift */; };
		E6A39209217C0B2E00ABF10B /* PreviewView.swift in Sources */ = {isa = PBXBuildFile; fileRef = E6A39208217C0B2E00ABF10B /* PreviewView.swift */; };
		E6A3920B217C0B6800ABF10B /* SwiftyCamViewControllerDelegate.swift in Sources */ = {isa = PBXBuildFile; fileRef = E6A3920A217C0B6800ABF10B /* SwiftyCamViewControllerDelegate.swift */; };
		E6AD4BBF206AE05B00451547 /* CreateInterestsCells.swift in Sources */ = {isa = PBXBuildFile; fileRef = E6AD4BBE206AE05B00451547 /* CreateInterestsCells.swift */; };
		E6AFDA9E21824AC30055C25D /* CaptureDetailView.swift in Sources */ = {isa = PBXBuildFile; fileRef = E6AFDA9D21824AC30055C25D /* CaptureDetailView.swift */; };
		E6B35EB221CEC0C100C38700 /* ProfileStep.swift in Sources */ = {isa = PBXBuildFile; fileRef = E6B35EB121CEC0C100C38700 /* ProfileStep.swift */; };
		E6B35EB421CEC25A00C38700 /* ProfileStepCell.swift in Sources */ = {isa = PBXBuildFile; fileRef = E6B35EB321CEC25A00C38700 /* ProfileStepCell.swift */; };
		E6B35EB621D08A5800C38700 /* HomeContainer.swift in Sources */ = {isa = PBXBuildFile; fileRef = E6B35EB521D08A5800C38700 /* HomeContainer.swift */; };
		E6B35EB821D08A8500C38700 /* HomeMenuBar.swift in Sources */ = {isa = PBXBuildFile; fileRef = E6B35EB721D08A8500C38700 /* HomeMenuBar.swift */; };
		E6B35EBA21D08AD100C38700 /* HomeMenuCells.swift in Sources */ = {isa = PBXBuildFile; fileRef = E6B35EB921D08AD100C38700 /* HomeMenuCells.swift */; };
		E6B35EBC21D08BF600C38700 /* HomeCarousel.swift in Sources */ = {isa = PBXBuildFile; fileRef = E6B35EBB21D08BF600C38700 /* HomeCarousel.swift */; };
		E6B35EC021D67F5500C38700 /* HomeViews.swift in Sources */ = {isa = PBXBuildFile; fileRef = E6B35EBF21D67F5500C38700 /* HomeViews.swift */; };
		E6B35EC221D7047700C38700 /* ProfilePursuitActions.swift in Sources */ = {isa = PBXBuildFile; fileRef = E6B35EC121D7047600C38700 /* ProfilePursuitActions.swift */; };
		E6B35EC421D704DA00C38700 /* ActionMenuBar.swift in Sources */ = {isa = PBXBuildFile; fileRef = E6B35EC321D704DA00C38700 /* ActionMenuBar.swift */; };
		E6B35EC621D705A600C38700 /* ActionMenuCells.swift in Sources */ = {isa = PBXBuildFile; fileRef = E6B35EC521D705A600C38700 /* ActionMenuCells.swift */; };
		E6B35EC821D7088100C38700 /* ProfileChallengeView.swift in Sources */ = {isa = PBXBuildFile; fileRef = E6B35EC721D7088100C38700 /* ProfileChallengeView.swift */; };
		E6B35ECA21D708F800C38700 /* ProfileIssueView.swift in Sources */ = {isa = PBXBuildFile; fileRef = E6B35EC921D708F800C38700 /* ProfileIssueView.swift */; };
		E6B35ECC21D7CA2F00C38700 /* ProfileChallengeCell.swift in Sources */ = {isa = PBXBuildFile; fileRef = E6B35ECB21D7CA2F00C38700 /* ProfileChallengeCell.swift */; };
		E6B35ECE21D7EF4700C38700 /* ProfileIssueCell.swift in Sources */ = {isa = PBXBuildFile; fileRef = E6B35ECD21D7EF4700C38700 /* ProfileIssueCell.swift */; };
		E6B49F2B1FACDCE800AEDAFD /* InterestsController.swift in Sources */ = {isa = PBXBuildFile; fileRef = E6B49F2A1FACDCE800AEDAFD /* InterestsController.swift */; };
		E6B49F2F1FACDE4100AEDAFD /* SelectInterestsList.swift in Sources */ = {isa = PBXBuildFile; fileRef = E6B49F2E1FACDE4100AEDAFD /* SelectInterestsList.swift */; };
		E6CB1B4B205789DB00B5D2ED /* ProfilePursuit.swift in Sources */ = {isa = PBXBuildFile; fileRef = E6CB1B4A205789DB00B5D2ED /* ProfilePursuit.swift */; };
		E6CE22751F671D10006C5755 /* AppDelegate.swift in Sources */ = {isa = PBXBuildFile; fileRef = E6CE22741F671D10006C5755 /* AppDelegate.swift */; };
		E6CE22771F671D10006C5755 /* SignupController.swift in Sources */ = {isa = PBXBuildFile; fileRef = E6CE22761F671D10006C5755 /* SignupController.swift */; };
		E6CE227A1F671D10006C5755 /* Main.storyboard in Resources */ = {isa = PBXBuildFile; fileRef = E6CE22781F671D10006C5755 /* Main.storyboard */; };
		E6CE227C1F671D11006C5755 /* Assets.xcassets in Resources */ = {isa = PBXBuildFile; fileRef = E6CE227B1F671D11006C5755 /* Assets.xcassets */; };
		E6CE227F1F671D11006C5755 /* LaunchScreen.storyboard in Resources */ = {isa = PBXBuildFile; fileRef = E6CE227D1F671D11006C5755 /* LaunchScreen.storyboard */; };
		E6CE22881F671E3D006C5755 /* Extensions.swift in Sources */ = {isa = PBXBuildFile; fileRef = E6CE22871F671E3D006C5755 /* Extensions.swift */; };
		E6CE228B1F671ED6006C5755 /* LoginController.swift in Sources */ = {isa = PBXBuildFile; fileRef = E6CE228A1F671ED6006C5755 /* LoginController.swift */; };
		E6CE228F1F675894006C5755 /* MainTabController.swift in Sources */ = {isa = PBXBuildFile; fileRef = E6CE228E1F675894006C5755 /* MainTabController.swift */; };
		E6CFCD5021CAF7F00069F001 /* SearchController.swift in Sources */ = {isa = PBXBuildFile; fileRef = E6CFCD4F21CAF7F00069F001 /* SearchController.swift */; };
		E6CFCD5E21CBBEA40069F001 /* HomeHeader.swift in Sources */ = {isa = PBXBuildFile; fileRef = E6CFCD5D21CBBEA40069F001 /* HomeHeader.swift */; };
		E6CFCD6021CC0DEE0069F001 /* HomePinterestCell.swift in Sources */ = {isa = PBXBuildFile; fileRef = E6CFCD5F21CC0DEE0069F001 /* HomePinterestCell.swift */; };
		E6CFCD6221CC1A610069F001 /* HomeDaysCell.swift in Sources */ = {isa = PBXBuildFile; fileRef = E6CFCD6121CC1A610069F001 /* HomeDaysCell.swift */; };
		E6CFCD6421CC1CD60069F001 /* HomeDay.swift in Sources */ = {isa = PBXBuildFile; fileRef = E6CFCD6321CC1CD60069F001 /* HomeDay.swift */; };
		E6CFCD6621CC77660069F001 /* HomeChallengeCell.swift in Sources */ = {isa = PBXBuildFile; fileRef = E6CFCD6521CC77660069F001 /* HomeChallengeCell.swift */; };
		E6CFCD6821CC78560069F001 /* HomeChallenge.swift in Sources */ = {isa = PBXBuildFile; fileRef = E6CFCD6721CC78560069F001 /* HomeChallenge.swift */; };
		E6D0B402203E13D2008D4268 /* ViewWithDiagonalLine.swift in Sources */ = {isa = PBXBuildFile; fileRef = E6D0B401203E13D2008D4268 /* ViewWithDiagonalLine.swift */; };
		E6D0B406203E2A5E008D4268 /* PhotoLibrary.swift in Sources */ = {isa = PBXBuildFile; fileRef = E6D0B405203E2A5E008D4268 /* PhotoLibrary.swift */; };
		E6D0B40C203E70A7008D4268 /* PhotoLibraryCell.swift in Sources */ = {isa = PBXBuildFile; fileRef = E6D0B40B203E70A7008D4268 /* PhotoLibraryCell.swift */; };
		E6D2B8D52017BB17008D3055 /* InterestsHeader.swift in Sources */ = {isa = PBXBuildFile; fileRef = E6D2B8D42017BB17008D3055 /* InterestsHeader.swift */; };
		E6D2B8DB2018DB7A008D3055 /* Animator.swift in Sources */ = {isa = PBXBuildFile; fileRef = E6D2B8DA2018DB7A008D3055 /* Animator.swift */; };
		E6D5714620115644008A37CC /* QuartzCore.framework in Frameworks */ = {isa = PBXBuildFile; fileRef = E6D5714520115644008A37CC /* QuartzCore.framework */; };
		E6DDFFC121CDA9AC00E7BFC1 /* HomeStandardCell.swift in Sources */ = {isa = PBXBuildFile; fileRef = E6DDFFC021CDA9AC00E7BFC1 /* HomeStandardCell.swift */; };
		E6DDFFC321CDD39400E7BFC1 /* HomeStandard.swift in Sources */ = {isa = PBXBuildFile; fileRef = E6DDFFC221CDD39300E7BFC1 /* HomeStandard.swift */; };
		E6DE06E121D90E1F00A979E3 /* DetailController.swift in Sources */ = {isa = PBXBuildFile; fileRef = E6DE06E021D90E1F00A979E3 /* DetailController.swift */; };
		E6DE06E321D949CC00A979E3 /* RolloverViewController.swift in Sources */ = {isa = PBXBuildFile; fileRef = E6DE06E221D949CC00A979E3 /* RolloverViewController.swift */; };
		E6DE06E521DD504A00A979E3 /* EngagementsMenuBar.swift in Sources */ = {isa = PBXBuildFile; fileRef = E6DE06E421DD504A00A979E3 /* EngagementsMenuBar.swift */; };
		E6DE06E721DD50B200A979E3 /* EngagementsMenuCells.swift in Sources */ = {isa = PBXBuildFile; fileRef = E6DE06E621DD50B200A979E3 /* EngagementsMenuCells.swift */; };
		E6DE06E921DEB56000A979E3 /* DetailSeasonsController.swift in Sources */ = {isa = PBXBuildFile; fileRef = E6DE06E821DEB56000A979E3 /* DetailSeasonsController.swift */; };
		E6DEC846201ABF4D00E02393 /* Interests.swift in Sources */ = {isa = PBXBuildFile; fileRef = E6DEC845201ABF4D00E02393 /* Interests.swift */; };
		E6DEC850201AC31100E02393 /* Pursuit.swift in Sources */ = {isa = PBXBuildFile; fileRef = E6DEC84F201AC31100E02393 /* Pursuit.swift */; };
		E6DEC85C201ACDD300E02393 /* Page.swift in Sources */ = {isa = PBXBuildFile; fileRef = E6DEC85B201ACDD300E02393 /* Page.swift */; };
		E6DF9EC7203CF7F2005C86DB /* SwiftyRecordButton.swift in Sources */ = {isa = PBXBuildFile; fileRef = E6DF9EC6203CF7F2005C86DB /* SwiftyRecordButton.swift */; };
		E6DF9EC9203CF88D005C86DB /* VideoViewController.swift in Sources */ = {isa = PBXBuildFile; fileRef = E6DF9EC8203CF88D005C86DB /* VideoViewController.swift */; };
		E6DF9ECB203CF8FB005C86DB /* PhotoViewController.swift in Sources */ = {isa = PBXBuildFile; fileRef = E6DF9ECA203CF8FB005C86DB /* PhotoViewController.swift */; };
		E6DF9ECD203CF985005C86DB /* SelectCameraController.swift in Sources */ = {isa = PBXBuildFile; fileRef = E6DF9ECC203CF984005C86DB /* SelectCameraController.swift */; };
		E6E0B01E2060720800007A21 /* Search.swift in Sources */ = {isa = PBXBuildFile; fileRef = E6E0B01D2060720800007A21 /* Search.swift */; };
		E6E0B0202060AB9500007A21 /* SearchedUsers.swift in Sources */ = {isa = PBXBuildFile; fileRef = E6E0B01F2060AB9500007A21 /* SearchedUsers.swift */; };
		E6E1FA34207A5A19008F4280 /* InterestsCell.swift in Sources */ = {isa = PBXBuildFile; fileRef = E6E1FA33207A5A19008F4280 /* InterestsCell.swift */; };
		E6E1FA36207A88C8008F4280 /* SignupInterestsHeader.swift in Sources */ = {isa = PBXBuildFile; fileRef = E6E1FA35207A88C8008F4280 /* SignupInterestsHeader.swift */; };
		E6E269012144976B00A7B1FC /* DetailSavedCells.swift in Sources */ = {isa = PBXBuildFile; fileRef = E6E269002144976B00A7B1FC /* DetailSavedCells.swift */; };
		E6E76D2F2173E7A9006A7DDF /* CustomSavePopover.swift in Sources */ = {isa = PBXBuildFile; fileRef = E6E76D2E2173E7A9006A7DDF /* CustomSavePopover.swift */; };
		E6F04D8121E64C1F0010BEB8 /* DetailTeamController.swift in Sources */ = {isa = PBXBuildFile; fileRef = E6F04D8021E64C1F0010BEB8 /* DetailTeamController.swift */; };
		E6F04D8321E64D2D0010BEB8 /* DetailTeamCells.swift in Sources */ = {isa = PBXBuildFile; fileRef = E6F04D8221E64D2D0010BEB8 /* DetailTeamCells.swift */; };
		E6F04D8521E652310010BEB8 /* DetailTryingController.swift in Sources */ = {isa = PBXBuildFile; fileRef = E6F04D8421E652310010BEB8 /* DetailTryingController.swift */; };
		E6F04D8721E652570010BEB8 /* DetailTryingCell.swift in Sources */ = {isa = PBXBuildFile; fileRef = E6F04D8621E652570010BEB8 /* DetailTryingCell.swift */; };
		E6F04D8921E652F00010BEB8 /* DetailTryingHeader.swift in Sources */ = {isa = PBXBuildFile; fileRef = E6F04D8821E652F00010BEB8 /* DetailTryingHeader.swift */; };
		E6F04D8D21E6669A0010BEB8 /* DetailIssuesController.swift in Sources */ = {isa = PBXBuildFile; fileRef = E6F04D8C21E6669A0010BEB8 /* DetailIssuesController.swift */; };
		E6F04D8F21E666E10010BEB8 /* DetailIssuesCell.swift in Sources */ = {isa = PBXBuildFile; fileRef = E6F04D8E21E666E10010BEB8 /* DetailIssuesCell.swift */; };
		E6F04D9121E66E340010BEB8 /* DetailIssuesFooter.swift in Sources */ = {isa = PBXBuildFile; fileRef = E6F04D9021E66E340010BEB8 /* DetailIssuesFooter.swift */; };
		E6F04D9321E68D860010BEB8 /* DetailSeasonCells.swift in Sources */ = {isa = PBXBuildFile; fileRef = E6F04D9221E68D860010BEB8 /* DetailSeasonCells.swift */; };
		E6F04D9521E68DD30010BEB8 /* DetailSeasonHeader.swift in Sources */ = {isa = PBXBuildFile; fileRef = E6F04D9421E68DD30010BEB8 /* DetailSeasonHeader.swift */; };
		E6F7D44A219D1C94007CA8F6 /* ResponseController.swift in Sources */ = {isa = PBXBuildFile; fileRef = E6F7D449219D1C94007CA8F6 /* ResponseController.swift */; };
/* End PBXBuildFile section */

/* Begin PBXFileReference section */
		40526016F4035214D0A937BE /* Pods-Inpursuit.debug.xcconfig */ = {isa = PBXFileReference; includeInIndex = 1; lastKnownFileType = text.xcconfig; name = "Pods-Inpursuit.debug.xcconfig"; path = "Pods/Target Support Files/Pods-Inpursuit/Pods-Inpursuit.debug.xcconfig"; sourceTree = "<group>"; };
		446C359821181F80005BDE71 /* PursuitDayTableViewCell.swift */ = {isa = PBXFileReference; lastKnownFileType = sourcecode.swift; path = PursuitDayTableViewCell.swift; sourceTree = "<group>"; };
		63C206B28A3E87BF50FECDC3 /* Pods-Inpursuit.release.xcconfig */ = {isa = PBXFileReference; includeInIndex = 1; lastKnownFileType = text.xcconfig; name = "Pods-Inpursuit.release.xcconfig"; path = "Pods/Target Support Files/Pods-Inpursuit/Pods-Inpursuit.release.xcconfig"; sourceTree = "<group>"; };
		CC0F52DE2340CAE1A5BAC9DE /* Pods_Inpursuit.framework */ = {isa = PBXFileReference; explicitFileType = wrapper.framework; includeInIndex = 0; path = Pods_Inpursuit.framework; sourceTree = BUILT_PRODUCTS_DIR; };
		E600427B21AE31D40085D445 /* CaptureResponseView.swift */ = {isa = PBXFileReference; lastKnownFileType = sourcecode.swift; path = CaptureResponseView.swift; sourceTree = "<group>"; };
		E604732C219F6543006F22AB /* CreateDetail.swift */ = {isa = PBXFileReference; lastKnownFileType = sourcecode.swift; path = CreateDetail.swift; sourceTree = "<group>"; };
		E604733021A0DD62006F22AB /* Feed.swift */ = {isa = PBXFileReference; lastKnownFileType = sourcecode.swift; path = Feed.swift; sourceTree = "<group>"; };
		E60B0835200513FE003F6B70 /* BioInputTextView.swift */ = {isa = PBXFileReference; lastKnownFileType = sourcecode.swift; path = BioInputTextView.swift; sourceTree = "<group>"; };
		E60D52F421E5922200C7BB45 /* StepIndicatorView.swift */ = {isa = PBXFileReference; lastKnownFileType = sourcecode.swift; path = StepIndicatorView.swift; sourceTree = "<group>"; };
		E60EB26620460DB8006E4F1A /* FollowingCells.swift */ = {isa = PBXFileReference; lastKnownFileType = sourcecode.swift; path = FollowingCells.swift; sourceTree = "<group>"; };
		E60EB268204616D8006E4F1A /* FriendsController.swift */ = {isa = PBXFileReference; lastKnownFileType = sourcecode.swift; path = FriendsController.swift; sourceTree = "<group>"; };
		E60EB26A204617B5006E4F1A /* FriendsCells.swift */ = {isa = PBXFileReference; lastKnownFileType = sourcecode.swift; path = FriendsCells.swift; sourceTree = "<group>"; };
		E6136EA21F968EAB00E29101 /* PostDetailController.swift */ = {isa = PBXFileReference; fileEncoding = 4; lastKnownFileType = sourcecode.swift; path = PostDetailController.swift; sourceTree = "<group>"; };
		E615572321BEDFE10048C392 /* GoogleService-Info.plist */ = {isa = PBXFileReference; fileEncoding = 4; lastKnownFileType = text.plist.xml; path = "GoogleService-Info.plist"; sourceTree = "<group>"; };
		E61692431FD64544008BF11D /* ForgotController.swift */ = {isa = PBXFileReference; lastKnownFileType = sourcecode.swift; path = ForgotController.swift; sourceTree = "<group>"; };
		E617BB161FD8874B008B2EA1 /* SwipingController.swift */ = {isa = PBXFileReference; lastKnownFileType = sourcecode.swift; path = SwipingController.swift; sourceTree = "<group>"; };
		E617BB181FD88775008B2EA1 /* PageCell.swift */ = {isa = PBXFileReference; lastKnownFileType = sourcecode.swift; path = PageCell.swift; sourceTree = "<group>"; };
		E61A41AF1F952C0D002F4045 /* PostResponsesCell.swift */ = {isa = PBXFileReference; fileEncoding = 4; lastKnownFileType = sourcecode.swift; path = PostResponsesCell.swift; sourceTree = "<group>"; };
		E61A70E120E182D600EB69D8 /* TeamList.swift */ = {isa = PBXFileReference; lastKnownFileType = sourcecode.swift; path = TeamList.swift; sourceTree = "<group>"; };
		E61A70E320E1832900EB69D8 /* TeamCells.swift */ = {isa = PBXFileReference; lastKnownFileType = sourcecode.swift; path = TeamCells.swift; sourceTree = "<group>"; };
		E622658121CCA3B500DC2C27 /* HomeConflictCell.swift */ = {isa = PBXFileReference; lastKnownFileType = sourcecode.swift; path = HomeConflictCell.swift; sourceTree = "<group>"; };
		E622658321CCA3EB00DC2C27 /* HomeConflict.swift */ = {isa = PBXFileReference; lastKnownFileType = sourcecode.swift; path = HomeConflict.swift; sourceTree = "<group>"; };
		E622658521CCA90100DC2C27 /* HomeUserCell.swift */ = {isa = PBXFileReference; lastKnownFileType = sourcecode.swift; path = HomeUserCell.swift; sourceTree = "<group>"; };
		E622658721CCA92600DC2C27 /* HomeUser.swift */ = {isa = PBXFileReference; lastKnownFileType = sourcecode.swift; path = HomeUser.swift; sourceTree = "<group>"; };
		E6234E952044719C00A57A2C /* CustomSettingsView.swift */ = {isa = PBXFileReference; lastKnownFileType = sourcecode.swift; path = CustomSettingsView.swift; sourceTree = "<group>"; };
		E6234E97204478E700A57A2C /* CustomLogOutView.swift */ = {isa = PBXFileReference; lastKnownFileType = sourcecode.swift; path = CustomLogOutView.swift; sourceTree = "<group>"; };
		E6234E9B2044F93F00A57A2C /* AVPlayer+isPlaying.swift */ = {isa = PBXFileReference; lastKnownFileType = sourcecode.swift; path = "AVPlayer+isPlaying.swift"; sourceTree = "<group>"; };
		E6234E9D2044F96B00A57A2C /* AssetSelectionViewController.swift */ = {isa = PBXFileReference; lastKnownFileType = sourcecode.swift; path = AssetSelectionViewController.swift; sourceTree = "<group>"; };
		E6235EA71F94208F00BF1FDE /* PostResponses.swift */ = {isa = PBXFileReference; fileEncoding = 4; lastKnownFileType = sourcecode.swift; path = PostResponses.swift; sourceTree = "<group>"; };
		E623DBEC2177B531008DDE64 /* CustomTryPopover.swift */ = {isa = PBXFileReference; lastKnownFileType = sourcecode.swift; path = CustomTryPopover.swift; sourceTree = "<group>"; };
		E623DBEE2177B578008DDE64 /* CustomMorePopover.swift */ = {isa = PBXFileReference; lastKnownFileType = sourcecode.swift; path = CustomMorePopover.swift; sourceTree = "<group>"; };
		E623DBF02177F34A008DDE64 /* SavePopoverCells.swift */ = {isa = PBXFileReference; lastKnownFileType = sourcecode.swift; path = SavePopoverCells.swift; sourceTree = "<group>"; };
		E628F2E92035D978002FE8CF /* SearchUsers.swift */ = {isa = PBXFileReference; lastKnownFileType = sourcecode.swift; path = SearchUsers.swift; sourceTree = "<group>"; };
		E628F2ED2035D98A002FE8CF /* SearchPosts.swift */ = {isa = PBXFileReference; lastKnownFileType = sourcecode.swift; path = SearchPosts.swift; sourceTree = "<group>"; };
		E6299B9E2077139900B59061 /* EmailCell.swift */ = {isa = PBXFileReference; lastKnownFileType = sourcecode.swift; path = EmailCell.swift; sourceTree = "<group>"; };
		E6299BA0207713EC00B59061 /* NameCell.swift */ = {isa = PBXFileReference; lastKnownFileType = sourcecode.swift; path = NameCell.swift; sourceTree = "<group>"; };
		E6299BA22077143500B59061 /* UsernameCell.swift */ = {isa = PBXFileReference; lastKnownFileType = sourcecode.swift; path = UsernameCell.swift; sourceTree = "<group>"; };
		E6299BA42077149100B59061 /* PasswordCell.swift */ = {isa = PBXFileReference; lastKnownFileType = sourcecode.swift; path = PasswordCell.swift; sourceTree = "<group>"; };
		E6299BA62077150400B59061 /* ProfilePictureCell.swift */ = {isa = PBXFileReference; lastKnownFileType = sourcecode.swift; path = ProfilePictureCell.swift; sourceTree = "<group>"; };
		E62AAB161FD0A2D10053EAD7 /* EditProfileController.swift */ = {isa = PBXFileReference; lastKnownFileType = sourcecode.swift; path = EditProfileController.swift; sourceTree = "<group>"; };
		E62AAB1A1FD0A54D0053EAD7 /* TermsController.swift */ = {isa = PBXFileReference; lastKnownFileType = sourcecode.swift; path = TermsController.swift; sourceTree = "<group>"; };
		E62AAB1C1FD0A5D30053EAD7 /* PolicyController.swift */ = {isa = PBXFileReference; lastKnownFileType = sourcecode.swift; path = PolicyController.swift; sourceTree = "<group>"; };
		E62C1C05205113AA00781FF1 /* Follower.swift */ = {isa = PBXFileReference; lastKnownFileType = sourcecode.swift; path = Follower.swift; sourceTree = "<group>"; };
		E62E29A52152A32B00139483 /* CreateInterests.swift */ = {isa = PBXFileReference; fileEncoding = 4; lastKnownFileType = sourcecode.swift; path = CreateInterests.swift; sourceTree = "<group>"; };
		E62E29A72152BBF500139483 /* CreateTeamCells.swift */ = {isa = PBXFileReference; lastKnownFileType = sourcecode.swift; path = CreateTeamCells.swift; sourceTree = "<group>"; };
		E62E29B52155DD7900139483 /* KeyPost.swift */ = {isa = PBXFileReference; lastKnownFileType = sourcecode.swift; path = KeyPost.swift; sourceTree = "<group>"; };
		E62E29B92156B3C600139483 /* KeyPostCells.swift */ = {isa = PBXFileReference; lastKnownFileType = sourcecode.swift; path = KeyPostCells.swift; sourceTree = "<group>"; };
		E638791B219395FD0046FF95 /* Added.swift */ = {isa = PBXFileReference; lastKnownFileType = sourcecode.swift; path = Added.swift; sourceTree = "<group>"; };
		E638791D21939A370046FF95 /* Engagements.swift */ = {isa = PBXFileReference; lastKnownFileType = sourcecode.swift; path = Engagements.swift; sourceTree = "<group>"; };
		E63899FF206C1A7E007055A4 /* Home.swift */ = {isa = PBXFileReference; lastKnownFileType = sourcecode.swift; path = Home.swift; sourceTree = "<group>"; };
		E6389A01206C1AD9007055A4 /* HomePostContent.swift */ = {isa = PBXFileReference; lastKnownFileType = sourcecode.swift; path = HomePostContent.swift; sourceTree = "<group>"; };
		E639806B20490B550049A71B /* InviteController.swift */ = {isa = PBXFileReference; lastKnownFileType = sourcecode.swift; path = InviteController.swift; sourceTree = "<group>"; };
		E639806D20490E920049A71B /* Contacts.swift */ = {isa = PBXFileReference; lastKnownFileType = sourcecode.swift; path = Contacts.swift; sourceTree = "<group>"; };
		E639806F204911D80049A71B /* InviteCell.swift */ = {isa = PBXFileReference; lastKnownFileType = sourcecode.swift; path = InviteCell.swift; sourceTree = "<group>"; };
		E639807E204DD63D0049A71B /* HomeServices.swift */ = {isa = PBXFileReference; lastKnownFileType = sourcecode.swift; path = HomeServices.swift; sourceTree = "<group>"; };
		E6398080204DD6780049A71B /* ExploreServices.swift */ = {isa = PBXFileReference; lastKnownFileType = sourcecode.swift; path = ExploreServices.swift; sourceTree = "<group>"; };
		E6398082204DD6B60049A71B /* CreateServices.swift */ = {isa = PBXFileReference; lastKnownFileType = sourcecode.swift; path = CreateServices.swift; sourceTree = "<group>"; };
		E6398084204DD6DF0049A71B /* ProfileServices.swift */ = {isa = PBXFileReference; lastKnownFileType = sourcecode.swift; path = ProfileServices.swift; sourceTree = "<group>"; };
		E6398086204DD7240049A71B /* InterestServices.swift */ = {isa = PBXFileReference; lastKnownFileType = sourcecode.swift; path = InterestServices.swift; sourceTree = "<group>"; };
		E639808A204DD9B00049A71B /* EngagementServices.swift */ = {isa = PBXFileReference; lastKnownFileType = sourcecode.swift; path = EngagementServices.swift; sourceTree = "<group>"; };
		E639808C204DF3D40049A71B /* Notifications.swift */ = {isa = PBXFileReference; lastKnownFileType = sourcecode.swift; path = Notifications.swift; sourceTree = "<group>"; };
		E63CEB4D20EACAC000FFDEF3 /* PursuitDay.swift */ = {isa = PBXFileReference; lastKnownFileType = sourcecode.swift; path = PursuitDay.swift; sourceTree = "<group>"; };
		E63CEB4F20EACEC100FFDEF3 /* DayLabelCell.swift */ = {isa = PBXFileReference; lastKnownFileType = sourcecode.swift; path = DayLabelCell.swift; sourceTree = "<group>"; };
		E63CEB6120ED60D500FFDEF3 /* Utility.swift */ = {isa = PBXFileReference; lastKnownFileType = sourcecode.swift; path = Utility.swift; sourceTree = "<group>"; };
		E64324B41F79A47F0090075F /* CardView.swift */ = {isa = PBXFileReference; fileEncoding = 4; lastKnownFileType = sourcecode.swift; path = CardView.swift; sourceTree = "<group>"; };
		E65F1E511FCCBE5000BD850E /* HomeController.swift */ = {isa = PBXFileReference; lastKnownFileType = sourcecode.swift; path = HomeController.swift; sourceTree = "<group>"; };
		E65F1E551FCCC7BF00BD850E /* ProfileController.swift */ = {isa = PBXFileReference; lastKnownFileType = sourcecode.swift; path = ProfileController.swift; sourceTree = "<group>"; };
		E667066C20ED6D9B001A8E8E /* Lato-Bold.ttf */ = {isa = PBXFileReference; lastKnownFileType = file; path = "Lato-Bold.ttf"; sourceTree = "<group>"; };
		E667066D20ED6D9B001A8E8E /* Lato-Black.ttf */ = {isa = PBXFileReference; lastKnownFileType = file; path = "Lato-Black.ttf"; sourceTree = "<group>"; };
		E667067220ED6D9B001A8E8E /* OFL.txt */ = {isa = PBXFileReference; fileEncoding = 4; lastKnownFileType = text; path = OFL.txt; sourceTree = "<group>"; };
		E667068020ED6EBE001A8E8E /* Lato-Thin.ttf */ = {isa = PBXFileReference; lastKnownFileType = file; path = "Lato-Thin.ttf"; sourceTree = "<group>"; };
		E667068420EDA08E001A8E8E /* Lato-Regular.ttf */ = {isa = PBXFileReference; lastKnownFileType = file; name = "Lato-Regular.ttf"; path = "../../../../../.Trash/lato/Lato-Regular.ttf"; sourceTree = "<group>"; };
		E667068520EDA0A1001A8E8E /* Lato-Semibold.ttf */ = {isa = PBXFileReference; lastKnownFileType = file; path = "Lato-Semibold.ttf"; sourceTree = "<group>"; };
		E66AEB1820DD6ECC000018B5 /* ProfileHeader.swift */ = {isa = PBXFileReference; lastKnownFileType = sourcecode.swift; path = ProfileHeader.swift; sourceTree = "<group>"; };
		E67205F4215AA4DB0085470C /* KeyPostListCells.swift */ = {isa = PBXFileReference; lastKnownFileType = sourcecode.swift; path = KeyPostListCells.swift; sourceTree = "<group>"; };
		E67205FB215BE0590085470C /* System.swift */ = {isa = PBXFileReference; fileEncoding = 4; lastKnownFileType = sourcecode.swift; path = System.swift; sourceTree = "<group>"; };
		E672C4B92159A72E0097E342 /* Story.swift */ = {isa = PBXFileReference; lastKnownFileType = sourcecode.swift; path = Story.swift; sourceTree = "<group>"; };
		E672C4BB2159E5EB0097E342 /* KeyPostController.swift */ = {isa = PBXFileReference; lastKnownFileType = sourcecode.swift; path = KeyPostController.swift; sourceTree = "<group>"; };
		E674AB7A214357E300E27867 /* DetailTrying.swift */ = {isa = PBXFileReference; lastKnownFileType = sourcecode.swift; path = DetailTrying.swift; sourceTree = "<group>"; };
		E675032021E2F9420043CDFA /* SpringboardTabBarController.swift */ = {isa = PBXFileReference; fileEncoding = 4; lastKnownFileType = sourcecode.swift; path = SpringboardTabBarController.swift; sourceTree = "<group>"; };
		E675032121E2F9430043CDFA /* SpringboardTabBar.swift */ = {isa = PBXFileReference; fileEncoding = 4; lastKnownFileType = sourcecode.swift; path = SpringboardTabBar.swift; sourceTree = "<group>"; };
		E675032221E2F9440043CDFA /* SpringboardTabBarTransition.swift */ = {isa = PBXFileReference; fileEncoding = 4; lastKnownFileType = sourcecode.swift; path = SpringboardTabBarTransition.swift; sourceTree = "<group>"; };
		E675032621E3D4D10043CDFA /* TestTabsController.swift */ = {isa = PBXFileReference; lastKnownFileType = sourcecode.swift; path = TestTabsController.swift; sourceTree = "<group>"; };
		E6777883212CDC48001820FE /* Reachability.swift */ = {isa = PBXFileReference; lastKnownFileType = sourcecode.swift; path = Reachability.swift; sourceTree = "<group>"; };
		E67FB8C0202FB18C0008732C /* pursue.entitlements */ = {isa = PBXFileReference; lastKnownFileType = text.plist.entitlements; path = pursue.entitlements; sourceTree = "<group>"; };
		E67FB8C1203117C70008732C /* ImageProcessor.swift */ = {isa = PBXFileReference; lastKnownFileType = sourcecode.swift; path = ImageProcessor.swift; sourceTree = "<group>"; };
		E67FE161214C9D9E009A6BEF /* SearchPursuits.swift */ = {isa = PBXFileReference; lastKnownFileType = sourcecode.swift; path = SearchPursuits.swift; sourceTree = "<group>"; };
		E67FE165214D55F8009A6BEF /* SearchPostCells.swift */ = {isa = PBXFileReference; lastKnownFileType = sourcecode.swift; path = SearchPostCells.swift; sourceTree = "<group>"; };
		E680AAB8217969B600DBE9E4 /* CustomFriendPopover.swift */ = {isa = PBXFileReference; lastKnownFileType = sourcecode.swift; path = CustomFriendPopover.swift; sourceTree = "<group>"; };
		E6812890213606B60006D498 /* HomePostCells.swift */ = {isa = PBXFileReference; lastKnownFileType = sourcecode.swift; path = HomePostCells.swift; sourceTree = "<group>"; };
		E683867B219155FD00D502CB /* HomeDetail.swift */ = {isa = PBXFileReference; lastKnownFileType = sourcecode.swift; path = HomeDetail.swift; sourceTree = "<group>"; };
		E686875521BF33D400F8E24C /* SearchPursuitsCells.swift */ = {isa = PBXFileReference; fileEncoding = 4; lastKnownFileType = sourcecode.swift; path = SearchPursuitsCells.swift; sourceTree = "<group>"; };
		E692791821AF1CF300199A30 /* RecommenedPursuitCell.swift */ = {isa = PBXFileReference; fileEncoding = 4; lastKnownFileType = sourcecode.swift; path = RecommenedPursuitCell.swift; sourceTree = "<group>"; };
		E696E91621E13CAF00192DEB /* VBRRollingPit.swift */ = {isa = PBXFileReference; lastKnownFileType = sourcecode.swift; path = VBRRollingPit.swift; sourceTree = "<group>"; };
		E696E92021E1A4FC00192DEB /* NewHomeController.swift */ = {isa = PBXFileReference; lastKnownFileType = sourcecode.swift; path = NewHomeController.swift; sourceTree = "<group>"; };
		E696E92221E1A7F200192DEB /* NewHomeCells.swift */ = {isa = PBXFileReference; lastKnownFileType = sourcecode.swift; path = NewHomeCells.swift; sourceTree = "<group>"; };
		E697CA3021C354D500D85192 /* CustomFriendSettingsView.swift */ = {isa = PBXFileReference; lastKnownFileType = sourcecode.swift; path = CustomFriendSettingsView.swift; sourceTree = "<group>"; };
		E6989BF220475CDD0067A55B /* CustomDetailView.swift */ = {isa = PBXFileReference; lastKnownFileType = sourcecode.swift; path = CustomDetailView.swift; sourceTree = "<group>"; };
		E6A273F81F68314F00F5B4C8 /* CustomImageView.swift */ = {isa = PBXFileReference; fileEncoding = 4; lastKnownFileType = sourcecode.swift; path = CustomImageView.swift; sourceTree = "<group>"; };
		E6A273FD1F68325A00F5B4C8 /* Post.swift */ = {isa = PBXFileReference; fileEncoding = 4; lastKnownFileType = sourcecode.swift; path = Post.swift; sourceTree = "<group>"; };
		E6A273FF1F68327F00F5B4C8 /* User.swift */ = {isa = PBXFileReference; fileEncoding = 4; lastKnownFileType = sourcecode.swift; path = User.swift; sourceTree = "<group>"; };
		E6A39204217C0AB200ABF10B /* SwiftyCamViewController.swift */ = {isa = PBXFileReference; lastKnownFileType = sourcecode.swift; path = SwiftyCamViewController.swift; sourceTree = "<group>"; };
		E6A39206217C0B0B00ABF10B /* SwiftyCamButton.swift */ = {isa = PBXFileReference; lastKnownFileType = sourcecode.swift; path = SwiftyCamButton.swift; sourceTree = "<group>"; };
		E6A39208217C0B2E00ABF10B /* PreviewView.swift */ = {isa = PBXFileReference; lastKnownFileType = sourcecode.swift; path = PreviewView.swift; sourceTree = "<group>"; };
		E6A3920A217C0B6800ABF10B /* SwiftyCamViewControllerDelegate.swift */ = {isa = PBXFileReference; lastKnownFileType = sourcecode.swift; path = SwiftyCamViewControllerDelegate.swift; sourceTree = "<group>"; };
		E6AD4BBE206AE05B00451547 /* CreateInterestsCells.swift */ = {isa = PBXFileReference; lastKnownFileType = sourcecode.swift; path = CreateInterestsCells.swift; sourceTree = "<group>"; };
		E6AFDA9D21824AC30055C25D /* CaptureDetailView.swift */ = {isa = PBXFileReference; lastKnownFileType = sourcecode.swift; path = CaptureDetailView.swift; sourceTree = "<group>"; };
		E6B35EB121CEC0C100C38700 /* ProfileStep.swift */ = {isa = PBXFileReference; lastKnownFileType = sourcecode.swift; path = ProfileStep.swift; sourceTree = "<group>"; };
		E6B35EB321CEC25A00C38700 /* ProfileStepCell.swift */ = {isa = PBXFileReference; lastKnownFileType = sourcecode.swift; path = ProfileStepCell.swift; sourceTree = "<group>"; };
		E6B35EB521D08A5800C38700 /* HomeContainer.swift */ = {isa = PBXFileReference; lastKnownFileType = sourcecode.swift; path = HomeContainer.swift; sourceTree = "<group>"; };
		E6B35EB721D08A8500C38700 /* HomeMenuBar.swift */ = {isa = PBXFileReference; lastKnownFileType = sourcecode.swift; path = HomeMenuBar.swift; sourceTree = "<group>"; };
		E6B35EB921D08AD100C38700 /* HomeMenuCells.swift */ = {isa = PBXFileReference; lastKnownFileType = sourcecode.swift; path = HomeMenuCells.swift; sourceTree = "<group>"; };
		E6B35EBB21D08BF600C38700 /* HomeCarousel.swift */ = {isa = PBXFileReference; lastKnownFileType = sourcecode.swift; path = HomeCarousel.swift; sourceTree = "<group>"; };
		E6B35EBF21D67F5500C38700 /* HomeViews.swift */ = {isa = PBXFileReference; lastKnownFileType = sourcecode.swift; path = HomeViews.swift; sourceTree = "<group>"; };
		E6B35EC121D7047600C38700 /* ProfilePursuitActions.swift */ = {isa = PBXFileReference; lastKnownFileType = sourcecode.swift; path = ProfilePursuitActions.swift; sourceTree = "<group>"; };
		E6B35EC321D704DA00C38700 /* ActionMenuBar.swift */ = {isa = PBXFileReference; lastKnownFileType = sourcecode.swift; path = ActionMenuBar.swift; sourceTree = "<group>"; };
		E6B35EC521D705A600C38700 /* ActionMenuCells.swift */ = {isa = PBXFileReference; lastKnownFileType = sourcecode.swift; path = ActionMenuCells.swift; sourceTree = "<group>"; };
		E6B35EC721D7088100C38700 /* ProfileChallengeView.swift */ = {isa = PBXFileReference; lastKnownFileType = sourcecode.swift; path = ProfileChallengeView.swift; sourceTree = "<group>"; };
		E6B35EC921D708F800C38700 /* ProfileIssueView.swift */ = {isa = PBXFileReference; lastKnownFileType = sourcecode.swift; path = ProfileIssueView.swift; sourceTree = "<group>"; };
		E6B35ECB21D7CA2F00C38700 /* ProfileChallengeCell.swift */ = {isa = PBXFileReference; lastKnownFileType = sourcecode.swift; path = ProfileChallengeCell.swift; sourceTree = "<group>"; };
		E6B35ECD21D7EF4700C38700 /* ProfileIssueCell.swift */ = {isa = PBXFileReference; lastKnownFileType = sourcecode.swift; path = ProfileIssueCell.swift; sourceTree = "<group>"; };
		E6B49F2A1FACDCE800AEDAFD /* InterestsController.swift */ = {isa = PBXFileReference; lastKnownFileType = sourcecode.swift; path = InterestsController.swift; sourceTree = "<group>"; };
		E6B49F2E1FACDE4100AEDAFD /* SelectInterestsList.swift */ = {isa = PBXFileReference; lastKnownFileType = sourcecode.swift; path = SelectInterestsList.swift; sourceTree = "<group>"; };
		E6CB1B4A205789DB00B5D2ED /* ProfilePursuit.swift */ = {isa = PBXFileReference; lastKnownFileType = sourcecode.swift; path = ProfilePursuit.swift; sourceTree = "<group>"; };
		E6CE22711F671D10006C5755 /* Inpursuit.app */ = {isa = PBXFileReference; explicitFileType = wrapper.application; includeInIndex = 0; path = Inpursuit.app; sourceTree = BUILT_PRODUCTS_DIR; };
		E6CE22741F671D10006C5755 /* AppDelegate.swift */ = {isa = PBXFileReference; lastKnownFileType = sourcecode.swift; path = AppDelegate.swift; sourceTree = "<group>"; };
		E6CE22761F671D10006C5755 /* SignupController.swift */ = {isa = PBXFileReference; lastKnownFileType = sourcecode.swift; path = SignupController.swift; sourceTree = "<group>"; };
		E6CE22791F671D10006C5755 /* Base */ = {isa = PBXFileReference; lastKnownFileType = file.storyboard; name = Base; path = Base.lproj/Main.storyboard; sourceTree = "<group>"; };
		E6CE227B1F671D11006C5755 /* Assets.xcassets */ = {isa = PBXFileReference; lastKnownFileType = folder.assetcatalog; path = Assets.xcassets; sourceTree = "<group>"; };
		E6CE227E1F671D11006C5755 /* Base */ = {isa = PBXFileReference; lastKnownFileType = file.storyboard; name = Base; path = Base.lproj/LaunchScreen.storyboard; sourceTree = "<group>"; };
		E6CE22801F671D11006C5755 /* Info.plist */ = {isa = PBXFileReference; lastKnownFileType = text.plist.xml; path = Info.plist; sourceTree = "<group>"; };
		E6CE22871F671E3D006C5755 /* Extensions.swift */ = {isa = PBXFileReference; fileEncoding = 4; lastKnownFileType = sourcecode.swift; path = Extensions.swift; sourceTree = "<group>"; };
		E6CE228A1F671ED6006C5755 /* LoginController.swift */ = {isa = PBXFileReference; fileEncoding = 4; lastKnownFileType = sourcecode.swift; path = LoginController.swift; sourceTree = "<group>"; };
		E6CE228E1F675894006C5755 /* MainTabController.swift */ = {isa = PBXFileReference; fileEncoding = 4; lastKnownFileType = sourcecode.swift; path = MainTabController.swift; sourceTree = "<group>"; };
		E6CFCD4F21CAF7F00069F001 /* SearchController.swift */ = {isa = PBXFileReference; lastKnownFileType = sourcecode.swift; path = SearchController.swift; sourceTree = "<group>"; };
		E6CFCD5D21CBBEA40069F001 /* HomeHeader.swift */ = {isa = PBXFileReference; lastKnownFileType = sourcecode.swift; path = HomeHeader.swift; sourceTree = "<group>"; };
		E6CFCD5F21CC0DEE0069F001 /* HomePinterestCell.swift */ = {isa = PBXFileReference; lastKnownFileType = sourcecode.swift; path = HomePinterestCell.swift; sourceTree = "<group>"; };
		E6CFCD6121CC1A610069F001 /* HomeDaysCell.swift */ = {isa = PBXFileReference; lastKnownFileType = sourcecode.swift; path = HomeDaysCell.swift; sourceTree = "<group>"; };
		E6CFCD6321CC1CD60069F001 /* HomeDay.swift */ = {isa = PBXFileReference; lastKnownFileType = sourcecode.swift; path = HomeDay.swift; sourceTree = "<group>"; };
		E6CFCD6521CC77660069F001 /* HomeChallengeCell.swift */ = {isa = PBXFileReference; lastKnownFileType = sourcecode.swift; path = HomeChallengeCell.swift; sourceTree = "<group>"; };
		E6CFCD6721CC78560069F001 /* HomeChallenge.swift */ = {isa = PBXFileReference; lastKnownFileType = sourcecode.swift; path = HomeChallenge.swift; sourceTree = "<group>"; };
		E6D0B401203E13D2008D4268 /* ViewWithDiagonalLine.swift */ = {isa = PBXFileReference; lastKnownFileType = sourcecode.swift; path = ViewWithDiagonalLine.swift; sourceTree = "<group>"; };
		E6D0B405203E2A5E008D4268 /* PhotoLibrary.swift */ = {isa = PBXFileReference; lastKnownFileType = sourcecode.swift; path = PhotoLibrary.swift; sourceTree = "<group>"; };
		E6D0B40B203E70A7008D4268 /* PhotoLibraryCell.swift */ = {isa = PBXFileReference; lastKnownFileType = sourcecode.swift; path = PhotoLibraryCell.swift; sourceTree = "<group>"; };
		E6D2B8D42017BB17008D3055 /* InterestsHeader.swift */ = {isa = PBXFileReference; lastKnownFileType = sourcecode.swift; path = InterestsHeader.swift; sourceTree = "<group>"; };
		E6D2B8DA2018DB7A008D3055 /* Animator.swift */ = {isa = PBXFileReference; lastKnownFileType = sourcecode.swift; path = Animator.swift; sourceTree = "<group>"; };
		E6D5714420110B2A008A37CC /* pursue-bridging-header.h */ = {isa = PBXFileReference; lastKnownFileType = sourcecode.c.h; path = "pursue-bridging-header.h"; sourceTree = "<group>"; };
		E6D5714520115644008A37CC /* QuartzCore.framework */ = {isa = PBXFileReference; lastKnownFileType = wrapper.framework; name = QuartzCore.framework; path = System/Library/Frameworks/QuartzCore.framework; sourceTree = SDKROOT; };
		E6DDFFC021CDA9AC00E7BFC1 /* HomeStandardCell.swift */ = {isa = PBXFileReference; lastKnownFileType = sourcecode.swift; path = HomeStandardCell.swift; sourceTree = "<group>"; };
		E6DDFFC221CDD39300E7BFC1 /* HomeStandard.swift */ = {isa = PBXFileReference; lastKnownFileType = sourcecode.swift; path = HomeStandard.swift; sourceTree = "<group>"; };
		E6DE06E021D90E1F00A979E3 /* DetailController.swift */ = {isa = PBXFileReference; lastKnownFileType = sourcecode.swift; path = DetailController.swift; sourceTree = "<group>"; };
		E6DE06E221D949CC00A979E3 /* RolloverViewController.swift */ = {isa = PBXFileReference; lastKnownFileType = sourcecode.swift; path = RolloverViewController.swift; sourceTree = "<group>"; };
		E6DE06E421DD504A00A979E3 /* EngagementsMenuBar.swift */ = {isa = PBXFileReference; lastKnownFileType = sourcecode.swift; path = EngagementsMenuBar.swift; sourceTree = "<group>"; };
		E6DE06E621DD50B200A979E3 /* EngagementsMenuCells.swift */ = {isa = PBXFileReference; lastKnownFileType = sourcecode.swift; path = EngagementsMenuCells.swift; sourceTree = "<group>"; };
		E6DE06E821DEB56000A979E3 /* DetailSeasonsController.swift */ = {isa = PBXFileReference; lastKnownFileType = sourcecode.swift; path = DetailSeasonsController.swift; sourceTree = "<group>"; };
		E6DEC845201ABF4D00E02393 /* Interests.swift */ = {isa = PBXFileReference; lastKnownFileType = sourcecode.swift; path = Interests.swift; sourceTree = "<group>"; };
		E6DEC84F201AC31100E02393 /* Pursuit.swift */ = {isa = PBXFileReference; lastKnownFileType = sourcecode.swift; path = Pursuit.swift; sourceTree = "<group>"; };
		E6DEC85B201ACDD300E02393 /* Page.swift */ = {isa = PBXFileReference; fileEncoding = 4; lastKnownFileType = sourcecode.swift; path = Page.swift; sourceTree = "<group>"; };
		E6DF9EC6203CF7F2005C86DB /* SwiftyRecordButton.swift */ = {isa = PBXFileReference; lastKnownFileType = sourcecode.swift; path = SwiftyRecordButton.swift; sourceTree = "<group>"; };
		E6DF9EC8203CF88D005C86DB /* VideoViewController.swift */ = {isa = PBXFileReference; lastKnownFileType = sourcecode.swift; path = VideoViewController.swift; sourceTree = "<group>"; };
		E6DF9ECA203CF8FB005C86DB /* PhotoViewController.swift */ = {isa = PBXFileReference; lastKnownFileType = sourcecode.swift; path = PhotoViewController.swift; sourceTree = "<group>"; };
		E6DF9ECC203CF984005C86DB /* SelectCameraController.swift */ = {isa = PBXFileReference; fileEncoding = 4; lastKnownFileType = sourcecode.swift; path = SelectCameraController.swift; sourceTree = "<group>"; };
		E6E0B01D2060720800007A21 /* Search.swift */ = {isa = PBXFileReference; lastKnownFileType = sourcecode.swift; path = Search.swift; sourceTree = "<group>"; };
		E6E0B01F2060AB9500007A21 /* SearchedUsers.swift */ = {isa = PBXFileReference; lastKnownFileType = sourcecode.swift; path = SearchedUsers.swift; sourceTree = "<group>"; };
		E6E1FA33207A5A19008F4280 /* InterestsCell.swift */ = {isa = PBXFileReference; lastKnownFileType = sourcecode.swift; path = InterestsCell.swift; sourceTree = "<group>"; };
		E6E1FA35207A88C8008F4280 /* SignupInterestsHeader.swift */ = {isa = PBXFileReference; lastKnownFileType = sourcecode.swift; path = SignupInterestsHeader.swift; sourceTree = "<group>"; };
		E6E269002144976B00A7B1FC /* DetailSavedCells.swift */ = {isa = PBXFileReference; lastKnownFileType = sourcecode.swift; path = DetailSavedCells.swift; sourceTree = "<group>"; };
		E6E76D2E2173E7A9006A7DDF /* CustomSavePopover.swift */ = {isa = PBXFileReference; lastKnownFileType = sourcecode.swift; path = CustomSavePopover.swift; sourceTree = "<group>"; };
		E6F04D8021E64C1F0010BEB8 /* DetailTeamController.swift */ = {isa = PBXFileReference; lastKnownFileType = sourcecode.swift; path = DetailTeamController.swift; sourceTree = "<group>"; };
		E6F04D8221E64D2D0010BEB8 /* DetailTeamCells.swift */ = {isa = PBXFileReference; lastKnownFileType = sourcecode.swift; path = DetailTeamCells.swift; sourceTree = "<group>"; };
		E6F04D8421E652310010BEB8 /* DetailTryingController.swift */ = {isa = PBXFileReference; lastKnownFileType = sourcecode.swift; path = DetailTryingController.swift; sourceTree = "<group>"; };
		E6F04D8621E652570010BEB8 /* DetailTryingCell.swift */ = {isa = PBXFileReference; lastKnownFileType = sourcecode.swift; path = DetailTryingCell.swift; sourceTree = "<group>"; };
		E6F04D8821E652F00010BEB8 /* DetailTryingHeader.swift */ = {isa = PBXFileReference; lastKnownFileType = sourcecode.swift; path = DetailTryingHeader.swift; sourceTree = "<group>"; };
		E6F04D8C21E6669A0010BEB8 /* DetailIssuesController.swift */ = {isa = PBXFileReference; lastKnownFileType = sourcecode.swift; path = DetailIssuesController.swift; sourceTree = "<group>"; };
		E6F04D8E21E666E10010BEB8 /* DetailIssuesCell.swift */ = {isa = PBXFileReference; lastKnownFileType = sourcecode.swift; path = DetailIssuesCell.swift; sourceTree = "<group>"; };
		E6F04D9021E66E340010BEB8 /* DetailIssuesFooter.swift */ = {isa = PBXFileReference; lastKnownFileType = sourcecode.swift; path = DetailIssuesFooter.swift; sourceTree = "<group>"; };
		E6F04D9221E68D860010BEB8 /* DetailSeasonCells.swift */ = {isa = PBXFileReference; lastKnownFileType = sourcecode.swift; path = DetailSeasonCells.swift; sourceTree = "<group>"; };
		E6F04D9421E68DD30010BEB8 /* DetailSeasonHeader.swift */ = {isa = PBXFileReference; lastKnownFileType = sourcecode.swift; path = DetailSeasonHeader.swift; sourceTree = "<group>"; };
		E6F7D449219D1C94007CA8F6 /* ResponseController.swift */ = {isa = PBXFileReference; lastKnownFileType = sourcecode.swift; path = ResponseController.swift; sourceTree = "<group>"; };
/* End PBXFileReference section */

/* Begin PBXFrameworksBuildPhase section */
		E6CE226E1F671D10006C5755 /* Frameworks */ = {
			isa = PBXFrameworksBuildPhase;
			buildActionMask = 2147483647;
			files = (
				E6D5714620115644008A37CC /* QuartzCore.framework in Frameworks */,
				D7D62EB1644EAE38883D89C8 /* Pods_Inpursuit.framework in Frameworks */,
			);
			runOnlyForDeploymentPostprocessing = 0;
		};
/* End PBXFrameworksBuildPhase section */

/* Begin PBXGroup section */
		06D8570C48F52DDD3988B6D6 /* Pods */ = {
			isa = PBXGroup;
			children = (
				40526016F4035214D0A937BE /* Pods-Inpursuit.debug.xcconfig */,
				63C206B28A3E87BF50FECDC3 /* Pods-Inpursuit.release.xcconfig */,
			);
			name = Pods;
			sourceTree = "<group>";
		};
		B8D5720C3FE5E65C8BA745E6 /* Frameworks */ = {
			isa = PBXGroup;
			children = (
				E6D5714520115644008A37CC /* QuartzCore.framework */,
				CC0F52DE2340CAE1A5BAC9DE /* Pods_Inpursuit.framework */,
			);
			name = Frameworks;
			sourceTree = "<group>";
		};
		E617BB131FD886BB008B2EA1 /* Intro */ = {
			isa = PBXGroup;
			children = (
				E617BB161FD8874B008B2EA1 /* SwipingController.swift */,
				E6DEC85B201ACDD300E02393 /* Page.swift */,
				E617BB181FD88775008B2EA1 /* PageCell.swift */,
			);
			name = Intro;
			sourceTree = "<group>";
		};
		E62530A61FFD611000E41794 /* Interests */ = {
			isa = PBXGroup;
			children = (
				E6B49F2A1FACDCE800AEDAFD /* InterestsController.swift */,
				E6D2B8D42017BB17008D3055 /* InterestsHeader.swift */,
				E6B49F2E1FACDE4100AEDAFD /* SelectInterestsList.swift */,
			);
			name = Interests;
			sourceTree = "<group>";
		};
		E628F2E020350E69002FE8CF /* Search */ = {
			isa = PBXGroup;
			children = (
				E628F2E92035D978002FE8CF /* SearchUsers.swift */,
				E628F2ED2035D98A002FE8CF /* SearchPosts.swift */,
				E686875521BF33D400F8E24C /* SearchPursuitsCells.swift */,
				E67FE165214D55F8009A6BEF /* SearchPostCells.swift */,
				E67FE161214C9D9E009A6BEF /* SearchPursuits.swift */,
				E6CFCD4F21CAF7F00069F001 /* SearchController.swift */,
			);
			name = Search;
			sourceTree = "<group>";
		};
		E629ED3B2145DC1400E57085 /* Engagements */ = {
			isa = PBXGroup;
			children = (
				E6235EA71F94208F00BF1FDE /* PostResponses.swift */,
				E61A41AF1F952C0D002F4045 /* PostResponsesCell.swift */,
				E61A70E120E182D600EB69D8 /* TeamList.swift */,
				E61A70E320E1832900EB69D8 /* TeamCells.swift */,
				E674AB7A214357E300E27867 /* DetailTrying.swift */,
				E6E269002144976B00A7B1FC /* DetailSavedCells.swift */,
				446C359821181F80005BDE71 /* PursuitDayTableViewCell.swift */,
			);
			name = Engagements;
			sourceTree = "<group>";
		};
		E6308EA51FBD23F700571130 /* Settings */ = {
			isa = PBXGroup;
			children = (
				E62AAB161FD0A2D10053EAD7 /* EditProfileController.swift */,
				E62AAB1A1FD0A54D0053EAD7 /* TermsController.swift */,
				E62AAB1C1FD0A5D30053EAD7 /* PolicyController.swift */,
				E639806B20490B550049A71B /* InviteController.swift */,
				E639806F204911D80049A71B /* InviteCell.swift */,
			);
			name = Settings;
			sourceTree = "<group>";
		};
		E639807D204DD5E70049A71B /* Services */ = {
			isa = PBXGroup;
			children = (
				E639808A204DD9B00049A71B /* EngagementServices.swift */,
				E6398080204DD6780049A71B /* ExploreServices.swift */,
				E639807E204DD63D0049A71B /* HomeServices.swift */,
				E6398086204DD7240049A71B /* InterestServices.swift */,
				E6398082204DD6B60049A71B /* CreateServices.swift */,
				E6398084204DD6DF0049A71B /* ProfileServices.swift */,
			);
			name = Services;
			sourceTree = "<group>";
		};
		E64324A61F79559D0090075F /* Detail */ = {
			isa = PBXGroup;
			children = (
				E6136EA21F968EAB00E29101 /* PostDetailController.swift */,
				E623DBF02177F34A008DDE64 /* SavePopoverCells.swift */,
				E63CEB4F20EACEC100FFDEF3 /* DayLabelCell.swift */,
				E63CEB4D20EACAC000FFDEF3 /* PursuitDay.swift */,
				E6989BF220475CDD0067A55B /* CustomDetailView.swift */,
				E62E29B52155DD7900139483 /* KeyPost.swift */,
				E62E29B92156B3C600139483 /* KeyPostCells.swift */,
				E672C4BB2159E5EB0097E342 /* KeyPostController.swift */,
				E67205F4215AA4DB0085470C /* KeyPostListCells.swift */,
				E6E76D2E2173E7A9006A7DDF /* CustomSavePopover.swift */,
				E623DBEC2177B531008DDE64 /* CustomTryPopover.swift */,
				E623DBEE2177B578008DDE64 /* CustomMorePopover.swift */,
				E680AAB8217969B600DBE9E4 /* CustomFriendPopover.swift */,
				E6F7D449219D1C94007CA8F6 /* ResponseController.swift */,
				E6DE06E021D90E1F00A979E3 /* DetailController.swift */,
				E6DE06E221D949CC00A979E3 /* RolloverViewController.swift */,
				E6DE06E421DD504A00A979E3 /* EngagementsMenuBar.swift */,
				E6DE06E621DD50B200A979E3 /* EngagementsMenuCells.swift */,
				E6DE06E821DEB56000A979E3 /* DetailSeasonsController.swift */,
				E6F04D9221E68D860010BEB8 /* DetailSeasonCells.swift */,
				E6F04D9421E68DD30010BEB8 /* DetailSeasonHeader.swift */,
				E6F04D8021E64C1F0010BEB8 /* DetailTeamController.swift */,
				E6F04D8221E64D2D0010BEB8 /* DetailTeamCells.swift */,
				E6F04D8421E652310010BEB8 /* DetailTryingController.swift */,
				E6F04D8821E652F00010BEB8 /* DetailTryingHeader.swift */,
				E6F04D8621E652570010BEB8 /* DetailTryingCell.swift */,
				E6F04D8C21E6669A0010BEB8 /* DetailIssuesController.swift */,
				E6F04D9021E66E340010BEB8 /* DetailIssuesFooter.swift */,
				E6F04D8E21E666E10010BEB8 /* DetailIssuesCell.swift */,
			);
			name = Detail;
			sourceTree = "<group>";
		};
		E667066920ED6D9B001A8E8E /* Lato */ = {
			isa = PBXGroup;
			children = (
				E667066C20ED6D9B001A8E8E /* Lato-Bold.ttf */,
				E667066D20ED6D9B001A8E8E /* Lato-Black.ttf */,
				E667068520EDA0A1001A8E8E /* Lato-Semibold.ttf */,
				E667068420EDA08E001A8E8E /* Lato-Regular.ttf */,
				E667068020ED6EBE001A8E8E /* Lato-Thin.ttf */,
				E667067220ED6D9B001A8E8E /* OFL.txt */,
			);
			path = Lato;
			sourceTree = "<group>";
		};
		E675031F21E2F92B0043CDFA /* Tabs */ = {
			isa = PBXGroup;
			children = (
				E675032121E2F9430043CDFA /* SpringboardTabBar.swift */,
				E675032021E2F9420043CDFA /* SpringboardTabBarController.swift */,
				E675032221E2F9440043CDFA /* SpringboardTabBarTransition.swift */,
				E675032621E3D4D10043CDFA /* TestTabsController.swift */,
			);
			name = Tabs;
			sourceTree = "<group>";
		};
		E696E91F21E1A4C200192DEB /* NewHome */ = {
			isa = PBXGroup;
			children = (
				E696E92021E1A4FC00192DEB /* NewHomeController.swift */,
				E696E92221E1A7F200192DEB /* NewHomeCells.swift */,
			);
			name = NewHome;
			sourceTree = "<group>";
		};
		E6A273FC1F68323F00F5B4C8 /* Models */ = {
			isa = PBXGroup;
			children = (
				E6A273FD1F68325A00F5B4C8 /* Post.swift */,
				E6DEC845201ABF4D00E02393 /* Interests.swift */,
				E6DEC84F201AC31100E02393 /* Pursuit.swift */,
				E6A273FF1F68327F00F5B4C8 /* User.swift */,
				E62E29A52152A32B00139483 /* CreateInterests.swift */,
				E639808C204DF3D40049A71B /* Notifications.swift */,
				E639806D20490E920049A71B /* Contacts.swift */,
				E62C1C05205113AA00781FF1 /* Follower.swift */,
				E6E0B01D2060720800007A21 /* Search.swift */,
				E6E0B01F2060AB9500007A21 /* SearchedUsers.swift */,
				E63899FF206C1A7E007055A4 /* Home.swift */,
				E6389A01206C1AD9007055A4 /* HomePostContent.swift */,
				E672C4B92159A72E0097E342 /* Story.swift */,
				E683867B219155FD00D502CB /* HomeDetail.swift */,
				E638791B219395FD0046FF95 /* Added.swift */,
				E638791D21939A370046FF95 /* Engagements.swift */,
				E604732C219F6543006F22AB /* CreateDetail.swift */,
				E604733021A0DD62006F22AB /* Feed.swift */,
			);
			name = Models;
			sourceTree = "<group>";
		};
		E6CE22681F671D10006C5755 = {
			isa = PBXGroup;
			children = (
				E6CE22731F671D10006C5755 /* pursue */,
				E6CE22721F671D10006C5755 /* Products */,
				B8D5720C3FE5E65C8BA745E6 /* Frameworks */,
				06D8570C48F52DDD3988B6D6 /* Pods */,
			);
			sourceTree = "<group>";
		};
		E6CE22721F671D10006C5755 /* Products */ = {
			isa = PBXGroup;
			children = (
				E6CE22711F671D10006C5755 /* Inpursuit.app */,
			);
			name = Products;
			sourceTree = "<group>";
		};
		E6CE22731F671D10006C5755 /* pursue */ = {
			isa = PBXGroup;
			children = (
				E675031F21E2F92B0043CDFA /* Tabs */,
				E696E91F21E1A4C200192DEB /* NewHome */,
				E629ED3B2145DC1400E57085 /* Engagements */,
				E67FB8C0202FB18C0008732C /* pursue.entitlements */,
				E6CE229C1F67615E006C5755 /* Camera */,
				E64324A61F79559D0090075F /* Detail */,
				E6CE22901F67594C006C5755 /* Home */,
				E62530A61FFD611000E41794 /* Interests */,
				E617BB131FD886BB008B2EA1 /* Intro */,
				E6CE22891F671EC5006C5755 /* Login */,
				E6A273FC1F68323F00F5B4C8 /* Models */,
				E6CE22961F675A35006C5755 /* Profile */,
				E628F2E020350E69002FE8CF /* Search */,
				E6308EA51FBD23F700571130 /* Settings */,
				E639807D204DD5E70049A71B /* Services */,
				E6CE22861F671E2D006C5755 /* Utils */,
				E6CE22741F671D10006C5755 /* AppDelegate.swift */,
				E6CE228E1F675894006C5755 /* MainTabController.swift */,
				E6D5714420110B2A008A37CC /* pursue-bridging-header.h */,
				E6CE22781F671D10006C5755 /* Main.storyboard */,
				E667066920ED6D9B001A8E8E /* Lato */,
				E6CE227B1F671D11006C5755 /* Assets.xcassets */,
				E6CE227D1F671D11006C5755 /* LaunchScreen.storyboard */,
				E615572321BEDFE10048C392 /* GoogleService-Info.plist */,
				E6CE22801F671D11006C5755 /* Info.plist */,
			);
			path = pursue;
			sourceTree = "<group>";
		};
		E6CE22861F671E2D006C5755 /* Utils */ = {
			isa = PBXGroup;
			children = (
				E6D2B8DA2018DB7A008D3055 /* Animator.swift */,
				E6CE22871F671E3D006C5755 /* Extensions.swift */,
				E6A273F81F68314F00F5B4C8 /* CustomImageView.swift */,
				E64324B41F79A47F0090075F /* CardView.swift */,
				E60B0835200513FE003F6B70 /* BioInputTextView.swift */,
				E67FB8C1203117C70008732C /* ImageProcessor.swift */,
				E6D0B401203E13D2008D4268 /* ViewWithDiagonalLine.swift */,
				E67205FB215BE0590085470C /* System.swift */,
				E63CEB6120ED60D500FFDEF3 /* Utility.swift */,
				E6777883212CDC48001820FE /* Reachability.swift */,
				E6A39204217C0AB200ABF10B /* SwiftyCamViewController.swift */,
				E6A39206217C0B0B00ABF10B /* SwiftyCamButton.swift */,
				E6A39208217C0B2E00ABF10B /* PreviewView.swift */,
				E6A3920A217C0B6800ABF10B /* SwiftyCamViewControllerDelegate.swift */,
				E696E91621E13CAF00192DEB /* VBRRollingPit.swift */,
				E60D52F421E5922200C7BB45 /* StepIndicatorView.swift */,
			);
			name = Utils;
			sourceTree = "<group>";
		};
		E6CE22891F671EC5006C5755 /* Login */ = {
			isa = PBXGroup;
			children = (
				E6CE22761F671D10006C5755 /* SignupController.swift */,
				E6CE228A1F671ED6006C5755 /* LoginController.swift */,
				E61692431FD64544008BF11D /* ForgotController.swift */,
				E6299B9E2077139900B59061 /* EmailCell.swift */,
				E6299BA0207713EC00B59061 /* NameCell.swift */,
				E6299BA22077143500B59061 /* UsernameCell.swift */,
				E6299BA42077149100B59061 /* PasswordCell.swift */,
				E6299BA62077150400B59061 /* ProfilePictureCell.swift */,
				E6E1FA33207A5A19008F4280 /* InterestsCell.swift */,
				E6E1FA35207A88C8008F4280 /* SignupInterestsHeader.swift */,
			);
			name = Login;
			sourceTree = "<group>";
		};
		E6CE22901F67594C006C5755 /* Home */ = {
			isa = PBXGroup;
			children = (
				E65F1E511FCCBE5000BD850E /* HomeController.swift */,
				E6B35EB521D08A5800C38700 /* HomeContainer.swift */,
				E6812890213606B60006D498 /* HomePostCells.swift */,
				E6CFCD5D21CBBEA40069F001 /* HomeHeader.swift */,
				E6CFCD5F21CC0DEE0069F001 /* HomePinterestCell.swift */,
				E6CFCD6121CC1A610069F001 /* HomeDaysCell.swift */,
				E6CFCD6321CC1CD60069F001 /* HomeDay.swift */,
				E6CFCD6521CC77660069F001 /* HomeChallengeCell.swift */,
				E6CFCD6721CC78560069F001 /* HomeChallenge.swift */,
				E622658121CCA3B500DC2C27 /* HomeConflictCell.swift */,
				E622658321CCA3EB00DC2C27 /* HomeConflict.swift */,
				E622658521CCA90100DC2C27 /* HomeUserCell.swift */,
				E622658721CCA92600DC2C27 /* HomeUser.swift */,
				E6DDFFC021CDA9AC00E7BFC1 /* HomeStandardCell.swift */,
				E6DDFFC221CDD39300E7BFC1 /* HomeStandard.swift */,
				E6B35EB721D08A8500C38700 /* HomeMenuBar.swift */,
				E6B35EB921D08AD100C38700 /* HomeMenuCells.swift */,
				E6B35EBB21D08BF600C38700 /* HomeCarousel.swift */,
				E6B35EBF21D67F5500C38700 /* HomeViews.swift */,
			);
			name = Home;
			sourceTree = "<group>";
		};
		E6CE22961F675A35006C5755 /* Profile */ = {
			isa = PBXGroup;
			children = (
				E65F1E551FCCC7BF00BD850E /* ProfileController.swift */,
				E6234E952044719C00A57A2C /* CustomSettingsView.swift */,
				E6234E97204478E700A57A2C /* CustomLogOutView.swift */,
				E60EB26620460DB8006E4F1A /* FollowingCells.swift */,
				E60EB268204616D8006E4F1A /* FriendsController.swift */,
				E692791821AF1CF300199A30 /* RecommenedPursuitCell.swift */,
				E60EB26A204617B5006E4F1A /* FriendsCells.swift */,
				E6CB1B4A205789DB00B5D2ED /* ProfilePursuit.swift */,
				E66AEB1820DD6ECC000018B5 /* ProfileHeader.swift */,
				E697CA3021C354D500D85192 /* CustomFriendSettingsView.swift */,
				E6B35EB121CEC0C100C38700 /* ProfileStep.swift */,
				E6B35EB321CEC25A00C38700 /* ProfileStepCell.swift */,
				E6B35EC121D7047600C38700 /* ProfilePursuitActions.swift */,
				E6B35EC321D704DA00C38700 /* ActionMenuBar.swift */,
				E6B35EC721D7088100C38700 /* ProfileChallengeView.swift */,
				E6B35EC921D708F800C38700 /* ProfileIssueView.swift */,
				E6B35EC521D705A600C38700 /* ActionMenuCells.swift */,
				E6B35ECB21D7CA2F00C38700 /* ProfileChallengeCell.swift */,
				E6B35ECD21D7EF4700C38700 /* ProfileIssueCell.swift */,
			);
			name = Profile;
			sourceTree = "<group>";
		};
		E6CE229C1F67615E006C5755 /* Camera */ = {
			isa = PBXGroup;
			children = (
				E6DF9ECC203CF984005C86DB /* SelectCameraController.swift */,
				E6DF9EC6203CF7F2005C86DB /* SwiftyRecordButton.swift */,
				E6DF9EC8203CF88D005C86DB /* VideoViewController.swift */,
				E6DF9ECA203CF8FB005C86DB /* PhotoViewController.swift */,
				E6D0B405203E2A5E008D4268 /* PhotoLibrary.swift */,
				E6D0B40B203E70A7008D4268 /* PhotoLibraryCell.swift */,
				E6234E9B2044F93F00A57A2C /* AVPlayer+isPlaying.swift */,
				E6234E9D2044F96B00A57A2C /* AssetSelectionViewController.swift */,
				E6AD4BBE206AE05B00451547 /* CreateInterestsCells.swift */,
				E62E29A72152BBF500139483 /* CreateTeamCells.swift */,
				E6AFDA9D21824AC30055C25D /* CaptureDetailView.swift */,
				E600427B21AE31D40085D445 /* CaptureResponseView.swift */,
			);
			name = Camera;
			sourceTree = "<group>";
		};
/* End PBXGroup section */

/* Begin PBXNativeTarget section */
		E6CE22701F671D10006C5755 /* Inpursuit */ = {
			isa = PBXNativeTarget;
			buildConfigurationList = E6CE22831F671D11006C5755 /* Build configuration list for PBXNativeTarget "Inpursuit" */;
			buildPhases = (
				CEED427D822400C5C1FA11EB /* [CP] Check Pods Manifest.lock */,
				E6CE226D1F671D10006C5755 /* Sources */,
				E6CE226E1F671D10006C5755 /* Frameworks */,
				E6CE226F1F671D10006C5755 /* Resources */,
				A9D8896E76CAE6AD57636C42 /* [CP] Embed Pods Frameworks */,
			);
			buildRules = (
			);
			dependencies = (
			);
			name = Inpursuit;
			productName = pursue;
			productReference = E6CE22711F671D10006C5755 /* Inpursuit.app */;
			productType = "com.apple.product-type.application";
		};
/* End PBXNativeTarget section */

/* Begin PBXProject section */
		E6CE22691F671D10006C5755 /* Project object */ = {
			isa = PBXProject;
			attributes = {
				LastSwiftUpdateCheck = 0830;
				LastUpgradeCheck = 0940;
				ORGANIZATIONNAME = Glory;
				TargetAttributes = {
					E6CE22701F671D10006C5755 = {
						CreatedOnToolsVersion = 8.3.3;
						DevelopmentTeam = NCM5NDEVZK;
						LastSwiftMigration = 1000;
						ProvisioningStyle = Automatic;
						SystemCapabilities = {
							com.apple.Keychain = {
								enabled = 1;
							};
							com.apple.Push = {
								enabled = 1;
							};
						};
					};
				};
			};
			buildConfigurationList = E6CE226C1F671D10006C5755 /* Build configuration list for PBXProject "Inpursuit" */;
			compatibilityVersion = "Xcode 3.2";
			developmentRegion = English;
			hasScannedForEncodings = 0;
			knownRegions = (
				en,
				Base,
			);
			mainGroup = E6CE22681F671D10006C5755;
			productRefGroup = E6CE22721F671D10006C5755 /* Products */;
			projectDirPath = "";
			projectRoot = "";
			targets = (
				E6CE22701F671D10006C5755 /* Inpursuit */,
			);
		};
/* End PBXProject section */

/* Begin PBXResourcesBuildPhase section */
		E6CE226F1F671D10006C5755 /* Resources */ = {
			isa = PBXResourcesBuildPhase;
			buildActionMask = 2147483647;
			files = (
				E667067D20ED6D9B001A8E8E /* OFL.txt in Resources */,
				E6CE227F1F671D11006C5755 /* LaunchScreen.storyboard in Resources */,
				E667068620EDA0BA001A8E8E /* Lato-Semibold.ttf in Resources */,
				E667067820ED6D9B001A8E8E /* Lato-Black.ttf in Resources */,
				E6CE227C1F671D11006C5755 /* Assets.xcassets in Resources */,
				E6CE227A1F671D10006C5755 /* Main.storyboard in Resources */,
				E615572421BEDFE10048C392 /* GoogleService-Info.plist in Resources */,
				E667068120ED6F04001A8E8E /* Lato-Thin.ttf in Resources */,
				E667067720ED6D9B001A8E8E /* Lato-Bold.ttf in Resources */,
			);
			runOnlyForDeploymentPostprocessing = 0;
		};
/* End PBXResourcesBuildPhase section */

/* Begin PBXShellScriptBuildPhase section */
		A9D8896E76CAE6AD57636C42 /* [CP] Embed Pods Frameworks */ = {
			isa = PBXShellScriptBuildPhase;
			buildActionMask = 2147483647;
			files = (
			);
			inputPaths = (
				"${SRCROOT}/Pods/Target Support Files/Pods-Inpursuit/Pods-Inpursuit-frameworks.sh",
				"${BUILT_PRODUCTS_DIR}/ABSteppedProgressBar/ABSteppedProgressBar.framework",
				"${BUILT_PRODUCTS_DIR}/Alamofire/Alamofire.framework",
				"${BUILT_PRODUCTS_DIR}/AnimatedCollectionViewLayout/AnimatedCollectionViewLayout.framework",
				"${BUILT_PRODUCTS_DIR}/CHIPageControl/CHIPageControl.framework",
				"${BUILT_PRODUCTS_DIR}/GTMSessionFetcher/GTMSessionFetcher.framework",
				"${BUILT_PRODUCTS_DIR}/GoogleToolboxForMac/GoogleToolboxForMac.framework",
				"${BUILT_PRODUCTS_DIR}/GoogleUtilities/GoogleUtilities.framework",
				"${BUILT_PRODUCTS_DIR}/Hero/Hero.framework",
				"${BUILT_PRODUCTS_DIR}/KWTransition/KWTransition.framework",
				"${BUILT_PRODUCTS_DIR}/Mixpanel-swift/Mixpanel.framework",
				"${BUILT_PRODUCTS_DIR}/NVActivityIndicatorView/NVActivityIndicatorView.framework",
				"${BUILT_PRODUCTS_DIR}/ParallaxHeader/ParallaxHeader.framework",
				"${BUILT_PRODUCTS_DIR}/PinterestLayout/PinterestLayout.framework",
				"${BUILT_PRODUCTS_DIR}/Protobuf/Protobuf.framework",
				"${BUILT_PRODUCTS_DIR}/PryntTrimmerView/PryntTrimmerView.framework",
				"${BUILT_PRODUCTS_DIR}/RandomColorSwift/RandomColorSwift.framework",
				"${BUILT_PRODUCTS_DIR}/ReachabilitySwift/Reachability.framework",
				"${BUILT_PRODUCTS_DIR}/SelectionList/SelectionList.framework",
				"${BUILT_PRODUCTS_DIR}/TRVSEventSource/TRVSEventSource.framework",
				"${BUILT_PRODUCTS_DIR}/TabBarController/TabBarController.framework",
				"${BUILT_PRODUCTS_DIR}/iCarousel/iCarousel.framework",
				"${BUILT_PRODUCTS_DIR}/leveldb-library/leveldb.framework",
				"${BUILT_PRODUCTS_DIR}/nanopb/nanopb.framework",
			);
			name = "[CP] Embed Pods Frameworks";
			outputPaths = (
				"${TARGET_BUILD_DIR}/${FRAMEWORKS_FOLDER_PATH}/ABSteppedProgressBar.framework",
				"${TARGET_BUILD_DIR}/${FRAMEWORKS_FOLDER_PATH}/Alamofire.framework",
				"${TARGET_BUILD_DIR}/${FRAMEWORKS_FOLDER_PATH}/AnimatedCollectionViewLayout.framework",
				"${TARGET_BUILD_DIR}/${FRAMEWORKS_FOLDER_PATH}/CHIPageControl.framework",
				"${TARGET_BUILD_DIR}/${FRAMEWORKS_FOLDER_PATH}/GTMSessionFetcher.framework",
				"${TARGET_BUILD_DIR}/${FRAMEWORKS_FOLDER_PATH}/GoogleToolboxForMac.framework",
				"${TARGET_BUILD_DIR}/${FRAMEWORKS_FOLDER_PATH}/GoogleUtilities.framework",
				"${TARGET_BUILD_DIR}/${FRAMEWORKS_FOLDER_PATH}/Hero.framework",
				"${TARGET_BUILD_DIR}/${FRAMEWORKS_FOLDER_PATH}/KWTransition.framework",
				"${TARGET_BUILD_DIR}/${FRAMEWORKS_FOLDER_PATH}/Mixpanel.framework",
				"${TARGET_BUILD_DIR}/${FRAMEWORKS_FOLDER_PATH}/NVActivityIndicatorView.framework",
				"${TARGET_BUILD_DIR}/${FRAMEWORKS_FOLDER_PATH}/ParallaxHeader.framework",
				"${TARGET_BUILD_DIR}/${FRAMEWORKS_FOLDER_PATH}/PinterestLayout.framework",
				"${TARGET_BUILD_DIR}/${FRAMEWORKS_FOLDER_PATH}/Protobuf.framework",
				"${TARGET_BUILD_DIR}/${FRAMEWORKS_FOLDER_PATH}/PryntTrimmerView.framework",
				"${TARGET_BUILD_DIR}/${FRAMEWORKS_FOLDER_PATH}/RandomColorSwift.framework",
				"${TARGET_BUILD_DIR}/${FRAMEWORKS_FOLDER_PATH}/Reachability.framework",
				"${TARGET_BUILD_DIR}/${FRAMEWORKS_FOLDER_PATH}/SelectionList.framework",
				"${TARGET_BUILD_DIR}/${FRAMEWORKS_FOLDER_PATH}/TRVSEventSource.framework",
				"${TARGET_BUILD_DIR}/${FRAMEWORKS_FOLDER_PATH}/TabBarController.framework",
				"${TARGET_BUILD_DIR}/${FRAMEWORKS_FOLDER_PATH}/iCarousel.framework",
				"${TARGET_BUILD_DIR}/${FRAMEWORKS_FOLDER_PATH}/leveldb.framework",
				"${TARGET_BUILD_DIR}/${FRAMEWORKS_FOLDER_PATH}/nanopb.framework",
			);
			runOnlyForDeploymentPostprocessing = 0;
			shellPath = /bin/sh;
			shellScript = "\"${SRCROOT}/Pods/Target Support Files/Pods-Inpursuit/Pods-Inpursuit-frameworks.sh\"\n";
			showEnvVarsInLog = 0;
		};
		CEED427D822400C5C1FA11EB /* [CP] Check Pods Manifest.lock */ = {
			isa = PBXShellScriptBuildPhase;
			buildActionMask = 2147483647;
			files = (
			);
			inputPaths = (
				"${PODS_PODFILE_DIR_PATH}/Podfile.lock",
				"${PODS_ROOT}/Manifest.lock",
			);
			name = "[CP] Check Pods Manifest.lock";
			outputPaths = (
				"$(DERIVED_FILE_DIR)/Pods-Inpursuit-checkManifestLockResult.txt",
			);
			runOnlyForDeploymentPostprocessing = 0;
			shellPath = /bin/sh;
			shellScript = "diff \"${PODS_PODFILE_DIR_PATH}/Podfile.lock\" \"${PODS_ROOT}/Manifest.lock\" > /dev/null\nif [ $? != 0 ] ; then\n    # print error to STDERR\n    echo \"error: The sandbox is not in sync with the Podfile.lock. Run 'pod install' or update your CocoaPods installation.\" >&2\n    exit 1\nfi\n# This output is used by Xcode 'outputs' to avoid re-running this script phase.\necho \"SUCCESS\" > \"${SCRIPT_OUTPUT_FILE_0}\"\n";
			showEnvVarsInLog = 0;
		};
/* End PBXShellScriptBuildPhase section */

/* Begin PBXSourcesBuildPhase section */
		E6CE226D1F671D10006C5755 /* Sources */ = {
			isa = PBXSourcesBuildPhase;
			buildActionMask = 2147483647;
			files = (
				E6B35EBA21D08AD100C38700 /* HomeMenuCells.swift in Sources */,
				E6D0B402203E13D2008D4268 /* ViewWithDiagonalLine.swift in Sources */,
				E6A3920B217C0B6800ABF10B /* SwiftyCamViewControllerDelegate.swift in Sources */,
				E686875621BF33D500F8E24C /* SearchPursuitsCells.swift in Sources */,
				E6DE06E521DD504A00A979E3 /* EngagementsMenuBar.swift in Sources */,
				E6CE22771F671D10006C5755 /* SignupController.swift in Sources */,
				E62E29A62152A32B00139483 /* CreateInterests.swift in Sources */,
				E6B35ECA21D708F800C38700 /* ProfileIssueView.swift in Sources */,
				E6DE06E921DEB56000A979E3 /* DetailSeasonsController.swift in Sources */,
				E6CFCD5E21CBBEA40069F001 /* HomeHeader.swift in Sources */,
				E61692441FD64544008BF11D /* ForgotController.swift in Sources */,
				E6F04D8D21E6669A0010BEB8 /* DetailIssuesController.swift in Sources */,
				E6F04D8121E64C1F0010BEB8 /* DetailTeamController.swift in Sources */,
				E638791E21939A370046FF95 /* Engagements.swift in Sources */,
				E6398081204DD6780049A71B /* ExploreServices.swift in Sources */,
				E639808B204DD9B00049A71B /* EngagementServices.swift in Sources */,
				E65F1E521FCCBE5000BD850E /* HomeController.swift in Sources */,
				E6398083204DD6B60049A71B /* CreateServices.swift in Sources */,
				E628F2EE2035D98A002FE8CF /* SearchPosts.swift in Sources */,
				E6389A02206C1AD9007055A4 /* HomePostContent.swift in Sources */,
				E6299BA52077149100B59061 /* PasswordCell.swift in Sources */,
				E62E29BA2156B3C600139483 /* KeyPostCells.swift in Sources */,
				E6389A00206C1A7E007055A4 /* Home.swift in Sources */,
				E62AAB1B1FD0A54D0053EAD7 /* TermsController.swift in Sources */,
				E6234E9E2044F96B00A57A2C /* AssetSelectionViewController.swift in Sources */,
				E6DDFFC121CDA9AC00E7BFC1 /* HomeStandardCell.swift in Sources */,
				E6B35EC421D704DA00C38700 /* ActionMenuBar.swift in Sources */,
				E600427C21AE31D40085D445 /* CaptureResponseView.swift in Sources */,
				E6CFCD6621CC77660069F001 /* HomeChallengeCell.swift in Sources */,
				E638791C219395FD0046FF95 /* Added.swift in Sources */,
				E6F04D8521E652310010BEB8 /* DetailTryingController.swift in Sources */,
				E696E91721E13CAF00192DEB /* VBRRollingPit.swift in Sources */,
				E696E92321E1A7F200192DEB /* NewHomeCells.swift in Sources */,
				E6F04D8721E652570010BEB8 /* DetailTryingCell.swift in Sources */,
				E67205F5215AA4DB0085470C /* KeyPostListCells.swift in Sources */,
				E6DE06E321D949CC00A979E3 /* RolloverViewController.swift in Sources */,
				E674AB7B214357E300E27867 /* DetailTrying.swift in Sources */,
				446C359921181F80005BDE71 /* PursuitDayTableViewCell.swift in Sources */,
				E6DE06E721DD50B200A979E3 /* EngagementsMenuCells.swift in Sources */,
				E60D52F521E5922200C7BB45 /* StepIndicatorView.swift in Sources */,
				E623DBEF2177B578008DDE64 /* CustomMorePopover.swift in Sources */,
				E6A273F91F68314F00F5B4C8 /* CustomImageView.swift in Sources */,
				E639808D204DF3D40049A71B /* Notifications.swift in Sources */,
				E6F04D9121E66E340010BEB8 /* DetailIssuesFooter.swift in Sources */,
				E6E0B0202060AB9500007A21 /* SearchedUsers.swift in Sources */,
				E6B35EB621D08A5800C38700 /* HomeContainer.swift in Sources */,
				E6B35EB821D08A8500C38700 /* HomeMenuBar.swift in Sources */,
				E6299B9F2077139900B59061 /* EmailCell.swift in Sources */,
				E6B35ECC21D7CA2F00C38700 /* ProfileChallengeCell.swift in Sources */,
				E62AAB171FD0A2D10053EAD7 /* EditProfileController.swift in Sources */,
				E6D0B406203E2A5E008D4268 /* PhotoLibrary.swift in Sources */,
				E63CEB4E20EACAC000FFDEF3 /* PursuitDay.swift in Sources */,
				E6DF9ECB203CF8FB005C86DB /* PhotoViewController.swift in Sources */,
				E622658221CCA3B500DC2C27 /* HomeConflictCell.swift in Sources */,
				E6CFCD6221CC1A610069F001 /* HomeDaysCell.swift in Sources */,
				E61A70E420E1832900EB69D8 /* TeamCells.swift in Sources */,
				E6CFCD6421CC1CD60069F001 /* HomeDay.swift in Sources */,
				E6E1FA36207A88C8008F4280 /* SignupInterestsHeader.swift in Sources */,
				E67FE162214C9D9E009A6BEF /* SearchPursuits.swift in Sources */,
				E60EB26720460DB8006E4F1A /* FollowingCells.swift in Sources */,
				E672C4BC2159E5EB0097E342 /* KeyPostController.swift in Sources */,
				E61A70E220E182D600EB69D8 /* TeamList.swift in Sources */,
				E6CFCD6021CC0DEE0069F001 /* HomePinterestCell.swift in Sources */,
				E680AAB9217969B600DBE9E4 /* CustomFriendPopover.swift in Sources */,
				E6CE228B1F671ED6006C5755 /* LoginController.swift in Sources */,
				E675032721E3D4D10043CDFA /* TestTabsController.swift in Sources */,
				E6235EA81F94208F00BF1FDE /* PostResponses.swift in Sources */,
				E6812891213606B60006D498 /* HomePostCells.swift in Sources */,
				E623DBF12177F34A008DDE64 /* SavePopoverCells.swift in Sources */,
				E6B49F2F1FACDE4100AEDAFD /* SelectInterestsList.swift in Sources */,
				E623DBED2177B531008DDE64 /* CustomTryPopover.swift in Sources */,
				E6136EA31F968EAB00E29101 /* PostDetailController.swift in Sources */,
				E604732D219F6543006F22AB /* CreateDetail.swift in Sources */,
				E6DE06E121D90E1F00A979E3 /* DetailController.swift in Sources */,
				E6DEC846201ABF4D00E02393 /* Interests.swift in Sources */,
				E6234E9C2044F93F00A57A2C /* AVPlayer+isPlaying.swift in Sources */,
				E65F1E561FCCC7BF00BD850E /* ProfileController.swift in Sources */,
				E6A39205217C0AB200ABF10B /* SwiftyCamViewController.swift in Sources */,
				E6A273FE1F68325A00F5B4C8 /* Post.swift in Sources */,
				E639807F204DD63D0049A71B /* HomeServices.swift in Sources */,
				E6A39209217C0B2E00ABF10B /* PreviewView.swift in Sources */,
				E60EB269204616D8006E4F1A /* FriendsController.swift in Sources */,
				E66AEB1920DD6ECC000018B5 /* ProfileHeader.swift in Sources */,
				E6D2B8D52017BB17008D3055 /* InterestsHeader.swift in Sources */,
				E6299BA72077150400B59061 /* ProfilePictureCell.swift in Sources */,
				E6B35EB421CEC25A00C38700 /* ProfileStepCell.swift in Sources */,
				E6DEC850201AC31100E02393 /* Pursuit.swift in Sources */,
				E628F2EA2035D978002FE8CF /* SearchUsers.swift in Sources */,
				E6DDFFC321CDD39400E7BFC1 /* HomeStandard.swift in Sources */,
				E6AFDA9E21824AC30055C25D /* CaptureDetailView.swift in Sources */,
				E6F04D9521E68DD30010BEB8 /* DetailSeasonHeader.swift in Sources */,
				E6E269012144976B00A7B1FC /* DetailSavedCells.swift in Sources */,
				E6F04D8F21E666E10010BEB8 /* DetailIssuesCell.swift in Sources */,
				E67FE166214D55F8009A6BEF /* SearchPostCells.swift in Sources */,
				E683867C219155FD00D502CB /* HomeDetail.swift in Sources */,
				E6B35EC221D7047700C38700 /* ProfilePursuitActions.swift in Sources */,
				E63CEB6220ED60D500FFDEF3 /* Utility.swift in Sources */,
				E6B35EC821D7088100C38700 /* ProfileChallengeView.swift in Sources */,
				E6F04D9321E68D860010BEB8 /* DetailSeasonCells.swift in Sources */,
				E63CEB5020EACEC100FFDEF3 /* DayLabelCell.swift in Sources */,
				E6A274001F68327F00F5B4C8 /* User.swift in Sources */,
				E60B0836200513FE003F6B70 /* BioInputTextView.swift in Sources */,
				E6D0B40C203E70A7008D4268 /* PhotoLibraryCell.swift in Sources */,
				E6CE228F1F675894006C5755 /* MainTabController.swift in Sources */,
				E6234E962044719C00A57A2C /* CustomSettingsView.swift in Sources */,
				E6CFCD6821CC78560069F001 /* HomeChallenge.swift in Sources */,
				E6398070204911D80049A71B /* InviteCell.swift in Sources */,
				E62E29A82152BBF500139483 /* CreateTeamCells.swift in Sources */,
				E672C4BA2159A72E0097E342 /* Story.swift in Sources */,
				E60EB26B204617B5006E4F1A /* FriendsCells.swift in Sources */,
				E639806C20490B550049A71B /* InviteController.swift in Sources */,
				E6CE22881F671E3D006C5755 /* Extensions.swift in Sources */,
				E62E29B62155DD7900139483 /* KeyPost.swift in Sources */,
				E675032521E2F9450043CDFA /* SpringboardTabBarTransition.swift in Sources */,
				E6299BA1207713EC00B59061 /* NameCell.swift in Sources */,
				E675032321E2F9450043CDFA /* SpringboardTabBarController.swift in Sources */,
				E62C1C06205113AA00781FF1 /* Follower.swift in Sources */,
				E6CB1B4B205789DB00B5D2ED /* ProfilePursuit.swift in Sources */,
				E622658421CCA3EB00DC2C27 /* HomeConflict.swift in Sources */,
				E6234E98204478E700A57A2C /* CustomLogOutView.swift in Sources */,
				E67FB8C2203117C70008732C /* ImageProcessor.swift in Sources */,
				E692791921AF1CF400199A30 /* RecommenedPursuitCell.swift in Sources */,
				E6F7D44A219D1C94007CA8F6 /* ResponseController.swift in Sources */,
				E6299BA32077143500B59061 /* UsernameCell.swift in Sources */,
				E6E76D2F2173E7A9006A7DDF /* CustomSavePopover.swift in Sources */,
				E6DEC85C201ACDD300E02393 /* Page.swift in Sources */,
				E604733121A0DD62006F22AB /* Feed.swift in Sources */,
				E6CE22751F671D10006C5755 /* AppDelegate.swift in Sources */,
				E6AD4BBF206AE05B00451547 /* CreateInterestsCells.swift in Sources */,
				E617BB191FD88775008B2EA1 /* PageCell.swift in Sources */,
				E6989BF320475CDD0067A55B /* CustomDetailView.swift in Sources */,
				E696E92121E1A4FD00192DEB /* NewHomeController.swift in Sources */,
				E639806E20490E920049A71B /* Contacts.swift in Sources */,
				E6B35EB221CEC0C100C38700 /* ProfileStep.swift in Sources */,
				E6B49F2B1FACDCE800AEDAFD /* InterestsController.swift in Sources */,
				E6CFCD5021CAF7F00069F001 /* SearchController.swift in Sources */,
				E6E0B01E2060720800007A21 /* Search.swift in Sources */,
				E622658621CCA90100DC2C27 /* HomeUserCell.swift in Sources */,
				E6A39207217C0B0B00ABF10B /* SwiftyCamButton.swift in Sources */,
				E6DF9EC7203CF7F2005C86DB /* SwiftyRecordButton.swift in Sources */,
				E6398087204DD7240049A71B /* InterestServices.swift in Sources */,
				E6F04D8921E652F00010BEB8 /* DetailTryingHeader.swift in Sources */,
				E697CA3121C354D500D85192 /* CustomFriendSettingsView.swift in Sources */,
				E67205FC215BE0590085470C /* System.swift in Sources */,
				E64324B51F79A47F0090075F /* CardView.swift in Sources */,
				E617BB171FD8874B008B2EA1 /* SwipingController.swift in Sources */,
				E6B35EC621D705A600C38700 /* ActionMenuCells.swift in Sources */,
				E61A41B01F952C0D002F4045 /* PostResponsesCell.swift in Sources */,
				E6777884212CDC48001820FE /* Reachability.swift in Sources */,
				E62AAB1D1FD0A5D30053EAD7 /* PolicyController.swift in Sources */,
				E6DF9EC9203CF88D005C86DB /* VideoViewController.swift in Sources */,
				E6F04D8321E64D2D0010BEB8 /* DetailTeamCells.swift in Sources */,
				E622658821CCA92600DC2C27 /* HomeUser.swift in Sources */,
				E6E1FA34207A5A19008F4280 /* InterestsCell.swift in Sources */,
				E6B35EBC21D08BF600C38700 /* HomeCarousel.swift in Sources */,
				E6B35ECE21D7EF4700C38700 /* ProfileIssueCell.swift in Sources */,
				E6D2B8DB2018DB7A008D3055 /* Animator.swift in Sources */,
				E6B35EC021D67F5500C38700 /* HomeViews.swift in Sources */,
				E675032421E2F9450043CDFA /* SpringboardTabBar.swift in Sources */,
				E6398085204DD6DF0049A71B /* ProfileServices.swift in Sources */,
				E6DF9ECD203CF985005C86DB /* SelectCameraController.swift in Sources */,
			);
			runOnlyForDeploymentPostprocessing = 0;
		};
/* End PBXSourcesBuildPhase section */

/* Begin PBXVariantGroup section */
		E6CE22781F671D10006C5755 /* Main.storyboard */ = {
			isa = PBXVariantGroup;
			children = (
				E6CE22791F671D10006C5755 /* Base */,
			);
			name = Main.storyboard;
			sourceTree = "<group>";
		};
		E6CE227D1F671D11006C5755 /* LaunchScreen.storyboard */ = {
			isa = PBXVariantGroup;
			children = (
				E6CE227E1F671D11006C5755 /* Base */,
			);
			name = LaunchScreen.storyboard;
			sourceTree = "<group>";
		};
/* End PBXVariantGroup section */

/* Begin XCBuildConfiguration section */
		E6CE22811F671D11006C5755 /* Debug */ = {
			isa = XCBuildConfiguration;
			buildSettings = {
				ALWAYS_SEARCH_USER_PATHS = NO;
				CLANG_ANALYZER_NONNULL = YES;
				CLANG_ANALYZER_NUMBER_OBJECT_CONVERSION = YES_AGGRESSIVE;
				CLANG_CXX_LANGUAGE_STANDARD = "gnu++0x";
				CLANG_CXX_LIBRARY = "libc++";
				CLANG_ENABLE_MODULES = YES;
				CLANG_ENABLE_OBJC_ARC = YES;
				CLANG_WARN_BLOCK_CAPTURE_AUTORELEASING = YES;
				CLANG_WARN_BOOL_CONVERSION = YES;
				CLANG_WARN_COMMA = YES;
				CLANG_WARN_CONSTANT_CONVERSION = YES;
				CLANG_WARN_DEPRECATED_OBJC_IMPLEMENTATIONS = YES;
				CLANG_WARN_DIRECT_OBJC_ISA_USAGE = YES_ERROR;
				CLANG_WARN_DOCUMENTATION_COMMENTS = YES;
				CLANG_WARN_EMPTY_BODY = YES;
				CLANG_WARN_ENUM_CONVERSION = YES;
				CLANG_WARN_INFINITE_RECURSION = YES;
				CLANG_WARN_INT_CONVERSION = YES;
				CLANG_WARN_NON_LITERAL_NULL_CONVERSION = YES;
				CLANG_WARN_OBJC_IMPLICIT_RETAIN_SELF = YES;
				CLANG_WARN_OBJC_LITERAL_CONVERSION = YES;
				CLANG_WARN_OBJC_ROOT_CLASS = YES_ERROR;
				CLANG_WARN_RANGE_LOOP_ANALYSIS = YES;
				CLANG_WARN_STRICT_PROTOTYPES = YES;
				CLANG_WARN_SUSPICIOUS_MOVE = YES;
				CLANG_WARN_UNREACHABLE_CODE = YES;
				CLANG_WARN__DUPLICATE_METHOD_MATCH = YES;
				"CODE_SIGN_IDENTITY[sdk=iphoneos*]" = "iPhone Developer";
				COPY_PHASE_STRIP = NO;
				DEBUG_INFORMATION_FORMAT = dwarf;
				ENABLE_STRICT_OBJC_MSGSEND = YES;
				ENABLE_TESTABILITY = YES;
				GCC_C_LANGUAGE_STANDARD = gnu99;
				GCC_DYNAMIC_NO_PIC = NO;
				GCC_NO_COMMON_BLOCKS = YES;
				GCC_OPTIMIZATION_LEVEL = 0;
				GCC_PREPROCESSOR_DEFINITIONS = (
					"DEBUG=1",
					"$(inherited)",
				);
				GCC_WARN_64_TO_32_BIT_CONVERSION = YES;
				GCC_WARN_ABOUT_RETURN_TYPE = YES_ERROR;
				GCC_WARN_UNDECLARED_SELECTOR = YES;
				GCC_WARN_UNINITIALIZED_AUTOS = YES_AGGRESSIVE;
				GCC_WARN_UNUSED_FUNCTION = YES;
				GCC_WARN_UNUSED_VARIABLE = YES;
				IPHONEOS_DEPLOYMENT_TARGET = 11.0;
				MTL_ENABLE_DEBUG_INFO = YES;
				ONLY_ACTIVE_ARCH = YES;
				SDKROOT = iphoneos;
				SWIFT_ACTIVE_COMPILATION_CONDITIONS = DEBUG;
				SWIFT_OPTIMIZATION_LEVEL = "-Onone";
			};
			name = Debug;
		};
		E6CE22821F671D11006C5755 /* Release */ = {
			isa = XCBuildConfiguration;
			buildSettings = {
				ALWAYS_SEARCH_USER_PATHS = NO;
				CLANG_ANALYZER_NONNULL = YES;
				CLANG_ANALYZER_NUMBER_OBJECT_CONVERSION = YES_AGGRESSIVE;
				CLANG_CXX_LANGUAGE_STANDARD = "gnu++0x";
				CLANG_CXX_LIBRARY = "libc++";
				CLANG_ENABLE_MODULES = YES;
				CLANG_ENABLE_OBJC_ARC = YES;
				CLANG_WARN_BLOCK_CAPTURE_AUTORELEASING = YES;
				CLANG_WARN_BOOL_CONVERSION = YES;
				CLANG_WARN_COMMA = YES;
				CLANG_WARN_CONSTANT_CONVERSION = YES;
				CLANG_WARN_DEPRECATED_OBJC_IMPLEMENTATIONS = YES;
				CLANG_WARN_DIRECT_OBJC_ISA_USAGE = YES_ERROR;
				CLANG_WARN_DOCUMENTATION_COMMENTS = YES;
				CLANG_WARN_EMPTY_BODY = YES;
				CLANG_WARN_ENUM_CONVERSION = YES;
				CLANG_WARN_INFINITE_RECURSION = YES;
				CLANG_WARN_INT_CONVERSION = YES;
				CLANG_WARN_NON_LITERAL_NULL_CONVERSION = YES;
				CLANG_WARN_OBJC_IMPLICIT_RETAIN_SELF = YES;
				CLANG_WARN_OBJC_LITERAL_CONVERSION = YES;
				CLANG_WARN_OBJC_ROOT_CLASS = YES_ERROR;
				CLANG_WARN_RANGE_LOOP_ANALYSIS = YES;
				CLANG_WARN_STRICT_PROTOTYPES = YES;
				CLANG_WARN_SUSPICIOUS_MOVE = YES;
				CLANG_WARN_UNREACHABLE_CODE = YES;
				CLANG_WARN__DUPLICATE_METHOD_MATCH = YES;
				"CODE_SIGN_IDENTITY[sdk=iphoneos*]" = "iPhone Developer";
				COPY_PHASE_STRIP = NO;
				DEBUG_INFORMATION_FORMAT = "dwarf-with-dsym";
				ENABLE_NS_ASSERTIONS = NO;
				ENABLE_STRICT_OBJC_MSGSEND = YES;
				GCC_C_LANGUAGE_STANDARD = gnu99;
				GCC_NO_COMMON_BLOCKS = YES;
				GCC_WARN_64_TO_32_BIT_CONVERSION = YES;
				GCC_WARN_ABOUT_RETURN_TYPE = YES_ERROR;
				GCC_WARN_UNDECLARED_SELECTOR = YES;
				GCC_WARN_UNINITIALIZED_AUTOS = YES_AGGRESSIVE;
				GCC_WARN_UNUSED_FUNCTION = YES;
				GCC_WARN_UNUSED_VARIABLE = YES;
				IPHONEOS_DEPLOYMENT_TARGET = 11.0;
				MTL_ENABLE_DEBUG_INFO = NO;
				SDKROOT = iphoneos;
				SWIFT_OPTIMIZATION_LEVEL = "-Owholemodule";
				VALIDATE_PRODUCT = YES;
			};
			name = Release;
		};
		E6CE22841F671D11006C5755 /* Debug */ = {
			isa = XCBuildConfiguration;
			baseConfigurationReference = 40526016F4035214D0A937BE /* Pods-Inpursuit.debug.xcconfig */;
			buildSettings = {
				ASSETCATALOG_COMPILER_APPICON_NAME = AppIcon;
				CODE_SIGN_ENTITLEMENTS = pursue/pursue.entitlements;
				CODE_SIGN_IDENTITY = "iPhone Developer";
				CODE_SIGN_STYLE = Automatic;
				DEVELOPMENT_TEAM = NCM5NDEVZK;
				INFOPLIST_FILE = pursue/Info.plist;
				LD_RUNPATH_SEARCH_PATHS = "$(inherited) @executable_path/Frameworks";
				PRODUCT_BUNDLE_IDENTIFIER = "com.inpursuit-app.inpursuit";
				PRODUCT_NAME = "$(TARGET_NAME)";
				PROVISIONING_PROFILE_SPECIFIER = "";
				SWIFT_VERSION = 4.2;
				TARGETED_DEVICE_FAMILY = 1;
			};
			name = Debug;
		};
		E6CE22851F671D11006C5755 /* Release */ = {
			isa = XCBuildConfiguration;
			baseConfigurationReference = 63C206B28A3E87BF50FECDC3 /* Pods-Inpursuit.release.xcconfig */;
			buildSettings = {
				ASSETCATALOG_COMPILER_APPICON_NAME = AppIcon;
				CODE_SIGN_ENTITLEMENTS = pursue/pursue.entitlements;
				CODE_SIGN_IDENTITY = "iPhone Developer";
				CODE_SIGN_STYLE = Automatic;
				DEVELOPMENT_TEAM = NCM5NDEVZK;
				INFOPLIST_FILE = pursue/Info.plist;
				LD_RUNPATH_SEARCH_PATHS = "$(inherited) @executable_path/Frameworks";
				PRODUCT_BUNDLE_IDENTIFIER = "com.inpursuit-app.inpursuit";
				PRODUCT_NAME = "$(TARGET_NAME)";
				PROVISIONING_PROFILE_SPECIFIER = "";
				SWIFT_VERSION = 4.2;
				TARGETED_DEVICE_FAMILY = 1;
			};
			name = Release;
		};
/* End XCBuildConfiguration section */

/* Begin XCConfigurationList section */
		E6CE226C1F671D10006C5755 /* Build configuration list for PBXProject "Inpursuit" */ = {
			isa = XCConfigurationList;
			buildConfigurations = (
				E6CE22811F671D11006C5755 /* Debug */,
				E6CE22821F671D11006C5755 /* Release */,
			);
			defaultConfigurationIsVisible = 0;
			defaultConfigurationName = Release;
		};
		E6CE22831F671D11006C5755 /* Build configuration list for PBXNativeTarget "Inpursuit" */ = {
			isa = XCConfigurationList;
			buildConfigurations = (
				E6CE22841F671D11006C5755 /* Debug */,
				E6CE22851F671D11006C5755 /* Release */,
			);
			defaultConfigurationIsVisible = 0;
			defaultConfigurationName = Release;
		};
/* End XCConfigurationList section */
	};
	rootObject = E6CE22691F671D10006C5755 /* Project object */;
}
