// !$*UTF8*$!
{
	archiveVersion = 1;
	classes = {
	};
	objectVersion = 46;
	objects = {

/* Begin PBXBuildFile section */
		77792961994B0D733CE1F3C7 /* Pods_pursue.framework in Frameworks */ = {isa = PBXBuildFile; fileRef = CDC2EBDE7548534CF7FD043E /* Pods_pursue.framework */; };
		E604CCED1FA7A58300A6D63E /* ProfileAddedRow.swift in Sources */ = {isa = PBXBuildFile; fileRef = E604CCEC1FA7A58300A6D63E /* ProfileAddedRow.swift */; };
		E604CCEF1FA7A5CC00A6D63E /* PeopleAddedCells.swift in Sources */ = {isa = PBXBuildFile; fileRef = E604CCEE1FA7A5CC00A6D63E /* PeopleAddedCells.swift */; };
		E604CCF21FA7AD0A00A6D63E /* FeedController.swift in Sources */ = {isa = PBXBuildFile; fileRef = E604CCF11FA7AD0A00A6D63E /* FeedController.swift */; };
		E604CCF61FA7B0D700A6D63E /* FeedRow.swift in Sources */ = {isa = PBXBuildFile; fileRef = E604CCF51FA7B0D700A6D63E /* FeedRow.swift */; };
		E6136EA31F968EAB00E29101 /* PursuitsDetailController.swift in Sources */ = {isa = PBXBuildFile; fileRef = E6136EA21F968EAB00E29101 /* PursuitsDetailController.swift */; };
		E6136EA61F968FC800E29101 /* PursuitsDetailHeader.swift in Sources */ = {isa = PBXBuildFile; fileRef = E6136EA51F968FC800E29101 /* PursuitsDetailHeader.swift */; };
		E616632B1F745F0D00EC254C /* HomeRow.swift in Sources */ = {isa = PBXBuildFile; fileRef = E616632A1F745F0D00EC254C /* HomeRow.swift */; };
		E616632D1F74616200EC254C /* HomeRowCells.swift in Sources */ = {isa = PBXBuildFile; fileRef = E616632C1F74616200EC254C /* HomeRowCells.swift */; };
		E61692441FD64544008BF11D /* ForgotController.swift in Sources */ = {isa = PBXBuildFile; fileRef = E61692431FD64544008BF11D /* ForgotController.swift */; };
		E617BB151FD886D6008B2EA1 /* IntroController.swift in Sources */ = {isa = PBXBuildFile; fileRef = E617BB141FD886D6008B2EA1 /* IntroController.swift */; };
		E617BB171FD8874B008B2EA1 /* SwipingController.swift in Sources */ = {isa = PBXBuildFile; fileRef = E617BB161FD8874B008B2EA1 /* SwipingController.swift */; };
		E617BB191FD88775008B2EA1 /* PageCell.swift in Sources */ = {isa = PBXBuildFile; fileRef = E617BB181FD88775008B2EA1 /* PageCell.swift */; };
		E617BB1B1FD887A9008B2EA1 /* Page.swift in Sources */ = {isa = PBXBuildFile; fileRef = E617BB1A1FD887A9008B2EA1 /* Page.swift */; };
		E617BB1D1FD8A350008B2EA1 /* HomePursuits.swift in Sources */ = {isa = PBXBuildFile; fileRef = E617BB1C1FD8A350008B2EA1 /* HomePursuits.swift */; };
		E617BB1F1FD8A396008B2EA1 /* HomePursuitsCells.swift in Sources */ = {isa = PBXBuildFile; fileRef = E617BB1E1FD8A396008B2EA1 /* HomePursuitsCells.swift */; };
		E617BB211FD8A3BF008B2EA1 /* HomePrinciples.swift in Sources */ = {isa = PBXBuildFile; fileRef = E617BB201FD8A3BF008B2EA1 /* HomePrinciples.swift */; };
		E617BB231FD8A3F3008B2EA1 /* HomePrinciplesCells.swift in Sources */ = {isa = PBXBuildFile; fileRef = E617BB221FD8A3F3008B2EA1 /* HomePrinciplesCells.swift */; };
		E61867711FFD843000F2C11C /* InterestsCells.swift in Sources */ = {isa = PBXBuildFile; fileRef = E61867701FFD843000F2C11C /* InterestsCells.swift */; };
		E61A41AE1F952A1B002F4045 /* PostLikesCell.swift in Sources */ = {isa = PBXBuildFile; fileRef = E61A41AD1F952A1B002F4045 /* PostLikesCell.swift */; };
		E61A41B01F952C0D002F4045 /* PostCommentsCell.swift in Sources */ = {isa = PBXBuildFile; fileRef = E61A41AF1F952C0D002F4045 /* PostCommentsCell.swift */; };
		E61A41B21F952EDD002F4045 /* RelatedPostCell.swift in Sources */ = {isa = PBXBuildFile; fileRef = E61A41B11F952EDD002F4045 /* RelatedPostCell.swift */; };
		E61B48BA1F9E46CC00183449 /* PursuitChallenge.swift in Sources */ = {isa = PBXBuildFile; fileRef = E61B48B91F9E46CC00183449 /* PursuitChallenge.swift */; };
		E61B48BC1F9E48D300183449 /* PursuitChallengeCells.swift in Sources */ = {isa = PBXBuildFile; fileRef = E61B48BB1F9E48D300183449 /* PursuitChallengeCells.swift */; };
		E61B48BE1F9E80C000183449 /* ExploreImageRow.swift in Sources */ = {isa = PBXBuildFile; fileRef = E61B48BD1F9E80C000183449 /* ExploreImageRow.swift */; };
		E61B48C01F9E81BF00183449 /* ExerciseImageCells.swift in Sources */ = {isa = PBXBuildFile; fileRef = E61B48BF1F9E81BF00183449 /* ExerciseImageCells.swift */; };
		E61B48C21F9E877D00183449 /* PeopleRowCells.swift in Sources */ = {isa = PBXBuildFile; fileRef = E61B48C11F9E877D00183449 /* PeopleRowCells.swift */; };
		E61B48C41F9EB27900183449 /* PeopleRow.swift in Sources */ = {isa = PBXBuildFile; fileRef = E61B48C31F9EB27900183449 /* PeopleRow.swift */; };
		E61B48C61F9EB6E500183449 /* ExplorePrinciplesRow.swift in Sources */ = {isa = PBXBuildFile; fileRef = E61B48C51F9EB6E500183449 /* ExplorePrinciplesRow.swift */; };
		E61B48C81F9EB73700183449 /* ExplorePrincipleCells.swift in Sources */ = {isa = PBXBuildFile; fileRef = E61B48C71F9EB73700183449 /* ExplorePrincipleCells.swift */; };
		E61CCC361FE1C1AF002D57FF /* MessageHeader.swift in Sources */ = {isa = PBXBuildFile; fileRef = E61CCC351FE1C1AF002D57FF /* MessageHeader.swift */; };
		E61D9EA91FF5D029000EE3A6 /* HomeUserImage.swift in Sources */ = {isa = PBXBuildFile; fileRef = E61D9EA81FF5D029000EE3A6 /* HomeUserImage.swift */; };
		E61EA9BF1FDCBE3A001FBDB1 /* HomeDiscussion.swift in Sources */ = {isa = PBXBuildFile; fileRef = E61EA9BE1FDCBE3A001FBDB1 /* HomeDiscussion.swift */; };
		E61EA9C11FDCBEAB001FBDB1 /* HomeDiscussionCells.swift in Sources */ = {isa = PBXBuildFile; fileRef = E61EA9C01FDCBEAB001FBDB1 /* HomeDiscussionCells.swift */; };
		E61EA9C31FDCC268001FBDB1 /* ExploreDiscussion.swift in Sources */ = {isa = PBXBuildFile; fileRef = E61EA9C21FDCC268001FBDB1 /* ExploreDiscussion.swift */; };
		E61EA9C51FDCC2B2001FBDB1 /* ExploreDiscussionCells.swift in Sources */ = {isa = PBXBuildFile; fileRef = E61EA9C41FDCC2B2001FBDB1 /* ExploreDiscussionCells.swift */; };
		E61EA9C71FDCCC56001FBDB1 /* ProfileDiscussion.swift in Sources */ = {isa = PBXBuildFile; fileRef = E61EA9C61FDCCC56001FBDB1 /* ProfileDiscussion.swift */; };
		E61EA9C91FDCCC71001FBDB1 /* ProfileDiscussionCells.swift in Sources */ = {isa = PBXBuildFile; fileRef = E61EA9C81FDCCC71001FBDB1 /* ProfileDiscussionCells.swift */; };
		E61EA9CB1FDCE202001FBDB1 /* PursuitDiscussion.swift in Sources */ = {isa = PBXBuildFile; fileRef = E61EA9CA1FDCE202001FBDB1 /* PursuitDiscussion.swift */; };
		E61EA9CF1FDCE263001FBDB1 /* PursuitDiscussionCells.swift in Sources */ = {isa = PBXBuildFile; fileRef = E61EA9CE1FDCE263001FBDB1 /* PursuitDiscussionCells.swift */; };
		E61EA9D11FDCE786001FBDB1 /* DiscussionDetailController.swift in Sources */ = {isa = PBXBuildFile; fileRef = E61EA9D01FDCE786001FBDB1 /* DiscussionDetailController.swift */; };
		E61EA9D31FDCE890001FBDB1 /* DiscussionDetailHeader.swift in Sources */ = {isa = PBXBuildFile; fileRef = E61EA9D21FDCE890001FBDB1 /* DiscussionDetailHeader.swift */; };
		E61EA9D61FDCEE2A001FBDB1 /* DiscussionPursuitsView.swift in Sources */ = {isa = PBXBuildFile; fileRef = E61EA9D51FDCEE2A001FBDB1 /* DiscussionPursuitsView.swift */; };
		E61EA9D81FDCEE89001FBDB1 /* DiscussionPrinciples.swift in Sources */ = {isa = PBXBuildFile; fileRef = E61EA9D71FDCEE89001FBDB1 /* DiscussionPrinciples.swift */; };
		E61EA9DA1FDCEF89001FBDB1 /* DiscussionPursuitsCells.swift in Sources */ = {isa = PBXBuildFile; fileRef = E61EA9D91FDCEF89001FBDB1 /* DiscussionPursuitsCells.swift */; };
		E621B9921FE048FE007324E2 /* PursuitPrinciple.swift in Sources */ = {isa = PBXBuildFile; fileRef = E621B9911FE048FE007324E2 /* PursuitPrinciple.swift */; };
		E621B9941FE04925007324E2 /* PursuitPrincipleCells.swift in Sources */ = {isa = PBXBuildFile; fileRef = E621B9931FE04925007324E2 /* PursuitPrincipleCells.swift */; };
		E621C4E91FB2789F007FBBD0 /* ChallengesController.swift in Sources */ = {isa = PBXBuildFile; fileRef = E621C4E81FB2789F007FBBD0 /* ChallengesController.swift */; };
		E621C4EB1FB27924007FBBD0 /* ChallengesHeader.swift in Sources */ = {isa = PBXBuildFile; fileRef = E621C4EA1FB27924007FBBD0 /* ChallengesHeader.swift */; };
		E6235EA01F92B1CC00BF1FDE /* PostDetailHeader.swift in Sources */ = {isa = PBXBuildFile; fileRef = E6235E9F1F92B1CC00BF1FDE /* PostDetailHeader.swift */; };
		E6235EA21F92C70400BF1FDE /* PostView.swift in Sources */ = {isa = PBXBuildFile; fileRef = E6235EA11F92C70400BF1FDE /* PostView.swift */; };
		E6235EA61F94160E00BF1FDE /* PostLikes.swift in Sources */ = {isa = PBXBuildFile; fileRef = E6235EA51F94160E00BF1FDE /* PostLikes.swift */; };
		E6235EA81F94208F00BF1FDE /* PostComments.swift in Sources */ = {isa = PBXBuildFile; fileRef = E6235EA71F94208F00BF1FDE /* PostComments.swift */; };
		E6235EAA1F94232C00BF1FDE /* RelatedPost.swift in Sources */ = {isa = PBXBuildFile; fileRef = E6235EA91F94232C00BF1FDE /* RelatedPost.swift */; };
		E623C9E11FDF078E00023785 /* CategoryDiscussionRow.swift in Sources */ = {isa = PBXBuildFile; fileRef = E623C9E01FDF078E00023785 /* CategoryDiscussionRow.swift */; };
		E623C9E31FDF0C0000023785 /* CategoryDiscussionCells.swift in Sources */ = {isa = PBXBuildFile; fileRef = E623C9E21FDF0C0000023785 /* CategoryDiscussionCells.swift */; };
		E623C9E51FDF71F400023785 /* PrincipleDetailController.swift in Sources */ = {isa = PBXBuildFile; fileRef = E623C9E41FDF71F400023785 /* PrincipleDetailController.swift */; };
		E623C9E71FDF72D200023785 /* PrincipleDetailHeader.swift in Sources */ = {isa = PBXBuildFile; fileRef = E623C9E61FDF72D200023785 /* PrincipleDetailHeader.swift */; };
		E623C9E91FDF751600023785 /* PrincipleDiscussion.swift in Sources */ = {isa = PBXBuildFile; fileRef = E623C9E81FDF751600023785 /* PrincipleDiscussion.swift */; };
		E623C9EB1FDF754200023785 /* PrincipleDiscussionCells.swift in Sources */ = {isa = PBXBuildFile; fileRef = E623C9EA1FDF754200023785 /* PrincipleDiscussionCells.swift */; };
		E623F1471F9FB83500F8BDA7 /* ExploreExerciseRow.swift in Sources */ = {isa = PBXBuildFile; fileRef = E623F1461F9FB83500F8BDA7 /* ExploreExerciseRow.swift */; };
		E623F1491F9FB93100F8BDA7 /* ExploreExercisesRowCells.swift in Sources */ = {isa = PBXBuildFile; fileRef = E623F1481F9FB93100F8BDA7 /* ExploreExercisesRowCells.swift */; };
		E62530A51FFD341400E41794 /* SharePhotoOptions.swift in Sources */ = {isa = PBXBuildFile; fileRef = E62530A41FFD341400E41794 /* SharePhotoOptions.swift */; };
		E6253F3E1F75444100F6CFE7 /* ExploreHeaderRow.swift in Sources */ = {isa = PBXBuildFile; fileRef = E6253F3D1F75444100F6CFE7 /* ExploreHeaderRow.swift */; };
		E62AAB171FD0A2D10053EAD7 /* EditProfileController.swift in Sources */ = {isa = PBXBuildFile; fileRef = E62AAB161FD0A2D10053EAD7 /* EditProfileController.swift */; };
		E62AAB191FD0A49A0053EAD7 /* NotificationsController.swift in Sources */ = {isa = PBXBuildFile; fileRef = E62AAB181FD0A49A0053EAD7 /* NotificationsController.swift */; };
		E62AAB1B1FD0A54D0053EAD7 /* TermsController.swift in Sources */ = {isa = PBXBuildFile; fileRef = E62AAB1A1FD0A54D0053EAD7 /* TermsController.swift */; };
		E62AAB1D1FD0A5D30053EAD7 /* PolicyController.swift in Sources */ = {isa = PBXBuildFile; fileRef = E62AAB1C1FD0A5D30053EAD7 /* PolicyController.swift */; };
		E62AAB1F1FD0A66B0053EAD7 /* HelpController.swift in Sources */ = {isa = PBXBuildFile; fileRef = E62AAB1E1FD0A66B0053EAD7 /* HelpController.swift */; };
		E62AAB211FD1E8680053EAD7 /* CameraBar.swift in Sources */ = {isa = PBXBuildFile; fileRef = E62AAB201FD1E8680053EAD7 /* CameraBar.swift */; };
		E62AAB231FD1E8A20053EAD7 /* CameraCell.swift in Sources */ = {isa = PBXBuildFile; fileRef = E62AAB221FD1E8A20053EAD7 /* CameraCell.swift */; };
		E62AAB271FD210300053EAD7 /* SelectCameraController.swift in Sources */ = {isa = PBXBuildFile; fileRef = E62AAB261FD2102F0053EAD7 /* SelectCameraController.swift */; };
		E6308EA71FBD241000571130 /* SettingsController.swift in Sources */ = {isa = PBXBuildFile; fileRef = E6308EA61FBD241000571130 /* SettingsController.swift */; };
		E6308EA91FBD262500571130 /* SettingsHeader.swift in Sources */ = {isa = PBXBuildFile; fileRef = E6308EA81FBD262500571130 /* SettingsHeader.swift */; };
		E634E6A51FA175A4000F329C /* ExploreCategoryRow.swift in Sources */ = {isa = PBXBuildFile; fileRef = E634E6A41FA175A4000F329C /* ExploreCategoryRow.swift */; };
		E634E6A71FA175D4000F329C /* ExploreCategoryCells.swift in Sources */ = {isa = PBXBuildFile; fileRef = E634E6A61FA175D4000F329C /* ExploreCategoryCells.swift */; };
		E63C1D881FE36E3B00A99F2F /* FeedPursuit.swift in Sources */ = {isa = PBXBuildFile; fileRef = E63C1D871FE36E3B00A99F2F /* FeedPursuit.swift */; };
		E63C1D8A1FE36EC800A99F2F /* FeedPrinciple.swift in Sources */ = {isa = PBXBuildFile; fileRef = E63C1D891FE36EC800A99F2F /* FeedPrinciple.swift */; };
		E63C1D8C1FE36F3300A99F2F /* FeedDiscussion.swift in Sources */ = {isa = PBXBuildFile; fileRef = E63C1D8B1FE36F3300A99F2F /* FeedDiscussion.swift */; };
		E63CC5191F9A88D6002DC733 /* PostStepsCells.swift in Sources */ = {isa = PBXBuildFile; fileRef = E63CC5181F9A88D6002DC733 /* PostStepsCells.swift */; };
		E63CC51B1F9A99A5002DC733 /* NextPursuitCells.swift in Sources */ = {isa = PBXBuildFile; fileRef = E63CC51A1F9A99A5002DC733 /* NextPursuitCells.swift */; };
		E63CC51D1F9A9A7E002DC733 /* NextPursuitCellsContainer.swift in Sources */ = {isa = PBXBuildFile; fileRef = E63CC51C1F9A9A7E002DC733 /* NextPursuitCellsContainer.swift */; };
		E64324B51F79A47F0090075F /* CardView.swift in Sources */ = {isa = PBXBuildFile; fileRef = E64324B41F79A47F0090075F /* CardView.swift */; };
		E65F1E4E1FCC940300BD850E /* ProfilePrincipleRow.swift in Sources */ = {isa = PBXBuildFile; fileRef = E65F1E4D1FCC940300BD850E /* ProfilePrincipleRow.swift */; };
		E65F1E501FCC943C00BD850E /* ProfilePrincipleCells.swift in Sources */ = {isa = PBXBuildFile; fileRef = E65F1E4F1FCC943C00BD850E /* ProfilePrincipleCells.swift */; };
		E65F1E521FCCBE5000BD850E /* HomeRowContainer.swift in Sources */ = {isa = PBXBuildFile; fileRef = E65F1E511FCCBE5000BD850E /* HomeRowContainer.swift */; };
		E65F1E541FCCC34600BD850E /* ExploreContainer.swift in Sources */ = {isa = PBXBuildFile; fileRef = E65F1E531FCCC34600BD850E /* ExploreContainer.swift */; };
		E65F1E561FCCC7BF00BD850E /* ProfileContainer.swift in Sources */ = {isa = PBXBuildFile; fileRef = E65F1E551FCCC7BF00BD850E /* ProfileContainer.swift */; };
		E65F1E581FCCC9BB00BD850E /* HomeController.swift in Sources */ = {isa = PBXBuildFile; fileRef = E65F1E571FCCC9BB00BD850E /* HomeController.swift */; };
		E66436591FA24A6800A9B0E7 /* CategoryDetailController.swift in Sources */ = {isa = PBXBuildFile; fileRef = E66436581FA24A6800A9B0E7 /* CategoryDetailController.swift */; };
		E664365B1FA24AD000A9B0E7 /* CategoryHeaderRow.swift in Sources */ = {isa = PBXBuildFile; fileRef = E664365A1FA24AD000A9B0E7 /* CategoryHeaderRow.swift */; };
		E664365D1FA24C4000A9B0E7 /* CategoryImageRow.swift in Sources */ = {isa = PBXBuildFile; fileRef = E664365C1FA24C4000A9B0E7 /* CategoryImageRow.swift */; };
		E664365F1FA24C7400A9B0E7 /* CategoryImageCells.swift in Sources */ = {isa = PBXBuildFile; fileRef = E664365E1FA24C7400A9B0E7 /* CategoryImageCells.swift */; };
		E66436611FA24CCC00A9B0E7 /* CategoryPeopleRow.swift in Sources */ = {isa = PBXBuildFile; fileRef = E66436601FA24CCC00A9B0E7 /* CategoryPeopleRow.swift */; };
		E66436631FA24D0400A9B0E7 /* CategoryPeopleCells.swift in Sources */ = {isa = PBXBuildFile; fileRef = E66436621FA24D0400A9B0E7 /* CategoryPeopleCells.swift */; };
		E66436651FA24D3500A9B0E7 /* CategoryPrincipleRow.swift in Sources */ = {isa = PBXBuildFile; fileRef = E66436641FA24D3500A9B0E7 /* CategoryPrincipleRow.swift */; };
		E66436671FA24D7700A9B0E7 /* CategoryPrincipleCells.swift in Sources */ = {isa = PBXBuildFile; fileRef = E66436661FA24D7700A9B0E7 /* CategoryPrincipleCells.swift */; };
		E66436691FA24DC200A9B0E7 /* CategoryExerciseRow.swift in Sources */ = {isa = PBXBuildFile; fileRef = E66436681FA24DC200A9B0E7 /* CategoryExerciseRow.swift */; };
		E664366B1FA24E3200A9B0E7 /* CategoryExerciseCells.swift in Sources */ = {isa = PBXBuildFile; fileRef = E664366A1FA24E3200A9B0E7 /* CategoryExerciseCells.swift */; };
		E66436711FA25ACC00A9B0E7 /* ProfileAboutCells.swift in Sources */ = {isa = PBXBuildFile; fileRef = E66436701FA25ACC00A9B0E7 /* ProfileAboutCells.swift */; };
		E66436731FA272AD00A9B0E7 /* ProfilePursuitsRow.swift in Sources */ = {isa = PBXBuildFile; fileRef = E66436721FA272AD00A9B0E7 /* ProfilePursuitsRow.swift */; };
		E66436751FA273DA00A9B0E7 /* ProfilePursuitsCells.swift in Sources */ = {isa = PBXBuildFile; fileRef = E66436741FA273DA00A9B0E7 /* ProfilePursuitsCells.swift */; };
		E66436771FA2968D00A9B0E7 /* ProfilePostRow.swift in Sources */ = {isa = PBXBuildFile; fileRef = E66436761FA2968D00A9B0E7 /* ProfilePostRow.swift */; };
		E66436791FA2970500A9B0E7 /* ProfilePostCells.swift in Sources */ = {isa = PBXBuildFile; fileRef = E66436781FA2970500A9B0E7 /* ProfilePostCells.swift */; };
		E66472611F97E85E006922C6 /* PursuitSteps.swift in Sources */ = {isa = PBXBuildFile; fileRef = E66472601F97E85E006922C6 /* PursuitSteps.swift */; };
		E67320201F8FE1DA000F6AAA /* PostDetailController.swift in Sources */ = {isa = PBXBuildFile; fileRef = E673201F1F8FE1DA000F6AAA /* PostDetailController.swift */; };
		E675405B1FB3B01600F7D492 /* StepsDetailController.swift in Sources */ = {isa = PBXBuildFile; fileRef = E675405A1FB3B01600F7D492 /* StepsDetailController.swift */; };
		E675405D1FB3B08000F7D492 /* StepsHeader.swift in Sources */ = {isa = PBXBuildFile; fileRef = E675405C1FB3B08000F7D492 /* StepsHeader.swift */; };
		E675405F1FB3B54200F7D492 /* PursuitTeam.swift in Sources */ = {isa = PBXBuildFile; fileRef = E675405E1FB3B54200F7D492 /* PursuitTeam.swift */; };
		E67540611FB3B59300F7D492 /* PursuitTeamCells.swift in Sources */ = {isa = PBXBuildFile; fileRef = E67540601FB3B59300F7D492 /* PursuitTeamCells.swift */; };
		E6A273F71F6830BD00F5B4C8 /* ProfileHeader.swift in Sources */ = {isa = PBXBuildFile; fileRef = E6A273F61F6830BD00F5B4C8 /* ProfileHeader.swift */; };
		E6A273F91F68314F00F5B4C8 /* CustomImageView.swift in Sources */ = {isa = PBXBuildFile; fileRef = E6A273F81F68314F00F5B4C8 /* CustomImageView.swift */; };
		E6A273FE1F68325A00F5B4C8 /* Post.swift in Sources */ = {isa = PBXBuildFile; fileRef = E6A273FD1F68325A00F5B4C8 /* Post.swift */; };
		E6A274001F68327F00F5B4C8 /* User.swift in Sources */ = {isa = PBXBuildFile; fileRef = E6A273FF1F68327F00F5B4C8 /* User.swift */; };
		E6A274021F68353E00F5B4C8 /* FirebaseUtils.swift in Sources */ = {isa = PBXBuildFile; fileRef = E6A274011F68353E00F5B4C8 /* FirebaseUtils.swift */; };
		E6A2B02B1FCA263D00DE1B9C /* MenuBar.swift in Sources */ = {isa = PBXBuildFile; fileRef = E6A2B02A1FCA263D00DE1B9C /* MenuBar.swift */; };
		E6A2B02D1FCA26A200DE1B9C /* MenuCell.swift in Sources */ = {isa = PBXBuildFile; fileRef = E6A2B02C1FCA26A200DE1B9C /* MenuCell.swift */; };
		E6AB64CD1F6F55A300033C09 /* Message.swift in Sources */ = {isa = PBXBuildFile; fileRef = E6AB64CC1F6F55A300033C09 /* Message.swift */; };
		E6AB64CF1F6F566200033C09 /* ChatMessageCell.swift in Sources */ = {isa = PBXBuildFile; fileRef = E6AB64CE1F6F566200033C09 /* ChatMessageCell.swift */; };
		E6AB64D11F6F58A600033C09 /* ChatLogController.swift in Sources */ = {isa = PBXBuildFile; fileRef = E6AB64D01F6F58A600033C09 /* ChatLogController.swift */; };
		E6AB64D31F6F5B6000033C09 /* ChatInputContainerView.swift in Sources */ = {isa = PBXBuildFile; fileRef = E6AB64D21F6F5B6000033C09 /* ChatInputContainerView.swift */; };
		E6AB64D51F6F611D00033C09 /* UserCell.swift in Sources */ = {isa = PBXBuildFile; fileRef = E6AB64D41F6F611D00033C09 /* UserCell.swift */; };
		E6AB64D71F6F687D00033C09 /* MessagesController.swift in Sources */ = {isa = PBXBuildFile; fileRef = E6AB64D61F6F687D00033C09 /* MessagesController.swift */; };
		E6AB64D91F6F6B2E00033C09 /* NewMessageController.swift in Sources */ = {isa = PBXBuildFile; fileRef = E6AB64D81F6F6B2E00033C09 /* NewMessageController.swift */; };
		E6AB64DB1F71878A00033C09 /* PreviewPhotoContainerView.swift in Sources */ = {isa = PBXBuildFile; fileRef = E6AB64DA1F71878A00033C09 /* PreviewPhotoContainerView.swift */; };
		E6AB64DD1F7187A500033C09 /* CustomAnimationDismiss.swift in Sources */ = {isa = PBXBuildFile; fileRef = E6AB64DC1F7187A500033C09 /* CustomAnimationDismiss.swift */; };
		E6AB64DF1F7187BF00033C09 /* CustomAnimationPresentor.swift in Sources */ = {isa = PBXBuildFile; fileRef = E6AB64DE1F7187BF00033C09 /* CustomAnimationPresentor.swift */; };
		E6AB64E21F7188A300033C09 /* PhotoSelectorController.swift in Sources */ = {isa = PBXBuildFile; fileRef = E6AB64E11F7188A300033C09 /* PhotoSelectorController.swift */; };
		E6AB64E41F7188B100033C09 /* PhotoSelectorCell.swift in Sources */ = {isa = PBXBuildFile; fileRef = E6AB64E31F7188B100033C09 /* PhotoSelectorCell.swift */; };
		E6AB64E61F7188C000033C09 /* PhotoSelectorHeader.swift in Sources */ = {isa = PBXBuildFile; fileRef = E6AB64E51F7188C000033C09 /* PhotoSelectorHeader.swift */; };
		E6AB64E81F7188CB00033C09 /* SharePhotoController.swift in Sources */ = {isa = PBXBuildFile; fileRef = E6AB64E71F7188CB00033C09 /* SharePhotoController.swift */; };
		E6B49F2B1FACDCE800AEDAFD /* InterestsController.swift in Sources */ = {isa = PBXBuildFile; fileRef = E6B49F2A1FACDCE800AEDAFD /* InterestsController.swift */; };
		E6B49F2D1FACDD1D00AEDAFD /* SelectInterestsHeader.swift in Sources */ = {isa = PBXBuildFile; fileRef = E6B49F2C1FACDD1D00AEDAFD /* SelectInterestsHeader.swift */; };
		E6B49F2F1FACDE4100AEDAFD /* SelectInterestsList.swift in Sources */ = {isa = PBXBuildFile; fileRef = E6B49F2E1FACDE4100AEDAFD /* SelectInterestsList.swift */; };
		E6CE22751F671D10006C5755 /* AppDelegate.swift in Sources */ = {isa = PBXBuildFile; fileRef = E6CE22741F671D10006C5755 /* AppDelegate.swift */; };
		E6CE22771F671D10006C5755 /* SignupController.swift in Sources */ = {isa = PBXBuildFile; fileRef = E6CE22761F671D10006C5755 /* SignupController.swift */; };
		E6CE227A1F671D10006C5755 /* Main.storyboard in Resources */ = {isa = PBXBuildFile; fileRef = E6CE22781F671D10006C5755 /* Main.storyboard */; };
		E6CE227C1F671D11006C5755 /* Assets.xcassets in Resources */ = {isa = PBXBuildFile; fileRef = E6CE227B1F671D11006C5755 /* Assets.xcassets */; };
		E6CE227F1F671D11006C5755 /* LaunchScreen.storyboard in Resources */ = {isa = PBXBuildFile; fileRef = E6CE227D1F671D11006C5755 /* LaunchScreen.storyboard */; };
		E6CE22881F671E3D006C5755 /* Extensions.swift in Sources */ = {isa = PBXBuildFile; fileRef = E6CE22871F671E3D006C5755 /* Extensions.swift */; };
		E6CE228B1F671ED6006C5755 /* LoginController.swift in Sources */ = {isa = PBXBuildFile; fileRef = E6CE228A1F671ED6006C5755 /* LoginController.swift */; };
		E6CE228D1F6721C7006C5755 /* GoogleService-Info.plist in Resources */ = {isa = PBXBuildFile; fileRef = E6CE228C1F6721C7006C5755 /* GoogleService-Info.plist */; };
		E6CE228F1F675894006C5755 /* MainTabController.swift in Sources */ = {isa = PBXBuildFile; fileRef = E6CE228E1F675894006C5755 /* MainTabController.swift */; };
		E6CE229E1F67616F006C5755 /* CameraController.swift in Sources */ = {isa = PBXBuildFile; fileRef = E6CE229D1F67616F006C5755 /* CameraController.swift */; };
		E6F1B04E1FDB2E2B005FB9DA /* HomeHeader.swift in Sources */ = {isa = PBXBuildFile; fileRef = E6F1B04D1FDB2E2A005FB9DA /* HomeHeader.swift */; };
/* End PBXBuildFile section */

/* Begin PBXFileReference section */
		02A7F80E5F7C67810AD206FC /* Pods-pursue.debug.xcconfig */ = {isa = PBXFileReference; includeInIndex = 1; lastKnownFileType = text.xcconfig; name = "Pods-pursue.debug.xcconfig"; path = "Pods/Target Support Files/Pods-pursue/Pods-pursue.debug.xcconfig"; sourceTree = "<group>"; };
		3FD5AFA4CDF2AE98B24955C0 /* Pods-pursue.release.xcconfig */ = {isa = PBXFileReference; includeInIndex = 1; lastKnownFileType = text.xcconfig; name = "Pods-pursue.release.xcconfig"; path = "Pods/Target Support Files/Pods-pursue/Pods-pursue.release.xcconfig"; sourceTree = "<group>"; };
		CDC2EBDE7548534CF7FD043E /* Pods_pursue.framework */ = {isa = PBXFileReference; explicitFileType = wrapper.framework; includeInIndex = 0; path = Pods_pursue.framework; sourceTree = BUILT_PRODUCTS_DIR; };
		E604CCEC1FA7A58300A6D63E /* ProfileAddedRow.swift */ = {isa = PBXFileReference; lastKnownFileType = sourcecode.swift; path = ProfileAddedRow.swift; sourceTree = "<group>"; };
		E604CCEE1FA7A5CC00A6D63E /* PeopleAddedCells.swift */ = {isa = PBXFileReference; lastKnownFileType = sourcecode.swift; path = PeopleAddedCells.swift; sourceTree = "<group>"; };
		E604CCF11FA7AD0A00A6D63E /* FeedController.swift */ = {isa = PBXFileReference; lastKnownFileType = sourcecode.swift; path = FeedController.swift; sourceTree = "<group>"; };
		E604CCF51FA7B0D700A6D63E /* FeedRow.swift */ = {isa = PBXFileReference; lastKnownFileType = sourcecode.swift; path = FeedRow.swift; sourceTree = "<group>"; };
		E6136EA21F968EAB00E29101 /* PursuitsDetailController.swift */ = {isa = PBXFileReference; fileEncoding = 4; lastKnownFileType = sourcecode.swift; path = PursuitsDetailController.swift; sourceTree = "<group>"; };
		E6136EA51F968FC800E29101 /* PursuitsDetailHeader.swift */ = {isa = PBXFileReference; fileEncoding = 4; lastKnownFileType = sourcecode.swift; path = PursuitsDetailHeader.swift; sourceTree = "<group>"; };
		E616632A1F745F0D00EC254C /* HomeRow.swift */ = {isa = PBXFileReference; fileEncoding = 4; lastKnownFileType = sourcecode.swift; path = HomeRow.swift; sourceTree = "<group>"; };
		E616632C1F74616200EC254C /* HomeRowCells.swift */ = {isa = PBXFileReference; fileEncoding = 4; lastKnownFileType = sourcecode.swift; path = HomeRowCells.swift; sourceTree = "<group>"; };
		E61692431FD64544008BF11D /* ForgotController.swift */ = {isa = PBXFileReference; lastKnownFileType = sourcecode.swift; path = ForgotController.swift; sourceTree = "<group>"; };
		E617BB141FD886D6008B2EA1 /* IntroController.swift */ = {isa = PBXFileReference; lastKnownFileType = sourcecode.swift; path = IntroController.swift; sourceTree = "<group>"; };
		E617BB161FD8874B008B2EA1 /* SwipingController.swift */ = {isa = PBXFileReference; lastKnownFileType = sourcecode.swift; path = SwipingController.swift; sourceTree = "<group>"; };
		E617BB181FD88775008B2EA1 /* PageCell.swift */ = {isa = PBXFileReference; lastKnownFileType = sourcecode.swift; path = PageCell.swift; sourceTree = "<group>"; };
		E617BB1A1FD887A9008B2EA1 /* Page.swift */ = {isa = PBXFileReference; lastKnownFileType = sourcecode.swift; path = Page.swift; sourceTree = "<group>"; };
		E617BB1C1FD8A350008B2EA1 /* HomePursuits.swift */ = {isa = PBXFileReference; lastKnownFileType = sourcecode.swift; path = HomePursuits.swift; sourceTree = "<group>"; };
		E617BB1E1FD8A396008B2EA1 /* HomePursuitsCells.swift */ = {isa = PBXFileReference; lastKnownFileType = sourcecode.swift; path = HomePursuitsCells.swift; sourceTree = "<group>"; };
		E617BB201FD8A3BF008B2EA1 /* HomePrinciples.swift */ = {isa = PBXFileReference; lastKnownFileType = sourcecode.swift; path = HomePrinciples.swift; sourceTree = "<group>"; };
		E617BB221FD8A3F3008B2EA1 /* HomePrinciplesCells.swift */ = {isa = PBXFileReference; lastKnownFileType = sourcecode.swift; path = HomePrinciplesCells.swift; sourceTree = "<group>"; };
		E61867701FFD843000F2C11C /* InterestsCells.swift */ = {isa = PBXFileReference; lastKnownFileType = sourcecode.swift; path = InterestsCells.swift; sourceTree = "<group>"; };
		E61A41AD1F952A1B002F4045 /* PostLikesCell.swift */ = {isa = PBXFileReference; fileEncoding = 4; lastKnownFileType = sourcecode.swift; path = PostLikesCell.swift; sourceTree = "<group>"; };
		E61A41AF1F952C0D002F4045 /* PostCommentsCell.swift */ = {isa = PBXFileReference; fileEncoding = 4; lastKnownFileType = sourcecode.swift; path = PostCommentsCell.swift; sourceTree = "<group>"; };
		E61A41B11F952EDD002F4045 /* RelatedPostCell.swift */ = {isa = PBXFileReference; fileEncoding = 4; lastKnownFileType = sourcecode.swift; path = RelatedPostCell.swift; sourceTree = "<group>"; };
		E61B48B91F9E46CC00183449 /* PursuitChallenge.swift */ = {isa = PBXFileReference; lastKnownFileType = sourcecode.swift; path = PursuitChallenge.swift; sourceTree = "<group>"; };
		E61B48BB1F9E48D300183449 /* PursuitChallengeCells.swift */ = {isa = PBXFileReference; lastKnownFileType = sourcecode.swift; path = PursuitChallengeCells.swift; sourceTree = "<group>"; };
		E61B48BD1F9E80C000183449 /* ExploreImageRow.swift */ = {isa = PBXFileReference; lastKnownFileType = sourcecode.swift; path = ExploreImageRow.swift; sourceTree = "<group>"; };
		E61B48BF1F9E81BF00183449 /* ExerciseImageCells.swift */ = {isa = PBXFileReference; lastKnownFileType = sourcecode.swift; path = ExerciseImageCells.swift; sourceTree = "<group>"; };
		E61B48C11F9E877D00183449 /* PeopleRowCells.swift */ = {isa = PBXFileReference; lastKnownFileType = sourcecode.swift; path = PeopleRowCells.swift; sourceTree = "<group>"; };
		E61B48C31F9EB27900183449 /* PeopleRow.swift */ = {isa = PBXFileReference; lastKnownFileType = sourcecode.swift; path = PeopleRow.swift; sourceTree = "<group>"; };
		E61B48C51F9EB6E500183449 /* ExplorePrinciplesRow.swift */ = {isa = PBXFileReference; lastKnownFileType = sourcecode.swift; path = ExplorePrinciplesRow.swift; sourceTree = "<group>"; };
		E61B48C71F9EB73700183449 /* ExplorePrincipleCells.swift */ = {isa = PBXFileReference; lastKnownFileType = sourcecode.swift; path = ExplorePrincipleCells.swift; sourceTree = "<group>"; };
		E61CCC351FE1C1AF002D57FF /* MessageHeader.swift */ = {isa = PBXFileReference; lastKnownFileType = sourcecode.swift; path = MessageHeader.swift; sourceTree = "<group>"; };
		E61D9EA81FF5D029000EE3A6 /* HomeUserImage.swift */ = {isa = PBXFileReference; lastKnownFileType = sourcecode.swift; path = HomeUserImage.swift; sourceTree = "<group>"; };
		E61EA9BE1FDCBE3A001FBDB1 /* HomeDiscussion.swift */ = {isa = PBXFileReference; lastKnownFileType = sourcecode.swift; path = HomeDiscussion.swift; sourceTree = "<group>"; };
		E61EA9C01FDCBEAB001FBDB1 /* HomeDiscussionCells.swift */ = {isa = PBXFileReference; lastKnownFileType = sourcecode.swift; path = HomeDiscussionCells.swift; sourceTree = "<group>"; };
		E61EA9C21FDCC268001FBDB1 /* ExploreDiscussion.swift */ = {isa = PBXFileReference; lastKnownFileType = sourcecode.swift; path = ExploreDiscussion.swift; sourceTree = "<group>"; };
		E61EA9C41FDCC2B2001FBDB1 /* ExploreDiscussionCells.swift */ = {isa = PBXFileReference; lastKnownFileType = sourcecode.swift; path = ExploreDiscussionCells.swift; sourceTree = "<group>"; };
		E61EA9C61FDCCC56001FBDB1 /* ProfileDiscussion.swift */ = {isa = PBXFileReference; lastKnownFileType = sourcecode.swift; path = ProfileDiscussion.swift; sourceTree = "<group>"; };
		E61EA9C81FDCCC71001FBDB1 /* ProfileDiscussionCells.swift */ = {isa = PBXFileReference; lastKnownFileType = sourcecode.swift; path = ProfileDiscussionCells.swift; sourceTree = "<group>"; };
		E61EA9CA1FDCE202001FBDB1 /* PursuitDiscussion.swift */ = {isa = PBXFileReference; lastKnownFileType = sourcecode.swift; path = PursuitDiscussion.swift; sourceTree = "<group>"; };
		E61EA9CE1FDCE263001FBDB1 /* PursuitDiscussionCells.swift */ = {isa = PBXFileReference; lastKnownFileType = sourcecode.swift; name = PursuitDiscussionCells.swift; path = ../Pods/PursuitDiscussionCells.swift; sourceTree = "<group>"; };
		E61EA9D01FDCE786001FBDB1 /* DiscussionDetailController.swift */ = {isa = PBXFileReference; lastKnownFileType = sourcecode.swift; path = DiscussionDetailController.swift; sourceTree = "<group>"; };
		E61EA9D21FDCE890001FBDB1 /* DiscussionDetailHeader.swift */ = {isa = PBXFileReference; lastKnownFileType = sourcecode.swift; path = DiscussionDetailHeader.swift; sourceTree = "<group>"; };
		E61EA9D51FDCEE2A001FBDB1 /* DiscussionPursuitsView.swift */ = {isa = PBXFileReference; lastKnownFileType = sourcecode.swift; path = DiscussionPursuitsView.swift; sourceTree = "<group>"; };
		E61EA9D71FDCEE89001FBDB1 /* DiscussionPrinciples.swift */ = {isa = PBXFileReference; lastKnownFileType = sourcecode.swift; path = DiscussionPrinciples.swift; sourceTree = "<group>"; };
		E61EA9D91FDCEF89001FBDB1 /* DiscussionPursuitsCells.swift */ = {isa = PBXFileReference; lastKnownFileType = sourcecode.swift; path = DiscussionPursuitsCells.swift; sourceTree = "<group>"; };
		E621B9911FE048FE007324E2 /* PursuitPrinciple.swift */ = {isa = PBXFileReference; lastKnownFileType = sourcecode.swift; path = PursuitPrinciple.swift; sourceTree = "<group>"; };
		E621B9931FE04925007324E2 /* PursuitPrincipleCells.swift */ = {isa = PBXFileReference; lastKnownFileType = sourcecode.swift; path = PursuitPrincipleCells.swift; sourceTree = "<group>"; };
		E621C4E81FB2789F007FBBD0 /* ChallengesController.swift */ = {isa = PBXFileReference; lastKnownFileType = sourcecode.swift; path = ChallengesController.swift; sourceTree = "<group>"; };
		E621C4EA1FB27924007FBBD0 /* ChallengesHeader.swift */ = {isa = PBXFileReference; lastKnownFileType = sourcecode.swift; path = ChallengesHeader.swift; sourceTree = "<group>"; };
		E6235E9F1F92B1CC00BF1FDE /* PostDetailHeader.swift */ = {isa = PBXFileReference; fileEncoding = 4; lastKnownFileType = sourcecode.swift; path = PostDetailHeader.swift; sourceTree = "<group>"; };
		E6235EA11F92C70400BF1FDE /* PostView.swift */ = {isa = PBXFileReference; fileEncoding = 4; lastKnownFileType = sourcecode.swift; path = PostView.swift; sourceTree = "<group>"; };
		E6235EA51F94160E00BF1FDE /* PostLikes.swift */ = {isa = PBXFileReference; fileEncoding = 4; lastKnownFileType = sourcecode.swift; path = PostLikes.swift; sourceTree = "<group>"; };
		E6235EA71F94208F00BF1FDE /* PostComments.swift */ = {isa = PBXFileReference; fileEncoding = 4; lastKnownFileType = sourcecode.swift; path = PostComments.swift; sourceTree = "<group>"; };
		E6235EA91F94232C00BF1FDE /* RelatedPost.swift */ = {isa = PBXFileReference; fileEncoding = 4; lastKnownFileType = sourcecode.swift; path = RelatedPost.swift; sourceTree = "<group>"; };
		E623C9E01FDF078E00023785 /* CategoryDiscussionRow.swift */ = {isa = PBXFileReference; lastKnownFileType = sourcecode.swift; path = CategoryDiscussionRow.swift; sourceTree = "<group>"; };
		E623C9E21FDF0C0000023785 /* CategoryDiscussionCells.swift */ = {isa = PBXFileReference; lastKnownFileType = sourcecode.swift; path = CategoryDiscussionCells.swift; sourceTree = "<group>"; };
		E623C9E41FDF71F400023785 /* PrincipleDetailController.swift */ = {isa = PBXFileReference; lastKnownFileType = sourcecode.swift; path = PrincipleDetailController.swift; sourceTree = "<group>"; };
		E623C9E61FDF72D200023785 /* PrincipleDetailHeader.swift */ = {isa = PBXFileReference; lastKnownFileType = sourcecode.swift; path = PrincipleDetailHeader.swift; sourceTree = "<group>"; };
		E623C9E81FDF751600023785 /* PrincipleDiscussion.swift */ = {isa = PBXFileReference; lastKnownFileType = sourcecode.swift; path = PrincipleDiscussion.swift; sourceTree = "<group>"; };
		E623C9EA1FDF754200023785 /* PrincipleDiscussionCells.swift */ = {isa = PBXFileReference; lastKnownFileType = sourcecode.swift; path = PrincipleDiscussionCells.swift; sourceTree = "<group>"; };
		E623F1461F9FB83500F8BDA7 /* ExploreExerciseRow.swift */ = {isa = PBXFileReference; lastKnownFileType = sourcecode.swift; path = ExploreExerciseRow.swift; sourceTree = "<group>"; };
		E623F1481F9FB93100F8BDA7 /* ExploreExercisesRowCells.swift */ = {isa = PBXFileReference; lastKnownFileType = sourcecode.swift; path = ExploreExercisesRowCells.swift; sourceTree = "<group>"; };
		E62530A41FFD341400E41794 /* SharePhotoOptions.swift */ = {isa = PBXFileReference; lastKnownFileType = sourcecode.swift; path = SharePhotoOptions.swift; sourceTree = "<group>"; };
		E6253F3D1F75444100F6CFE7 /* ExploreHeaderRow.swift */ = {isa = PBXFileReference; fileEncoding = 4; lastKnownFileType = sourcecode.swift; path = ExploreHeaderRow.swift; sourceTree = "<group>"; };
		E62AAB161FD0A2D10053EAD7 /* EditProfileController.swift */ = {isa = PBXFileReference; lastKnownFileType = sourcecode.swift; path = EditProfileController.swift; sourceTree = "<group>"; };
		E62AAB181FD0A49A0053EAD7 /* NotificationsController.swift */ = {isa = PBXFileReference; lastKnownFileType = sourcecode.swift; path = NotificationsController.swift; sourceTree = "<group>"; };
		E62AAB1A1FD0A54D0053EAD7 /* TermsController.swift */ = {isa = PBXFileReference; lastKnownFileType = sourcecode.swift; path = TermsController.swift; sourceTree = "<group>"; };
		E62AAB1C1FD0A5D30053EAD7 /* PolicyController.swift */ = {isa = PBXFileReference; lastKnownFileType = sourcecode.swift; path = PolicyController.swift; sourceTree = "<group>"; };
		E62AAB1E1FD0A66B0053EAD7 /* HelpController.swift */ = {isa = PBXFileReference; lastKnownFileType = sourcecode.swift; path = HelpController.swift; sourceTree = "<group>"; };
		E62AAB201FD1E8680053EAD7 /* CameraBar.swift */ = {isa = PBXFileReference; lastKnownFileType = sourcecode.swift; path = CameraBar.swift; sourceTree = "<group>"; };
		E62AAB221FD1E8A20053EAD7 /* CameraCell.swift */ = {isa = PBXFileReference; lastKnownFileType = sourcecode.swift; path = CameraCell.swift; sourceTree = "<group>"; };
		E62AAB261FD2102F0053EAD7 /* SelectCameraController.swift */ = {isa = PBXFileReference; lastKnownFileType = sourcecode.swift; path = SelectCameraController.swift; sourceTree = "<group>"; };
		E6308EA61FBD241000571130 /* SettingsController.swift */ = {isa = PBXFileReference; lastKnownFileType = sourcecode.swift; path = SettingsController.swift; sourceTree = "<group>"; };
		E6308EA81FBD262500571130 /* SettingsHeader.swift */ = {isa = PBXFileReference; lastKnownFileType = sourcecode.swift; path = SettingsHeader.swift; sourceTree = "<group>"; };
		E634E6A41FA175A4000F329C /* ExploreCategoryRow.swift */ = {isa = PBXFileReference; lastKnownFileType = sourcecode.swift; path = ExploreCategoryRow.swift; sourceTree = "<group>"; };
		E634E6A61FA175D4000F329C /* ExploreCategoryCells.swift */ = {isa = PBXFileReference; lastKnownFileType = sourcecode.swift; path = ExploreCategoryCells.swift; sourceTree = "<group>"; };
		E63C1D871FE36E3B00A99F2F /* FeedPursuit.swift */ = {isa = PBXFileReference; lastKnownFileType = sourcecode.swift; path = FeedPursuit.swift; sourceTree = "<group>"; };
		E63C1D891FE36EC800A99F2F /* FeedPrinciple.swift */ = {isa = PBXFileReference; lastKnownFileType = sourcecode.swift; path = FeedPrinciple.swift; sourceTree = "<group>"; };
		E63C1D8B1FE36F3300A99F2F /* FeedDiscussion.swift */ = {isa = PBXFileReference; lastKnownFileType = sourcecode.swift; path = FeedDiscussion.swift; sourceTree = "<group>"; };
		E63CC5181F9A88D6002DC733 /* PostStepsCells.swift */ = {isa = PBXFileReference; lastKnownFileType = sourcecode.swift; path = PostStepsCells.swift; sourceTree = "<group>"; };
		E63CC51A1F9A99A5002DC733 /* NextPursuitCells.swift */ = {isa = PBXFileReference; lastKnownFileType = sourcecode.swift; path = NextPursuitCells.swift; sourceTree = "<group>"; };
		E63CC51C1F9A9A7E002DC733 /* NextPursuitCellsContainer.swift */ = {isa = PBXFileReference; lastKnownFileType = sourcecode.swift; path = NextPursuitCellsContainer.swift; sourceTree = "<group>"; };
		E64324B41F79A47F0090075F /* CardView.swift */ = {isa = PBXFileReference; fileEncoding = 4; lastKnownFileType = sourcecode.swift; path = CardView.swift; sourceTree = "<group>"; };
		E65F1E4D1FCC940300BD850E /* ProfilePrincipleRow.swift */ = {isa = PBXFileReference; lastKnownFileType = sourcecode.swift; path = ProfilePrincipleRow.swift; sourceTree = "<group>"; };
		E65F1E4F1FCC943C00BD850E /* ProfilePrincipleCells.swift */ = {isa = PBXFileReference; lastKnownFileType = sourcecode.swift; path = ProfilePrincipleCells.swift; sourceTree = "<group>"; };
		E65F1E511FCCBE5000BD850E /* HomeRowContainer.swift */ = {isa = PBXFileReference; lastKnownFileType = sourcecode.swift; path = HomeRowContainer.swift; sourceTree = "<group>"; };
		E65F1E531FCCC34600BD850E /* ExploreContainer.swift */ = {isa = PBXFileReference; lastKnownFileType = sourcecode.swift; path = ExploreContainer.swift; sourceTree = "<group>"; };
		E65F1E551FCCC7BF00BD850E /* ProfileContainer.swift */ = {isa = PBXFileReference; lastKnownFileType = sourcecode.swift; path = ProfileContainer.swift; sourceTree = "<group>"; };
		E65F1E571FCCC9BB00BD850E /* HomeController.swift */ = {isa = PBXFileReference; fileEncoding = 4; lastKnownFileType = sourcecode.swift; path = HomeController.swift; sourceTree = "<group>"; };
		E66436581FA24A6800A9B0E7 /* CategoryDetailController.swift */ = {isa = PBXFileReference; lastKnownFileType = sourcecode.swift; path = CategoryDetailController.swift; sourceTree = "<group>"; };
		E664365A1FA24AD000A9B0E7 /* CategoryHeaderRow.swift */ = {isa = PBXFileReference; lastKnownFileType = sourcecode.swift; path = CategoryHeaderRow.swift; sourceTree = "<group>"; };
		E664365C1FA24C4000A9B0E7 /* CategoryImageRow.swift */ = {isa = PBXFileReference; lastKnownFileType = sourcecode.swift; path = CategoryImageRow.swift; sourceTree = "<group>"; };
		E664365E1FA24C7400A9B0E7 /* CategoryImageCells.swift */ = {isa = PBXFileReference; lastKnownFileType = sourcecode.swift; path = CategoryImageCells.swift; sourceTree = "<group>"; };
		E66436601FA24CCC00A9B0E7 /* CategoryPeopleRow.swift */ = {isa = PBXFileReference; lastKnownFileType = sourcecode.swift; path = CategoryPeopleRow.swift; sourceTree = "<group>"; };
		E66436621FA24D0400A9B0E7 /* CategoryPeopleCells.swift */ = {isa = PBXFileReference; lastKnownFileType = sourcecode.swift; path = CategoryPeopleCells.swift; sourceTree = "<group>"; };
		E66436641FA24D3500A9B0E7 /* CategoryPrincipleRow.swift */ = {isa = PBXFileReference; lastKnownFileType = sourcecode.swift; path = CategoryPrincipleRow.swift; sourceTree = "<group>"; };
		E66436661FA24D7700A9B0E7 /* CategoryPrincipleCells.swift */ = {isa = PBXFileReference; lastKnownFileType = sourcecode.swift; path = CategoryPrincipleCells.swift; sourceTree = "<group>"; };
		E66436681FA24DC200A9B0E7 /* CategoryExerciseRow.swift */ = {isa = PBXFileReference; lastKnownFileType = sourcecode.swift; path = CategoryExerciseRow.swift; sourceTree = "<group>"; };
		E664366A1FA24E3200A9B0E7 /* CategoryExerciseCells.swift */ = {isa = PBXFileReference; lastKnownFileType = sourcecode.swift; path = CategoryExerciseCells.swift; sourceTree = "<group>"; };
		E66436701FA25ACC00A9B0E7 /* ProfileAboutCells.swift */ = {isa = PBXFileReference; lastKnownFileType = sourcecode.swift; path = ProfileAboutCells.swift; sourceTree = "<group>"; };
		E66436721FA272AD00A9B0E7 /* ProfilePursuitsRow.swift */ = {isa = PBXFileReference; lastKnownFileType = sourcecode.swift; path = ProfilePursuitsRow.swift; sourceTree = "<group>"; };
		E66436741FA273DA00A9B0E7 /* ProfilePursuitsCells.swift */ = {isa = PBXFileReference; lastKnownFileType = sourcecode.swift; path = ProfilePursuitsCells.swift; sourceTree = "<group>"; };
		E66436761FA2968D00A9B0E7 /* ProfilePostRow.swift */ = {isa = PBXFileReference; lastKnownFileType = sourcecode.swift; path = ProfilePostRow.swift; sourceTree = "<group>"; };
		E66436781FA2970500A9B0E7 /* ProfilePostCells.swift */ = {isa = PBXFileReference; lastKnownFileType = sourcecode.swift; path = ProfilePostCells.swift; sourceTree = "<group>"; };
		E66472601F97E85E006922C6 /* PursuitSteps.swift */ = {isa = PBXFileReference; lastKnownFileType = sourcecode.swift; path = PursuitSteps.swift; sourceTree = "<group>"; };
		E673201F1F8FE1DA000F6AAA /* PostDetailController.swift */ = {isa = PBXFileReference; fileEncoding = 4; lastKnownFileType = sourcecode.swift; path = PostDetailController.swift; sourceTree = "<group>"; };
		E675405A1FB3B01600F7D492 /* StepsDetailController.swift */ = {isa = PBXFileReference; lastKnownFileType = sourcecode.swift; path = StepsDetailController.swift; sourceTree = "<group>"; };
		E675405C1FB3B08000F7D492 /* StepsHeader.swift */ = {isa = PBXFileReference; lastKnownFileType = sourcecode.swift; path = StepsHeader.swift; sourceTree = "<group>"; };
		E675405E1FB3B54200F7D492 /* PursuitTeam.swift */ = {isa = PBXFileReference; lastKnownFileType = sourcecode.swift; path = PursuitTeam.swift; sourceTree = "<group>"; };
		E67540601FB3B59300F7D492 /* PursuitTeamCells.swift */ = {isa = PBXFileReference; lastKnownFileType = sourcecode.swift; path = PursuitTeamCells.swift; sourceTree = "<group>"; };
		E6A273F61F6830BD00F5B4C8 /* ProfileHeader.swift */ = {isa = PBXFileReference; fileEncoding = 4; lastKnownFileType = sourcecode.swift; path = ProfileHeader.swift; sourceTree = "<group>"; };
		E6A273F81F68314F00F5B4C8 /* CustomImageView.swift */ = {isa = PBXFileReference; fileEncoding = 4; lastKnownFileType = sourcecode.swift; path = CustomImageView.swift; sourceTree = "<group>"; };
		E6A273FD1F68325A00F5B4C8 /* Post.swift */ = {isa = PBXFileReference; fileEncoding = 4; lastKnownFileType = sourcecode.swift; path = Post.swift; sourceTree = "<group>"; };
		E6A273FF1F68327F00F5B4C8 /* User.swift */ = {isa = PBXFileReference; fileEncoding = 4; lastKnownFileType = sourcecode.swift; path = User.swift; sourceTree = "<group>"; };
		E6A274011F68353E00F5B4C8 /* FirebaseUtils.swift */ = {isa = PBXFileReference; fileEncoding = 4; lastKnownFileType = sourcecode.swift; path = FirebaseUtils.swift; sourceTree = "<group>"; };
		E6A2B02A1FCA263D00DE1B9C /* MenuBar.swift */ = {isa = PBXFileReference; lastKnownFileType = sourcecode.swift; path = MenuBar.swift; sourceTree = "<group>"; };
		E6A2B02C1FCA26A200DE1B9C /* MenuCell.swift */ = {isa = PBXFileReference; lastKnownFileType = sourcecode.swift; path = MenuCell.swift; sourceTree = "<group>"; };
		E6AB64CC1F6F55A300033C09 /* Message.swift */ = {isa = PBXFileReference; fileEncoding = 4; lastKnownFileType = sourcecode.swift; path = Message.swift; sourceTree = "<group>"; };
		E6AB64CE1F6F566200033C09 /* ChatMessageCell.swift */ = {isa = PBXFileReference; fileEncoding = 4; lastKnownFileType = sourcecode.swift; path = ChatMessageCell.swift; sourceTree = "<group>"; };
		E6AB64D01F6F58A600033C09 /* ChatLogController.swift */ = {isa = PBXFileReference; fileEncoding = 4; lastKnownFileType = sourcecode.swift; path = ChatLogController.swift; sourceTree = "<group>"; };
		E6AB64D21F6F5B6000033C09 /* ChatInputContainerView.swift */ = {isa = PBXFileReference; fileEncoding = 4; lastKnownFileType = sourcecode.swift; path = ChatInputContainerView.swift; sourceTree = "<group>"; };
		E6AB64D41F6F611D00033C09 /* UserCell.swift */ = {isa = PBXFileReference; fileEncoding = 4; lastKnownFileType = sourcecode.swift; path = UserCell.swift; sourceTree = "<group>"; };
		E6AB64D61F6F687D00033C09 /* MessagesController.swift */ = {isa = PBXFileReference; fileEncoding = 4; lastKnownFileType = sourcecode.swift; path = MessagesController.swift; sourceTree = "<group>"; };
		E6AB64D81F6F6B2E00033C09 /* NewMessageController.swift */ = {isa = PBXFileReference; fileEncoding = 4; lastKnownFileType = sourcecode.swift; path = NewMessageController.swift; sourceTree = "<group>"; };
		E6AB64DA1F71878A00033C09 /* PreviewPhotoContainerView.swift */ = {isa = PBXFileReference; fileEncoding = 4; lastKnownFileType = sourcecode.swift; path = PreviewPhotoContainerView.swift; sourceTree = "<group>"; };
		E6AB64DC1F7187A500033C09 /* CustomAnimationDismiss.swift */ = {isa = PBXFileReference; fileEncoding = 4; lastKnownFileType = sourcecode.swift; path = CustomAnimationDismiss.swift; sourceTree = "<group>"; };
		E6AB64DE1F7187BF00033C09 /* CustomAnimationPresentor.swift */ = {isa = PBXFileReference; fileEncoding = 4; lastKnownFileType = sourcecode.swift; path = CustomAnimationPresentor.swift; sourceTree = "<group>"; };
		E6AB64E11F7188A300033C09 /* PhotoSelectorController.swift */ = {isa = PBXFileReference; fileEncoding = 4; lastKnownFileType = sourcecode.swift; path = PhotoSelectorController.swift; sourceTree = "<group>"; };
		E6AB64E31F7188B100033C09 /* PhotoSelectorCell.swift */ = {isa = PBXFileReference; fileEncoding = 4; lastKnownFileType = sourcecode.swift; path = PhotoSelectorCell.swift; sourceTree = "<group>"; };
		E6AB64E51F7188C000033C09 /* PhotoSelectorHeader.swift */ = {isa = PBXFileReference; fileEncoding = 4; lastKnownFileType = sourcecode.swift; path = PhotoSelectorHeader.swift; sourceTree = "<group>"; };
		E6AB64E71F7188CB00033C09 /* SharePhotoController.swift */ = {isa = PBXFileReference; fileEncoding = 4; lastKnownFileType = sourcecode.swift; path = SharePhotoController.swift; sourceTree = "<group>"; };
		E6B49F2A1FACDCE800AEDAFD /* InterestsController.swift */ = {isa = PBXFileReference; lastKnownFileType = sourcecode.swift; path = InterestsController.swift; sourceTree = "<group>"; };
		E6B49F2C1FACDD1D00AEDAFD /* SelectInterestsHeader.swift */ = {isa = PBXFileReference; lastKnownFileType = sourcecode.swift; path = SelectInterestsHeader.swift; sourceTree = "<group>"; };
		E6B49F2E1FACDE4100AEDAFD /* SelectInterestsList.swift */ = {isa = PBXFileReference; lastKnownFileType = sourcecode.swift; path = SelectInterestsList.swift; sourceTree = "<group>"; };
		E6CE22711F671D10006C5755 /* pursue.app */ = {isa = PBXFileReference; explicitFileType = wrapper.application; includeInIndex = 0; path = pursue.app; sourceTree = BUILT_PRODUCTS_DIR; };
		E6CE22741F671D10006C5755 /* AppDelegate.swift */ = {isa = PBXFileReference; lastKnownFileType = sourcecode.swift; path = AppDelegate.swift; sourceTree = "<group>"; };
		E6CE22761F671D10006C5755 /* SignupController.swift */ = {isa = PBXFileReference; lastKnownFileType = sourcecode.swift; path = SignupController.swift; sourceTree = "<group>"; };
		E6CE22791F671D10006C5755 /* Base */ = {isa = PBXFileReference; lastKnownFileType = file.storyboard; name = Base; path = Base.lproj/Main.storyboard; sourceTree = "<group>"; };
		E6CE227B1F671D11006C5755 /* Assets.xcassets */ = {isa = PBXFileReference; lastKnownFileType = folder.assetcatalog; path = Assets.xcassets; sourceTree = "<group>"; };
		E6CE227E1F671D11006C5755 /* Base */ = {isa = PBXFileReference; lastKnownFileType = file.storyboard; name = Base; path = Base.lproj/LaunchScreen.storyboard; sourceTree = "<group>"; };
		E6CE22801F671D11006C5755 /* Info.plist */ = {isa = PBXFileReference; lastKnownFileType = text.plist.xml; path = Info.plist; sourceTree = "<group>"; };
		E6CE22871F671E3D006C5755 /* Extensions.swift */ = {isa = PBXFileReference; fileEncoding = 4; lastKnownFileType = sourcecode.swift; path = Extensions.swift; sourceTree = "<group>"; };
		E6CE228A1F671ED6006C5755 /* LoginController.swift */ = {isa = PBXFileReference; fileEncoding = 4; lastKnownFileType = sourcecode.swift; path = LoginController.swift; sourceTree = "<group>"; };
		E6CE228C1F6721C7006C5755 /* GoogleService-Info.plist */ = {isa = PBXFileReference; fileEncoding = 4; lastKnownFileType = text.plist.xml; path = "GoogleService-Info.plist"; sourceTree = "<group>"; };
		E6CE228E1F675894006C5755 /* MainTabController.swift */ = {isa = PBXFileReference; fileEncoding = 4; lastKnownFileType = sourcecode.swift; path = MainTabController.swift; sourceTree = "<group>"; };
		E6CE229D1F67616F006C5755 /* CameraController.swift */ = {isa = PBXFileReference; fileEncoding = 4; lastKnownFileType = sourcecode.swift; path = CameraController.swift; sourceTree = "<group>"; };
		E6F1B04D1FDB2E2A005FB9DA /* HomeHeader.swift */ = {isa = PBXFileReference; fileEncoding = 4; lastKnownFileType = sourcecode.swift; path = HomeHeader.swift; sourceTree = "<group>"; };
/* End PBXFileReference section */

/* Begin PBXFrameworksBuildPhase section */
		E6CE226E1F671D10006C5755 /* Frameworks */ = {
			isa = PBXFrameworksBuildPhase;
			buildActionMask = 2147483647;
			files = (
				77792961994B0D733CE1F3C7 /* Pods_pursue.framework in Frameworks */,
			);
			runOnlyForDeploymentPostprocessing = 0;
		};
/* End PBXFrameworksBuildPhase section */

/* Begin PBXGroup section */
		00F963BCBD32F4F80B79C823 /* Pods */ = {
			isa = PBXGroup;
			children = (
				02A7F80E5F7C67810AD206FC /* Pods-pursue.debug.xcconfig */,
				3FD5AFA4CDF2AE98B24955C0 /* Pods-pursue.release.xcconfig */,
			);
			name = Pods;
			sourceTree = "<group>";
		};
		B8D5720C3FE5E65C8BA745E6 /* Frameworks */ = {
			isa = PBXGroup;
			children = (
				CDC2EBDE7548534CF7FD043E /* Pods_pursue.framework */,
			);
			name = Frameworks;
			sourceTree = "<group>";
		};
		E604CCF01FA7ACEB00A6D63E /* Feed */ = {
			isa = PBXGroup;
			children = (
				E604CCF11FA7AD0A00A6D63E /* FeedController.swift */,
				E604CCF51FA7B0D700A6D63E /* FeedRow.swift */,
				E63C1D871FE36E3B00A99F2F /* FeedPursuit.swift */,
				E63C1D891FE36EC800A99F2F /* FeedPrinciple.swift */,
				E63C1D8B1FE36F3300A99F2F /* FeedDiscussion.swift */,
			);
			name = Feed;
			sourceTree = "<group>";
		};
		E617BB131FD886BB008B2EA1 /* Intro */ = {
			isa = PBXGroup;
			children = (
				E617BB141FD886D6008B2EA1 /* IntroController.swift */,
				E617BB161FD8874B008B2EA1 /* SwipingController.swift */,
				E617BB181FD88775008B2EA1 /* PageCell.swift */,
			);
			name = Intro;
			sourceTree = "<group>";
		};
		E61EA9BD1FDCBE11001FBDB1 /* Discussion */ = {
			isa = PBXGroup;
			children = (
				E61EA9D01FDCE786001FBDB1 /* DiscussionDetailController.swift */,
				E61EA9D21FDCE890001FBDB1 /* DiscussionDetailHeader.swift */,
				E61EA9D51FDCEE2A001FBDB1 /* DiscussionPursuitsView.swift */,
				E61EA9D91FDCEF89001FBDB1 /* DiscussionPursuitsCells.swift */,
				E61EA9D71FDCEE89001FBDB1 /* DiscussionPrinciples.swift */,
			);
			name = Discussion;
			sourceTree = "<group>";
		};
		E61EA9D41FDCEBFF001FBDB1 /* Principle */ = {
			isa = PBXGroup;
			children = (
				E623C9E41FDF71F400023785 /* PrincipleDetailController.swift */,
				E623C9E61FDF72D200023785 /* PrincipleDetailHeader.swift */,
				E623C9E81FDF751600023785 /* PrincipleDiscussion.swift */,
				E623C9EA1FDF754200023785 /* PrincipleDiscussionCells.swift */,
			);
			name = Principle;
			sourceTree = "<group>";
		};
		E621C4E71FB27889007FBBD0 /* Challenges */ = {
			isa = PBXGroup;
			children = (
				E621C4E81FB2789F007FBBD0 /* ChallengesController.swift */,
				E621C4EA1FB27924007FBBD0 /* ChallengesHeader.swift */,
			);
			name = Challenges;
			sourceTree = "<group>";
		};
		E62530A61FFD611000E41794 /* Interests */ = {
			isa = PBXGroup;
			children = (
				E6B49F2A1FACDCE800AEDAFD /* InterestsController.swift */,
				E6B49F2E1FACDE4100AEDAFD /* SelectInterestsList.swift */,
				E61867701FFD843000F2C11C /* InterestsCells.swift */,
			);
			name = Interests;
			sourceTree = "<group>";
		};
		E6308EA51FBD23F700571130 /* Settings */ = {
			isa = PBXGroup;
			children = (
				E6308EA61FBD241000571130 /* SettingsController.swift */,
				E6308EA81FBD262500571130 /* SettingsHeader.swift */,
				E62AAB161FD0A2D10053EAD7 /* EditProfileController.swift */,
				E62AAB181FD0A49A0053EAD7 /* NotificationsController.swift */,
				E62AAB1A1FD0A54D0053EAD7 /* TermsController.swift */,
				E62AAB1C1FD0A5D30053EAD7 /* PolicyController.swift */,
				E62AAB1E1FD0A66B0053EAD7 /* HelpController.swift */,
			);
			name = Settings;
			sourceTree = "<group>";
		};
		E64324A61F79559D0090075F /* Pursuits */ = {
			isa = PBXGroup;
			children = (
				E6136EA21F968EAB00E29101 /* PursuitsDetailController.swift */,
				E6136EA51F968FC800E29101 /* PursuitsDetailHeader.swift */,
				E63CC51C1F9A9A7E002DC733 /* NextPursuitCellsContainer.swift */,
				E63CC51A1F9A99A5002DC733 /* NextPursuitCells.swift */,
				E66472601F97E85E006922C6 /* PursuitSteps.swift */,
				E63CC5181F9A88D6002DC733 /* PostStepsCells.swift */,
				E61B48B91F9E46CC00183449 /* PursuitChallenge.swift */,
				E61B48BB1F9E48D300183449 /* PursuitChallengeCells.swift */,
				E675405E1FB3B54200F7D492 /* PursuitTeam.swift */,
				E67540601FB3B59300F7D492 /* PursuitTeamCells.swift */,
				E61EA9CA1FDCE202001FBDB1 /* PursuitDiscussion.swift */,
				E61EA9CE1FDCE263001FBDB1 /* PursuitDiscussionCells.swift */,
				E621B9911FE048FE007324E2 /* PursuitPrinciple.swift */,
				E621B9931FE04925007324E2 /* PursuitPrincipleCells.swift */,
			);
			name = Pursuits;
			sourceTree = "<group>";
		};
		E66436571FA24A4F00A9B0E7 /* Category */ = {
			isa = PBXGroup;
			children = (
				E66436581FA24A6800A9B0E7 /* CategoryDetailController.swift */,
				E664365C1FA24C4000A9B0E7 /* CategoryImageRow.swift */,
				E664365E1FA24C7400A9B0E7 /* CategoryImageCells.swift */,
				E66436601FA24CCC00A9B0E7 /* CategoryPeopleRow.swift */,
				E66436621FA24D0400A9B0E7 /* CategoryPeopleCells.swift */,
				E66436641FA24D3500A9B0E7 /* CategoryPrincipleRow.swift */,
				E66436661FA24D7700A9B0E7 /* CategoryPrincipleCells.swift */,
				E66436681FA24DC200A9B0E7 /* CategoryExerciseRow.swift */,
				E664366A1FA24E3200A9B0E7 /* CategoryExerciseCells.swift */,
				E623C9E01FDF078E00023785 /* CategoryDiscussionRow.swift */,
				E623C9E21FDF0C0000023785 /* CategoryDiscussionCells.swift */,
				E664365A1FA24AD000A9B0E7 /* CategoryHeaderRow.swift */,
			);
			name = Category;
			sourceTree = "<group>";
		};
		E673201E1F8FE1B7000F6AAA /* Post */ = {
			isa = PBXGroup;
			children = (
				E673201F1F8FE1DA000F6AAA /* PostDetailController.swift */,
				E6235E9F1F92B1CC00BF1FDE /* PostDetailHeader.swift */,
				E6235EA11F92C70400BF1FDE /* PostView.swift */,
				E6235EA51F94160E00BF1FDE /* PostLikes.swift */,
				E61A41AD1F952A1B002F4045 /* PostLikesCell.swift */,
				E6235EA71F94208F00BF1FDE /* PostComments.swift */,
				E61A41AF1F952C0D002F4045 /* PostCommentsCell.swift */,
				E6235EA91F94232C00BF1FDE /* RelatedPost.swift */,
				E61A41B11F952EDD002F4045 /* RelatedPostCell.swift */,
			);
			name = Post;
			sourceTree = "<group>";
		};
		E67540591FB3AEE300F7D492 /* Steps */ = {
			isa = PBXGroup;
			children = (
				E675405A1FB3B01600F7D492 /* StepsDetailController.swift */,
				E675405C1FB3B08000F7D492 /* StepsHeader.swift */,
			);
			name = Steps;
			sourceTree = "<group>";
		};
		E6A273FC1F68323F00F5B4C8 /* Models */ = {
			isa = PBXGroup;
			children = (
				E6A273FD1F68325A00F5B4C8 /* Post.swift */,
				E6A273FF1F68327F00F5B4C8 /* User.swift */,
				E6AB64CC1F6F55A300033C09 /* Message.swift */,
				E617BB1A1FD887A9008B2EA1 /* Page.swift */,
			);
			name = Models;
			sourceTree = "<group>";
		};
		E6A2B0291FCA260700DE1B9C /* Menu */ = {
			isa = PBXGroup;
			children = (
				E6A2B02A1FCA263D00DE1B9C /* MenuBar.swift */,
				E6A2B02C1FCA26A200DE1B9C /* MenuCell.swift */,
				E62AAB201FD1E8680053EAD7 /* CameraBar.swift */,
				E62AAB221FD1E8A20053EAD7 /* CameraCell.swift */,
			);
			name = Menu;
			sourceTree = "<group>";
		};
		E6AB64CB1F6F557000033C09 /* Chat */ = {
			isa = PBXGroup;
			children = (
				E6AB64CE1F6F566200033C09 /* ChatMessageCell.swift */,
				E6AB64D01F6F58A600033C09 /* ChatLogController.swift */,
				E6AB64D21F6F5B6000033C09 /* ChatInputContainerView.swift */,
				E6AB64D41F6F611D00033C09 /* UserCell.swift */,
				E6AB64D61F6F687D00033C09 /* MessagesController.swift */,
				E6AB64D81F6F6B2E00033C09 /* NewMessageController.swift */,
				E61CCC351FE1C1AF002D57FF /* MessageHeader.swift */,
			);
			name = Chat;
			sourceTree = "<group>";
		};
		E6AB64E01F71888C00033C09 /* SelectPhoto */ = {
			isa = PBXGroup;
			children = (
				E6AB64E11F7188A300033C09 /* PhotoSelectorController.swift */,
				E6AB64E31F7188B100033C09 /* PhotoSelectorCell.swift */,
				E6AB64E51F7188C000033C09 /* PhotoSelectorHeader.swift */,
				E6AB64E71F7188CB00033C09 /* SharePhotoController.swift */,
				E62530A41FFD341400E41794 /* SharePhotoOptions.swift */,
			);
			name = SelectPhoto;
			sourceTree = "<group>";
		};
		E6CE22681F671D10006C5755 = {
			isa = PBXGroup;
			children = (
				E6CE22731F671D10006C5755 /* pursue */,
				E6CE22721F671D10006C5755 /* Products */,
				00F963BCBD32F4F80B79C823 /* Pods */,
				B8D5720C3FE5E65C8BA745E6 /* Frameworks */,
			);
			sourceTree = "<group>";
		};
		E6CE22721F671D10006C5755 /* Products */ = {
			isa = PBXGroup;
			children = (
				E6CE22711F671D10006C5755 /* pursue.app */,
			);
			name = Products;
			sourceTree = "<group>";
		};
		E6CE22731F671D10006C5755 /* pursue */ = {
			isa = PBXGroup;
			children = (
				E6CE229C1F67615E006C5755 /* Camera */,
				E66436571FA24A4F00A9B0E7 /* Category */,
				E621C4E71FB27889007FBBD0 /* Challenges */,
				E6AB64CB1F6F557000033C09 /* Chat */,
				E61EA9BD1FDCBE11001FBDB1 /* Discussion */,
				E6CE22931F6759A8006C5755 /* Explore */,
				E604CCF01FA7ACEB00A6D63E /* Feed */,
				E6CE22901F67594C006C5755 /* Home */,
				E62530A61FFD611000E41794 /* Interests */,
				E617BB131FD886BB008B2EA1 /* Intro */,
				E6CE22891F671EC5006C5755 /* Login */,
				E6A2B0291FCA260700DE1B9C /* Menu */,
				E6A273FC1F68323F00F5B4C8 /* Models */,
				E673201E1F8FE1B7000F6AAA /* Post */,
				E6CE22961F675A35006C5755 /* Profile */,
				E61EA9D41FDCEBFF001FBDB1 /* Principle */,
				E64324A61F79559D0090075F /* Pursuits */,
				E6AB64E01F71888C00033C09 /* SelectPhoto */,
				E6308EA51FBD23F700571130 /* Settings */,
				E67540591FB3AEE300F7D492 /* Steps */,
				E6CE22861F671E2D006C5755 /* Utils */,
				E6CE22741F671D10006C5755 /* AppDelegate.swift */,
				E6CE228E1F675894006C5755 /* MainTabController.swift */,
				E6CE22781F671D10006C5755 /* Main.storyboard */,
				E6CE227B1F671D11006C5755 /* Assets.xcassets */,
				E6CE227D1F671D11006C5755 /* LaunchScreen.storyboard */,
				E6CE22801F671D11006C5755 /* Info.plist */,
				E6CE228C1F6721C7006C5755 /* GoogleService-Info.plist */,
			);
			path = pursue;
			sourceTree = "<group>";
		};
		E6CE22861F671E2D006C5755 /* Utils */ = {
			isa = PBXGroup;
			children = (
				E6CE22871F671E3D006C5755 /* Extensions.swift */,
				E6A273F81F68314F00F5B4C8 /* CustomImageView.swift */,
				E6A274011F68353E00F5B4C8 /* FirebaseUtils.swift */,
				E64324B41F79A47F0090075F /* CardView.swift */,
			);
			name = Utils;
			sourceTree = "<group>";
		};
		E6CE22891F671EC5006C5755 /* Login */ = {
			isa = PBXGroup;
			children = (
				E6CE22761F671D10006C5755 /* SignupController.swift */,
				E6CE228A1F671ED6006C5755 /* LoginController.swift */,
				E6B49F2C1FACDD1D00AEDAFD /* SelectInterestsHeader.swift */,
				E61692431FD64544008BF11D /* ForgotController.swift */,
			);
			name = Login;
			sourceTree = "<group>";
		};
		E6CE22901F67594C006C5755 /* Home */ = {
			isa = PBXGroup;
			children = (
				E65F1E571FCCC9BB00BD850E /* HomeController.swift */,
				E65F1E511FCCBE5000BD850E /* HomeRowContainer.swift */,
				E616632A1F745F0D00EC254C /* HomeRow.swift */,
				E616632C1F74616200EC254C /* HomeRowCells.swift */,
				E617BB1C1FD8A350008B2EA1 /* HomePursuits.swift */,
				E617BB1E1FD8A396008B2EA1 /* HomePursuitsCells.swift */,
				E617BB201FD8A3BF008B2EA1 /* HomePrinciples.swift */,
				E617BB221FD8A3F3008B2EA1 /* HomePrinciplesCells.swift */,
				E61EA9BE1FDCBE3A001FBDB1 /* HomeDiscussion.swift */,
				E61EA9C01FDCBEAB001FBDB1 /* HomeDiscussionCells.swift */,
				E61D9EA81FF5D029000EE3A6 /* HomeUserImage.swift */,
				E6F1B04D1FDB2E2A005FB9DA /* HomeHeader.swift */,
			);
			name = Home;
			sourceTree = "<group>";
		};
		E6CE22931F6759A8006C5755 /* Explore */ = {
			isa = PBXGroup;
			children = (
				E65F1E531FCCC34600BD850E /* ExploreContainer.swift */,
				E6253F3D1F75444100F6CFE7 /* ExploreHeaderRow.swift */,
				E61B48BD1F9E80C000183449 /* ExploreImageRow.swift */,
				E61B48BF1F9E81BF00183449 /* ExerciseImageCells.swift */,
				E61B48C31F9EB27900183449 /* PeopleRow.swift */,
				E61B48C11F9E877D00183449 /* PeopleRowCells.swift */,
				E61B48C51F9EB6E500183449 /* ExplorePrinciplesRow.swift */,
				E61B48C71F9EB73700183449 /* ExplorePrincipleCells.swift */,
				E623F1461F9FB83500F8BDA7 /* ExploreExerciseRow.swift */,
				E623F1481F9FB93100F8BDA7 /* ExploreExercisesRowCells.swift */,
				E634E6A41FA175A4000F329C /* ExploreCategoryRow.swift */,
				E634E6A61FA175D4000F329C /* ExploreCategoryCells.swift */,
				E61EA9C21FDCC268001FBDB1 /* ExploreDiscussion.swift */,
				E61EA9C41FDCC2B2001FBDB1 /* ExploreDiscussionCells.swift */,
			);
			name = Explore;
			sourceTree = "<group>";
		};
		E6CE22961F675A35006C5755 /* Profile */ = {
			isa = PBXGroup;
			children = (
				E65F1E551FCCC7BF00BD850E /* ProfileContainer.swift */,
				E6A273F61F6830BD00F5B4C8 /* ProfileHeader.swift */,
				E66436701FA25ACC00A9B0E7 /* ProfileAboutCells.swift */,
				E66436721FA272AD00A9B0E7 /* ProfilePursuitsRow.swift */,
				E66436741FA273DA00A9B0E7 /* ProfilePursuitsCells.swift */,
				E66436761FA2968D00A9B0E7 /* ProfilePostRow.swift */,
				E66436781FA2970500A9B0E7 /* ProfilePostCells.swift */,
				E604CCEC1FA7A58300A6D63E /* ProfileAddedRow.swift */,
				E604CCEE1FA7A5CC00A6D63E /* PeopleAddedCells.swift */,
				E65F1E4D1FCC940300BD850E /* ProfilePrincipleRow.swift */,
				E65F1E4F1FCC943C00BD850E /* ProfilePrincipleCells.swift */,
				E61EA9C61FDCCC56001FBDB1 /* ProfileDiscussion.swift */,
				E61EA9C81FDCCC71001FBDB1 /* ProfileDiscussionCells.swift */,
			);
			name = Profile;
			sourceTree = "<group>";
		};
		E6CE229C1F67615E006C5755 /* Camera */ = {
			isa = PBXGroup;
			children = (
				E62AAB261FD2102F0053EAD7 /* SelectCameraController.swift */,
				E6CE229D1F67616F006C5755 /* CameraController.swift */,
				E6AB64DA1F71878A00033C09 /* PreviewPhotoContainerView.swift */,
				E6AB64DE1F7187BF00033C09 /* CustomAnimationPresentor.swift */,
				E6AB64DC1F7187A500033C09 /* CustomAnimationDismiss.swift */,
			);
			name = Camera;
			sourceTree = "<group>";
		};
/* End PBXGroup section */

/* Begin PBXNativeTarget section */
		E6CE22701F671D10006C5755 /* pursue */ = {
			isa = PBXNativeTarget;
			buildConfigurationList = E6CE22831F671D11006C5755 /* Build configuration list for PBXNativeTarget "pursue" */;
			buildPhases = (
				F3CA68DE727EED644F098339 /* [CP] Check Pods Manifest.lock */,
				E6CE226D1F671D10006C5755 /* Sources */,
				E6CE226E1F671D10006C5755 /* Frameworks */,
				E6CE226F1F671D10006C5755 /* Resources */,
				E20DD4CA2841DF92C755FAB1 /* [CP] Embed Pods Frameworks */,
				B52F329C20E88F9AA46AD688 /* [CP] Copy Pods Resources */,
			);
			buildRules = (
			);
			dependencies = (
			);
			name = pursue;
			productName = pursue;
			productReference = E6CE22711F671D10006C5755 /* pursue.app */;
			productType = "com.apple.product-type.application";
		};
/* End PBXNativeTarget section */

/* Begin PBXProject section */
		E6CE22691F671D10006C5755 /* Project object */ = {
			isa = PBXProject;
			attributes = {
				LastSwiftUpdateCheck = 0830;
				LastUpgradeCheck = 0900;
				ORGANIZATIONNAME = Glory;
				TargetAttributes = {
					E6CE22701F671D10006C5755 = {
						CreatedOnToolsVersion = 8.3.3;
						DevelopmentTeam = 572R6985EK;
						LastSwiftMigration = 0900;
						ProvisioningStyle = Automatic;
					};
				};
			};
			buildConfigurationList = E6CE226C1F671D10006C5755 /* Build configuration list for PBXProject "pursue" */;
			compatibilityVersion = "Xcode 3.2";
			developmentRegion = English;
			hasScannedForEncodings = 0;
			knownRegions = (
				en,
				Base,
			);
			mainGroup = E6CE22681F671D10006C5755;
			productRefGroup = E6CE22721F671D10006C5755 /* Products */;
			projectDirPath = "";
			projectRoot = "";
			targets = (
				E6CE22701F671D10006C5755 /* pursue */,
			);
		};
/* End PBXProject section */

/* Begin PBXResourcesBuildPhase section */
		E6CE226F1F671D10006C5755 /* Resources */ = {
			isa = PBXResourcesBuildPhase;
			buildActionMask = 2147483647;
			files = (
				E6CE227F1F671D11006C5755 /* LaunchScreen.storyboard in Resources */,
				E6CE227C1F671D11006C5755 /* Assets.xcassets in Resources */,
				E6CE228D1F6721C7006C5755 /* GoogleService-Info.plist in Resources */,
				E6CE227A1F671D10006C5755 /* Main.storyboard in Resources */,
			);
			runOnlyForDeploymentPostprocessing = 0;
		};
/* End PBXResourcesBuildPhase section */

/* Begin PBXShellScriptBuildPhase section */
		B52F329C20E88F9AA46AD688 /* [CP] Copy Pods Resources */ = {
			isa = PBXShellScriptBuildPhase;
			buildActionMask = 2147483647;
			files = (
			);
			inputPaths = (
			);
			name = "[CP] Copy Pods Resources";
			outputPaths = (
			);
			runOnlyForDeploymentPostprocessing = 0;
			shellPath = /bin/sh;
			shellScript = "\"${SRCROOT}/Pods/Target Support Files/Pods-pursue/Pods-pursue-resources.sh\"\n";
			showEnvVarsInLog = 0;
		};
		E20DD4CA2841DF92C755FAB1 /* [CP] Embed Pods Frameworks */ = {
			isa = PBXShellScriptBuildPhase;
			buildActionMask = 2147483647;
			files = (
			);
			inputPaths = (
				"${SRCROOT}/Pods/Target Support Files/Pods-pursue/Pods-pursue-frameworks.sh",
				"${BUILT_PRODUCTS_DIR}/CropViewController/CropViewController.framework",
				"${BUILT_PRODUCTS_DIR}/GTMSessionFetcher/GTMSessionFetcher.framework",
				"${BUILT_PRODUCTS_DIR}/GoogleToolboxForMac/GoogleToolboxForMac.framework",
				"${BUILT_PRODUCTS_DIR}/JHTAlertController/JHTAlertController.framework",
				"${BUILT_PRODUCTS_DIR}/TOCropViewController/TOCropViewController.framework",
				"${BUILT_PRODUCTS_DIR}/XLActionController/XLActionController.framework",
				"${BUILT_PRODUCTS_DIR}/leveldb-library/leveldb.framework",
				"${BUILT_PRODUCTS_DIR}/nanopb/nanopb.framework",
			);
			name = "[CP] Embed Pods Frameworks";
			outputPaths = (
				"${TARGET_BUILD_DIR}/${FRAMEWORKS_FOLDER_PATH}/CropViewController.framework",
				"${TARGET_BUILD_DIR}/${FRAMEWORKS_FOLDER_PATH}/GTMSessionFetcher.framework",
				"${TARGET_BUILD_DIR}/${FRAMEWORKS_FOLDER_PATH}/GoogleToolboxForMac.framework",
				"${TARGET_BUILD_DIR}/${FRAMEWORKS_FOLDER_PATH}/JHTAlertController.framework",
				"${TARGET_BUILD_DIR}/${FRAMEWORKS_FOLDER_PATH}/TOCropViewController.framework",
				"${TARGET_BUILD_DIR}/${FRAMEWORKS_FOLDER_PATH}/XLActionController.framework",
				"${TARGET_BUILD_DIR}/${FRAMEWORKS_FOLDER_PATH}/leveldb.framework",
				"${TARGET_BUILD_DIR}/${FRAMEWORKS_FOLDER_PATH}/nanopb.framework",
			);
			runOnlyForDeploymentPostprocessing = 0;
			shellPath = /bin/sh;
			shellScript = "\"${SRCROOT}/Pods/Target Support Files/Pods-pursue/Pods-pursue-frameworks.sh\"\n";
			showEnvVarsInLog = 0;
		};
		F3CA68DE727EED644F098339 /* [CP] Check Pods Manifest.lock */ = {
			isa = PBXShellScriptBuildPhase;
			buildActionMask = 2147483647;
			files = (
			);
			inputPaths = (
				"${PODS_PODFILE_DIR_PATH}/Podfile.lock",
				"${PODS_ROOT}/Manifest.lock",
			);
			name = "[CP] Check Pods Manifest.lock";
			outputPaths = (
				"$(DERIVED_FILE_DIR)/Pods-pursue-checkManifestLockResult.txt",
			);
			runOnlyForDeploymentPostprocessing = 0;
			shellPath = /bin/sh;
			shellScript = "diff \"${PODS_PODFILE_DIR_PATH}/Podfile.lock\" \"${PODS_ROOT}/Manifest.lock\" > /dev/null\nif [ $? != 0 ] ; then\n    # print error to STDERR\n    echo \"error: The sandbox is not in sync with the Podfile.lock. Run 'pod install' or update your CocoaPods installation.\" >&2\n    exit 1\nfi\n# This output is used by Xcode 'outputs' to avoid re-running this script phase.\necho \"SUCCESS\" > \"${SCRIPT_OUTPUT_FILE_0}\"\n";
			showEnvVarsInLog = 0;
		};
/* End PBXShellScriptBuildPhase section */

/* Begin PBXSourcesBuildPhase section */
		E6CE226D1F671D10006C5755 /* Sources */ = {
			isa = PBXSourcesBuildPhase;
			buildActionMask = 2147483647;
			files = (
				E65F1E4E1FCC940300BD850E /* ProfilePrincipleRow.swift in Sources */,
				E623F1491F9FB93100F8BDA7 /* ExploreExercisesRowCells.swift in Sources */,
				E604CCED1FA7A58300A6D63E /* ProfileAddedRow.swift in Sources */,
				E61EA9C91FDCCC71001FBDB1 /* ProfileDiscussionCells.swift in Sources */,
				E62AAB231FD1E8A20053EAD7 /* CameraCell.swift in Sources */,
				E6F1B04E1FDB2E2B005FB9DA /* HomeHeader.swift in Sources */,
				E6AB64D11F6F58A600033C09 /* ChatLogController.swift in Sources */,
				E61A41B21F952EDD002F4045 /* RelatedPostCell.swift in Sources */,
				E616632D1F74616200EC254C /* HomeRowCells.swift in Sources */,
				E6A274021F68353E00F5B4C8 /* FirebaseUtils.swift in Sources */,
				E6CE22771F671D10006C5755 /* SignupController.swift in Sources */,
				E61A41AE1F952A1B002F4045 /* PostLikesCell.swift in Sources */,
				E61692441FD64544008BF11D /* ForgotController.swift in Sources */,
				E604CCF61FA7B0D700A6D63E /* FeedRow.swift in Sources */,
				E675405F1FB3B54200F7D492 /* PursuitTeam.swift in Sources */,
				E6AB64D71F6F687D00033C09 /* MessagesController.swift in Sources */,
				E6AB64DD1F7187A500033C09 /* CustomAnimationDismiss.swift in Sources */,
				E61EA9CB1FDCE202001FBDB1 /* PursuitDiscussion.swift in Sources */,
				E61B48C61F9EB6E500183449 /* ExplorePrinciplesRow.swift in Sources */,
				E65F1E521FCCBE5000BD850E /* HomeRowContainer.swift in Sources */,
				E63C1D8A1FE36EC800A99F2F /* FeedPrinciple.swift in Sources */,
				E61EA9C11FDCBEAB001FBDB1 /* HomeDiscussionCells.swift in Sources */,
				E617BB1D1FD8A350008B2EA1 /* HomePursuits.swift in Sources */,
				E65F1E541FCCC34600BD850E /* ExploreContainer.swift in Sources */,
				E62AAB1B1FD0A54D0053EAD7 /* TermsController.swift in Sources */,
				E6235EAA1F94232C00BF1FDE /* RelatedPost.swift in Sources */,
				E66436751FA273DA00A9B0E7 /* ProfilePursuitsCells.swift in Sources */,
				E617BB231FD8A3F3008B2EA1 /* HomePrinciplesCells.swift in Sources */,
				E61B48BC1F9E48D300183449 /* PursuitChallengeCells.swift in Sources */,
				E61D9EA91FF5D029000EE3A6 /* HomeUserImage.swift in Sources */,
				E61EA9C71FDCCC56001FBDB1 /* ProfileDiscussion.swift in Sources */,
				E6A273F91F68314F00F5B4C8 /* CustomImageView.swift in Sources */,
				E62AAB171FD0A2D10053EAD7 /* EditProfileController.swift in Sources */,
				E616632B1F745F0D00EC254C /* HomeRow.swift in Sources */,
				E6AB64CD1F6F55A300033C09 /* Message.swift in Sources */,
				E6A2B02B1FCA263D00DE1B9C /* MenuBar.swift in Sources */,
				E6CE228B1F671ED6006C5755 /* LoginController.swift in Sources */,
				E6308EA71FBD241000571130 /* SettingsController.swift in Sources */,
				E6235EA81F94208F00BF1FDE /* PostComments.swift in Sources */,
				E66436611FA24CCC00A9B0E7 /* CategoryPeopleRow.swift in Sources */,
				E664365F1FA24C7400A9B0E7 /* CategoryImageCells.swift in Sources */,
				E6B49F2F1FACDE4100AEDAFD /* SelectInterestsList.swift in Sources */,
				E6136EA61F968FC800E29101 /* PursuitsDetailHeader.swift in Sources */,
				E6136EA31F968EAB00E29101 /* PursuitsDetailController.swift in Sources */,
				E66436591FA24A6800A9B0E7 /* CategoryDetailController.swift in Sources */,
				E61EA9D11FDCE786001FBDB1 /* DiscussionDetailController.swift in Sources */,
				E61B48BA1F9E46CC00183449 /* PursuitChallenge.swift in Sources */,
				E66436691FA24DC200A9B0E7 /* CategoryExerciseRow.swift in Sources */,
				E65F1E561FCCC7BF00BD850E /* ProfileContainer.swift in Sources */,
				E6A273FE1F68325A00F5B4C8 /* Post.swift in Sources */,
				E65F1E581FCCC9BB00BD850E /* HomeController.swift in Sources */,
				E6253F3E1F75444100F6CFE7 /* ExploreHeaderRow.swift in Sources */,
				E6AB64D91F6F6B2E00033C09 /* NewMessageController.swift in Sources */,
				E6AB64E21F7188A300033C09 /* PhotoSelectorController.swift in Sources */,
				E66436771FA2968D00A9B0E7 /* ProfilePostRow.swift in Sources */,
				E61EA9DA1FDCEF89001FBDB1 /* DiscussionPursuitsCells.swift in Sources */,
				E61B48BE1F9E80C000183449 /* ExploreImageRow.swift in Sources */,
				E623C9E71FDF72D200023785 /* PrincipleDetailHeader.swift in Sources */,
				E6CE229E1F67616F006C5755 /* CameraController.swift in Sources */,
				E66472611F97E85E006922C6 /* PursuitSteps.swift in Sources */,
				E66436631FA24D0400A9B0E7 /* CategoryPeopleCells.swift in Sources */,
				E634E6A51FA175A4000F329C /* ExploreCategoryRow.swift in Sources */,
				E664365D1FA24C4000A9B0E7 /* CategoryImageRow.swift in Sources */,
				E6AB64DF1F7187BF00033C09 /* CustomAnimationPresentor.swift in Sources */,
				E6A274001F68327F00F5B4C8 /* User.swift in Sources */,
				E6AB64E41F7188B100033C09 /* PhotoSelectorCell.swift in Sources */,
				E6CE228F1F675894006C5755 /* MainTabController.swift in Sources */,
				E61867711FFD843000F2C11C /* InterestsCells.swift in Sources */,
				E61B48C81F9EB73700183449 /* ExplorePrincipleCells.swift in Sources */,
				E623C9E11FDF078E00023785 /* CategoryDiscussionRow.swift in Sources */,
				E66436711FA25ACC00A9B0E7 /* ProfileAboutCells.swift in Sources */,
				E617BB151FD886D6008B2EA1 /* IntroController.swift in Sources */,
				E63CC51B1F9A99A5002DC733 /* NextPursuitCells.swift in Sources */,
				E61B48C21F9E877D00183449 /* PeopleRowCells.swift in Sources */,
				E62AAB211FD1E8680053EAD7 /* CameraBar.swift in Sources */,
				E623C9E91FDF751600023785 /* PrincipleDiscussion.swift in Sources */,
				E61EA9C31FDCC268001FBDB1 /* ExploreDiscussion.swift in Sources */,
				E621C4E91FB2789F007FBBD0 /* ChallengesController.swift in Sources */,
				E6AB64D31F6F5B6000033C09 /* ChatInputContainerView.swift in Sources */,
				E6CE22881F671E3D006C5755 /* Extensions.swift in Sources */,
				E621B9921FE048FE007324E2 /* PursuitPrinciple.swift in Sources */,
				E65F1E501FCC943C00BD850E /* ProfilePrincipleCells.swift in Sources */,
				E61EA9D31FDCE890001FBDB1 /* DiscussionDetailHeader.swift in Sources */,
				E604CCEF1FA7A5CC00A6D63E /* PeopleAddedCells.swift in Sources */,
				E61EA9C51FDCC2B2001FBDB1 /* ExploreDiscussionCells.swift in Sources */,
				E62AAB191FD0A49A0053EAD7 /* NotificationsController.swift in Sources */,
				E63CC5191F9A88D6002DC733 /* PostStepsCells.swift in Sources */,
				E623C9EB1FDF754200023785 /* PrincipleDiscussionCells.swift in Sources */,
				E61EA9D81FDCEE89001FBDB1 /* DiscussionPrinciples.swift in Sources */,
				E621C4EB1FB27924007FBBD0 /* ChallengesHeader.swift in Sources */,
				E66436671FA24D7700A9B0E7 /* CategoryPrincipleCells.swift in Sources */,
				E61B48C41F9EB27900183449 /* PeopleRow.swift in Sources */,
				E6235EA61F94160E00BF1FDE /* PostLikes.swift in Sources */,
				E61EA9BF1FDCBE3A001FBDB1 /* HomeDiscussion.swift in Sources */,
				E6CE22751F671D10006C5755 /* AppDelegate.swift in Sources */,
				E6AB64E61F7188C000033C09 /* PhotoSelectorHeader.swift in Sources */,
				E664365B1FA24AD000A9B0E7 /* CategoryHeaderRow.swift in Sources */,
				E61B48C01F9E81BF00183449 /* ExerciseImageCells.swift in Sources */,
				E623C9E51FDF71F400023785 /* PrincipleDetailController.swift in Sources */,
				E6A2B02D1FCA26A200DE1B9C /* MenuCell.swift in Sources */,
				E6308EA91FBD262500571130 /* SettingsHeader.swift in Sources */,
				E61EA9D61FDCEE2A001FBDB1 /* DiscussionPursuitsView.swift in Sources */,
				E675405D1FB3B08000F7D492 /* StepsHeader.swift in Sources */,
				E63CC51D1F9A9A7E002DC733 /* NextPursuitCellsContainer.swift in Sources */,
				E617BB211FD8A3BF008B2EA1 /* HomePrinciples.swift in Sources */,
				E634E6A71FA175D4000F329C /* ExploreCategoryCells.swift in Sources */,
				E623F1471F9FB83500F8BDA7 /* ExploreExerciseRow.swift in Sources */,
				E617BB1F1FD8A396008B2EA1 /* HomePursuitsCells.swift in Sources */,
				E63C1D8C1FE36F3300A99F2F /* FeedDiscussion.swift in Sources */,
				E617BB1B1FD887A9008B2EA1 /* Page.swift in Sources */,
				E63C1D881FE36E3B00A99F2F /* FeedPursuit.swift in Sources */,
				E61CCC361FE1C1AF002D57FF /* MessageHeader.swift in Sources */,
				E66436791FA2970500A9B0E7 /* ProfilePostCells.swift in Sources */,
				E6B49F2D1FACDD1D00AEDAFD /* SelectInterestsHeader.swift in Sources */,
				E6AB64E81F7188CB00033C09 /* SharePhotoController.swift in Sources */,
				E66436731FA272AD00A9B0E7 /* ProfilePursuitsRow.swift in Sources */,
				E61EA9CF1FDCE263001FBDB1 /* PursuitDiscussionCells.swift in Sources */,
				E604CCF21FA7AD0A00A6D63E /* FeedController.swift in Sources */,
				E6235EA01F92B1CC00BF1FDE /* PostDetailHeader.swift in Sources */,
				E66436651FA24D3500A9B0E7 /* CategoryPrincipleRow.swift in Sources */,
				E67540611FB3B59300F7D492 /* PursuitTeamCells.swift in Sources */,
				E675405B1FB3B01600F7D492 /* StepsDetailController.swift in Sources */,
				E62AAB271FD210300053EAD7 /* SelectCameraController.swift in Sources */,
				E6AB64CF1F6F566200033C09 /* ChatMessageCell.swift in Sources */,
				E67320201F8FE1DA000F6AAA /* PostDetailController.swift in Sources */,
				E617BB191FD88775008B2EA1 /* PageCell.swift in Sources */,
				E62AAB1F1FD0A66B0053EAD7 /* HelpController.swift in Sources */,
				E6AB64DB1F71878A00033C09 /* PreviewPhotoContainerView.swift in Sources */,
				E6A273F71F6830BD00F5B4C8 /* ProfileHeader.swift in Sources */,
				E6B49F2B1FACDCE800AEDAFD /* InterestsController.swift in Sources */,
				E623C9E31FDF0C0000023785 /* CategoryDiscussionCells.swift in Sources */,
				E664366B1FA24E3200A9B0E7 /* CategoryExerciseCells.swift in Sources */,
				E64324B51F79A47F0090075F /* CardView.swift in Sources */,
				E617BB171FD8874B008B2EA1 /* SwipingController.swift in Sources */,
				E61A41B01F952C0D002F4045 /* PostCommentsCell.swift in Sources */,
				E6235EA21F92C70400BF1FDE /* PostView.swift in Sources */,
				E6AB64D51F6F611D00033C09 /* UserCell.swift in Sources */,
				E62AAB1D1FD0A5D30053EAD7 /* PolicyController.swift in Sources */,
				E62530A51FFD341400E41794 /* SharePhotoOptions.swift in Sources */,
				E621B9941FE04925007324E2 /* PursuitPrincipleCells.swift in Sources */,
			);
			runOnlyForDeploymentPostprocessing = 0;
		};
/* End PBXSourcesBuildPhase section */

/* Begin PBXVariantGroup section */
		E6CE22781F671D10006C5755 /* Main.storyboard */ = {
			isa = PBXVariantGroup;
			children = (
				E6CE22791F671D10006C5755 /* Base */,
			);
			name = Main.storyboard;
			sourceTree = "<group>";
		};
		E6CE227D1F671D11006C5755 /* LaunchScreen.storyboard */ = {
			isa = PBXVariantGroup;
			children = (
				E6CE227E1F671D11006C5755 /* Base */,
			);
			name = LaunchScreen.storyboard;
			sourceTree = "<group>";
		};
/* End PBXVariantGroup section */

/* Begin XCBuildConfiguration section */
		E6CE22811F671D11006C5755 /* Debug */ = {
			isa = XCBuildConfiguration;
			buildSettings = {
				ALWAYS_SEARCH_USER_PATHS = NO;
				CLANG_ANALYZER_NONNULL = YES;
				CLANG_ANALYZER_NUMBER_OBJECT_CONVERSION = YES_AGGRESSIVE;
				CLANG_CXX_LANGUAGE_STANDARD = "gnu++0x";
				CLANG_CXX_LIBRARY = "libc++";
				CLANG_ENABLE_MODULES = YES;
				CLANG_ENABLE_OBJC_ARC = YES;
				CLANG_WARN_BLOCK_CAPTURE_AUTORELEASING = YES;
				CLANG_WARN_BOOL_CONVERSION = YES;
				CLANG_WARN_COMMA = YES;
				CLANG_WARN_CONSTANT_CONVERSION = YES;
				CLANG_WARN_DIRECT_OBJC_ISA_USAGE = YES_ERROR;
				CLANG_WARN_DOCUMENTATION_COMMENTS = YES;
				CLANG_WARN_EMPTY_BODY = YES;
				CLANG_WARN_ENUM_CONVERSION = YES;
				CLANG_WARN_INFINITE_RECURSION = YES;
				CLANG_WARN_INT_CONVERSION = YES;
				CLANG_WARN_NON_LITERAL_NULL_CONVERSION = YES;
				CLANG_WARN_OBJC_LITERAL_CONVERSION = YES;
				CLANG_WARN_OBJC_ROOT_CLASS = YES_ERROR;
				CLANG_WARN_RANGE_LOOP_ANALYSIS = YES;
				CLANG_WARN_STRICT_PROTOTYPES = YES;
				CLANG_WARN_SUSPICIOUS_MOVE = YES;
				CLANG_WARN_UNREACHABLE_CODE = YES;
				CLANG_WARN__DUPLICATE_METHOD_MATCH = YES;
				"CODE_SIGN_IDENTITY[sdk=iphoneos*]" = "iPhone Developer";
				COPY_PHASE_STRIP = NO;
				DEBUG_INFORMATION_FORMAT = dwarf;
				ENABLE_STRICT_OBJC_MSGSEND = YES;
				ENABLE_TESTABILITY = YES;
				GCC_C_LANGUAGE_STANDARD = gnu99;
				GCC_DYNAMIC_NO_PIC = NO;
				GCC_NO_COMMON_BLOCKS = YES;
				GCC_OPTIMIZATION_LEVEL = 0;
				GCC_PREPROCESSOR_DEFINITIONS = (
					"DEBUG=1",
					"$(inherited)",
				);
				GCC_WARN_64_TO_32_BIT_CONVERSION = YES;
				GCC_WARN_ABOUT_RETURN_TYPE = YES_ERROR;
				GCC_WARN_UNDECLARED_SELECTOR = YES;
				GCC_WARN_UNINITIALIZED_AUTOS = YES_AGGRESSIVE;
				GCC_WARN_UNUSED_FUNCTION = YES;
				GCC_WARN_UNUSED_VARIABLE = YES;
				IPHONEOS_DEPLOYMENT_TARGET = 11.0;
				MTL_ENABLE_DEBUG_INFO = YES;
				ONLY_ACTIVE_ARCH = YES;
				SDKROOT = iphoneos;
				SWIFT_ACTIVE_COMPILATION_CONDITIONS = DEBUG;
				SWIFT_OPTIMIZATION_LEVEL = "-Onone";
			};
			name = Debug;
		};
		E6CE22821F671D11006C5755 /* Release */ = {
			isa = XCBuildConfiguration;
			buildSettings = {
				ALWAYS_SEARCH_USER_PATHS = NO;
				CLANG_ANALYZER_NONNULL = YES;
				CLANG_ANALYZER_NUMBER_OBJECT_CONVERSION = YES_AGGRESSIVE;
				CLANG_CXX_LANGUAGE_STANDARD = "gnu++0x";
				CLANG_CXX_LIBRARY = "libc++";
				CLANG_ENABLE_MODULES = YES;
				CLANG_ENABLE_OBJC_ARC = YES;
				CLANG_WARN_BLOCK_CAPTURE_AUTORELEASING = YES;
				CLANG_WARN_BOOL_CONVERSION = YES;
				CLANG_WARN_COMMA = YES;
				CLANG_WARN_CONSTANT_CONVERSION = YES;
				CLANG_WARN_DIRECT_OBJC_ISA_USAGE = YES_ERROR;
				CLANG_WARN_DOCUMENTATION_COMMENTS = YES;
				CLANG_WARN_EMPTY_BODY = YES;
				CLANG_WARN_ENUM_CONVERSION = YES;
				CLANG_WARN_INFINITE_RECURSION = YES;
				CLANG_WARN_INT_CONVERSION = YES;
				CLANG_WARN_NON_LITERAL_NULL_CONVERSION = YES;
				CLANG_WARN_OBJC_LITERAL_CONVERSION = YES;
				CLANG_WARN_OBJC_ROOT_CLASS = YES_ERROR;
				CLANG_WARN_RANGE_LOOP_ANALYSIS = YES;
				CLANG_WARN_STRICT_PROTOTYPES = YES;
				CLANG_WARN_SUSPICIOUS_MOVE = YES;
				CLANG_WARN_UNREACHABLE_CODE = YES;
				CLANG_WARN__DUPLICATE_METHOD_MATCH = YES;
				"CODE_SIGN_IDENTITY[sdk=iphoneos*]" = "iPhone Developer";
				COPY_PHASE_STRIP = NO;
				DEBUG_INFORMATION_FORMAT = "dwarf-with-dsym";
				ENABLE_NS_ASSERTIONS = NO;
				ENABLE_STRICT_OBJC_MSGSEND = YES;
				GCC_C_LANGUAGE_STANDARD = gnu99;
				GCC_NO_COMMON_BLOCKS = YES;
				GCC_WARN_64_TO_32_BIT_CONVERSION = YES;
				GCC_WARN_ABOUT_RETURN_TYPE = YES_ERROR;
				GCC_WARN_UNDECLARED_SELECTOR = YES;
				GCC_WARN_UNINITIALIZED_AUTOS = YES_AGGRESSIVE;
				GCC_WARN_UNUSED_FUNCTION = YES;
				GCC_WARN_UNUSED_VARIABLE = YES;
				IPHONEOS_DEPLOYMENT_TARGET = 11.0;
				MTL_ENABLE_DEBUG_INFO = NO;
				SDKROOT = iphoneos;
				SWIFT_OPTIMIZATION_LEVEL = "-Owholemodule";
				VALIDATE_PRODUCT = YES;
			};
			name = Release;
		};
		E6CE22841F671D11006C5755 /* Debug */ = {
			isa = XCBuildConfiguration;
			baseConfigurationReference = 02A7F80E5F7C67810AD206FC /* Pods-pursue.debug.xcconfig */;
			buildSettings = {
				ASSETCATALOG_COMPILER_APPICON_NAME = AppIcon;
				DEVELOPMENT_TEAM = 572R6985EK;
				INFOPLIST_FILE = pursue/Info.plist;
				LD_RUNPATH_SEARCH_PATHS = "$(inherited) @executable_path/Frameworks";
				PRODUCT_BUNDLE_IDENTIFIER = com.glory.pursue;
				PRODUCT_NAME = "$(TARGET_NAME)";
				SWIFT_SWIFT3_OBJC_INFERENCE = On;
				SWIFT_VERSION = 4.0;
			};
			name = Debug;
		};
		E6CE22851F671D11006C5755 /* Release */ = {
			isa = XCBuildConfiguration;
			baseConfigurationReference = 3FD5AFA4CDF2AE98B24955C0 /* Pods-pursue.release.xcconfig */;
			buildSettings = {
				ASSETCATALOG_COMPILER_APPICON_NAME = AppIcon;
				DEVELOPMENT_TEAM = 572R6985EK;
				INFOPLIST_FILE = pursue/Info.plist;
				LD_RUNPATH_SEARCH_PATHS = "$(inherited) @executable_path/Frameworks";
				PRODUCT_BUNDLE_IDENTIFIER = com.glory.pursue;
				PRODUCT_NAME = "$(TARGET_NAME)";
				SWIFT_SWIFT3_OBJC_INFERENCE = On;
				SWIFT_VERSION = 4.0;
			};
			name = Release;
		};
/* End XCBuildConfiguration section */

/* Begin XCConfigurationList section */
		E6CE226C1F671D10006C5755 /* Build configuration list for PBXProject "pursue" */ = {
			isa = XCConfigurationList;
			buildConfigurations = (
				E6CE22811F671D11006C5755 /* Debug */,
				E6CE22821F671D11006C5755 /* Release */,
			);
			defaultConfigurationIsVisible = 0;
			defaultConfigurationName = Release;
		};
		E6CE22831F671D11006C5755 /* Build configuration list for PBXNativeTarget "pursue" */ = {
			isa = XCConfigurationList;
			buildConfigurations = (
				E6CE22841F671D11006C5755 /* Debug */,
				E6CE22851F671D11006C5755 /* Release */,
			);
			defaultConfigurationIsVisible = 0;
			defaultConfigurationName = Release;
		};
/* End XCConfigurationList section */
	};
	rootObject = E6CE22691F671D10006C5755 /* Project object */;
}
